{
  "version": 4,
  "terraform_version": "1.12.2",
  "serial": 73,
  "lineage": "ec20bb6c-5b07-c697-daa6-141be59cdcaf",
  "outputs": {},
  "resources": [
    {
      "mode": "data",
      "type": "aws_ami",
      "name": "amazon_linux_2",
      "provider": "provider[\"registry.terraform.io/hashicorp/aws\"]",
      "instances": [
        {
          "schema_version": 0,
          "attributes": {
            "allow_unsafe_filter": null,
            "architecture": "x86_64",
            "arn": "arn:aws:ec2:ap-northeast-1::image/ami-094a7934e53c6d469",
            "block_device_mappings": [
              {
                "device_name": "/dev/xvda",
                "ebs": {
                  "delete_on_termination": "true",
                  "encrypted": "false",
                  "iops": "0",
                  "snapshot_id": "snap-0d752b5bc3283ef3f",
                  "throughput": "0",
                  "volume_initialization_rate": "0",
                  "volume_size": "8",
                  "volume_type": "gp2"
                },
                "no_device": "",
                "virtual_name": ""
              }
            ],
            "boot_mode": "",
            "creation_date": "2025-10-03T00:17:03.000Z",
            "deprecation_time": "2026-01-01T00:00:00.000Z",
            "description": "Amazon Linux 2 AMI 2.0.20250929.2 x86_64 HVM gp2",
            "ena_support": true,
            "executable_users": null,
            "filter": [
              {
                "name": "name",
                "values": [
                  "amzn2-ami-hvm-*-x86_64-gp2"
                ]
              }
            ],
            "hypervisor": "xen",
            "id": "ami-094a7934e53c6d469",
            "image_id": "ami-094a7934e53c6d469",
            "image_location": "amazon/amzn2-ami-hvm-2.0.20250929.2-x86_64-gp2",
            "image_owner_alias": "amazon",
            "image_type": "machine",
            "imds_support": "",
            "include_deprecated": false,
            "kernel_id": "",
            "last_launched_time": "",
            "most_recent": true,
            "name": "amzn2-ami-hvm-2.0.20250929.2-x86_64-gp2",
            "name_regex": null,
            "owner_id": "137112412989",
            "owners": [
              "amazon"
            ],
            "platform": "",
            "platform_details": "Linux/UNIX",
            "product_codes": [],
            "public": true,
            "ramdisk_id": "",
            "region": "ap-northeast-1",
            "root_device_name": "/dev/xvda",
            "root_device_type": "ebs",
            "root_snapshot_id": "snap-0d752b5bc3283ef3f",
            "sriov_net_support": "simple",
            "state": "available",
            "state_reason": {
              "code": "UNSET",
              "message": "UNSET"
            },
            "tags": {},
            "timeouts": null,
            "tpm_support": "",
            "uefi_data": null,
            "usage_operation": "RunInstances",
            "virtualization_type": "hvm"
          },
          "sensitive_attributes": [],
          "identity_schema_version": 0
        }
      ]
    },
    {
      "mode": "managed",
      "type": "aws_acm_certificate",
      "name": "api_cert",
      "provider": "provider[\"registry.terraform.io/hashicorp/aws\"]",
      "instances": [
        {
          "schema_version": 0,
          "attributes": {
            "arn": "arn:aws:acm:ap-northeast-1:833542146404:certificate/0e922523-ad8b-4cec-adf1-9a39f61d1db9",
            "certificate_authority_arn": "",
            "certificate_body": null,
            "certificate_chain": null,
            "domain_name": "api.chap-app.jp",
            "domain_validation_options": [],
            "early_renewal_duration": "",
            "id": "arn:aws:acm:ap-northeast-1:833542146404:certificate/0e922523-ad8b-4cec-adf1-9a39f61d1db9",
            "key_algorithm": "RSA_2048",
            "not_after": "",
            "not_before": "",
            "options": [
              {
                "certificate_transparency_logging_preference": "ENABLED",
                "export": "DISABLED"
              }
            ],
            "pending_renewal": false,
            "private_key": null,
            "region": "ap-northeast-1",
            "renewal_eligibility": "INELIGIBLE",
            "renewal_summary": [],
            "status": "PENDING_VALIDATION",
            "subject_alternative_names": [
              "api.chap-app.jp"
            ],
            "tags": {},
            "tags_all": {},
            "type": "AMAZON_ISSUED",
            "validation_emails": [
              "admin@api.chap-app.jp",
              "administrator@api.chap-app.jp",
              "hostmaster@api.chap-app.jp",
              "postmaster@api.chap-app.jp",
              "webmaster@api.chap-app.jp"
            ],
            "validation_method": "EMAIL",
            "validation_option": []
          },
          "sensitive_attributes": [
            [
              {
                "type": "get_attr",
                "value": "private_key"
              }
            ]
          ],
          "identity_schema_version": 0,
          "identity": {
            "arn": "arn:aws:acm:ap-northeast-1:833542146404:certificate/0e922523-ad8b-4cec-adf1-9a39f61d1db9"
          },
          "private": "bnVsbA=="
        }
      ]
    },
    {
      "mode": "managed",
      "type": "aws_api_gateway_integration",
      "name": "lambda_image",
      "provider": "provider[\"registry.terraform.io/hashicorp/aws\"]",
      "instances": [
        {
          "schema_version": 0,
          "attributes": {
            "cache_key_parameters": [],
            "cache_namespace": "5wvybk",
            "connection_id": "",
            "connection_type": "INTERNET",
            "content_handling": "",
            "credentials": "",
            "http_method": "POST",
            "id": "agi-fq8ym55dv5-5wvybk-POST",
            "integration_http_method": "POST",
            "passthrough_behavior": "WHEN_NO_MATCH",
            "region": "ap-northeast-1",
            "request_parameters": {},
            "request_templates": {},
            "resource_id": "5wvybk",
            "rest_api_id": "fq8ym55dv5",
            "timeout_milliseconds": 29000,
            "tls_config": [],
            "type": "AWS_PROXY",
            "uri": "arn:aws:apigateway:ap-northeast-1:lambda:path/2015-03-31/functions/arn:aws:lambda:ap-northeast-1:833542146404:function:chap-image-compress/invocations"
          },
          "sensitive_attributes": [],
          "identity_schema_version": 0,
          "private": "bnVsbA==",
          "dependencies": [
            "aws_api_gateway_method.get_image",
            "aws_api_gateway_resource.api",
            "aws_api_gateway_resource.image_endpoint",
            "aws_api_gateway_resource.v1",
            "aws_api_gateway_rest_api.api_gateway",
            "aws_iam_role.lambda_exec",
            "aws_lambda_function.image_compress"
          ]
        }
      ]
    },
    {
      "mode": "managed",
      "type": "aws_api_gateway_method",
      "name": "get_image",
      "provider": "provider[\"registry.terraform.io/hashicorp/aws\"]",
      "instances": [
        {
          "schema_version": 0,
          "attributes": {
            "api_key_required": false,
            "authorization": "NONE",
            "authorization_scopes": [],
            "authorizer_id": "",
            "http_method": "POST",
            "id": "agm-fq8ym55dv5-5wvybk-POST",
            "operation_name": "",
            "region": "ap-northeast-1",
            "request_models": {},
            "request_parameters": {},
            "request_validator_id": "",
            "resource_id": "5wvybk",
            "rest_api_id": "fq8ym55dv5"
          },
          "sensitive_attributes": [],
          "identity_schema_version": 0,
          "private": "bnVsbA==",
          "dependencies": [
            "aws_api_gateway_resource.api",
            "aws_api_gateway_resource.image_endpoint",
            "aws_api_gateway_resource.v1",
            "aws_api_gateway_rest_api.api_gateway"
          ]
        }
      ]
    },
    {
      "mode": "managed",
      "type": "aws_api_gateway_method",
      "name": "proxy_any",
      "provider": "provider[\"registry.terraform.io/hashicorp/aws\"]",
      "instances": [
        {
          "schema_version": 0,
          "attributes": {
            "api_key_required": false,
            "authorization": "NONE",
            "authorization_scopes": [],
            "authorizer_id": "",
            "http_method": "ANY",
            "id": "agm-fq8ym55dv5-4ypsx4-ANY",
            "operation_name": "",
            "region": "ap-northeast-1",
            "request_models": {},
            "request_parameters": {},
            "request_validator_id": "",
            "resource_id": "4ypsx4",
            "rest_api_id": "fq8ym55dv5"
          },
          "sensitive_attributes": [],
          "identity_schema_version": 0,
          "private": "bnVsbA==",
          "dependencies": [
            "aws_api_gateway_resource.proxy",
            "aws_api_gateway_rest_api.api_gateway"
          ]
        }
      ]
    },
    {
      "mode": "managed",
      "type": "aws_api_gateway_resource",
      "name": "api",
      "provider": "provider[\"registry.terraform.io/hashicorp/aws\"]",
      "instances": [
        {
          "schema_version": 0,
          "attributes": {
            "id": "c7wsrn",
            "parent_id": "s797p22aha",
            "path": "/api",
            "path_part": "api",
            "region": "ap-northeast-1",
            "rest_api_id": "fq8ym55dv5"
          },
          "sensitive_attributes": [],
          "identity_schema_version": 0,
          "private": "bnVsbA==",
          "dependencies": [
            "aws_api_gateway_rest_api.api_gateway"
          ]
        }
      ]
    },
    {
      "mode": "managed",
      "type": "aws_api_gateway_resource",
      "name": "image_endpoint",
      "provider": "provider[\"registry.terraform.io/hashicorp/aws\"]",
      "instances": [
        {
          "schema_version": 0,
          "attributes": {
            "id": "5wvybk",
            "parent_id": "r13c6v",
            "path": "/api/v1/image",
            "path_part": "image",
            "region": "ap-northeast-1",
            "rest_api_id": "fq8ym55dv5"
          },
          "sensitive_attributes": [],
          "identity_schema_version": 0,
          "private": "bnVsbA==",
          "dependencies": [
            "aws_api_gateway_resource.api",
            "aws_api_gateway_resource.v1",
            "aws_api_gateway_rest_api.api_gateway"
          ]
        }
      ]
    },
    {
      "mode": "managed",
      "type": "aws_api_gateway_resource",
      "name": "proxy",
      "provider": "provider[\"registry.terraform.io/hashicorp/aws\"]",
      "instances": [
        {
          "schema_version": 0,
          "attributes": {
            "id": "4ypsx4",
            "parent_id": "s797p22aha",
            "path": "/{proxy+}",
            "path_part": "{proxy+}",
            "region": "ap-northeast-1",
            "rest_api_id": "fq8ym55dv5"
          },
          "sensitive_attributes": [],
          "identity_schema_version": 0,
          "private": "bnVsbA==",
          "dependencies": [
            "aws_api_gateway_rest_api.api_gateway"
          ]
        }
      ]
    },
    {
      "mode": "managed",
      "type": "aws_api_gateway_resource",
      "name": "v1",
      "provider": "provider[\"registry.terraform.io/hashicorp/aws\"]",
      "instances": [
        {
          "schema_version": 0,
          "attributes": {
            "id": "r13c6v",
            "parent_id": "c7wsrn",
            "path": "/api/v1",
            "path_part": "v1",
            "region": "ap-northeast-1",
            "rest_api_id": "fq8ym55dv5"
          },
          "sensitive_attributes": [],
          "identity_schema_version": 0,
          "private": "bnVsbA==",
          "dependencies": [
            "aws_api_gateway_resource.api",
            "aws_api_gateway_rest_api.api_gateway"
          ]
        }
      ]
    },
    {
      "mode": "managed",
      "type": "aws_api_gateway_rest_api",
      "name": "api_gateway",
      "provider": "provider[\"registry.terraform.io/hashicorp/aws\"]",
      "instances": [
        {
          "schema_version": 0,
          "attributes": {
            "api_key_source": "HEADER",
            "arn": "arn:aws:apigateway:ap-northeast-1::/restapis/fq8ym55dv5",
            "binary_media_types": [
              "image/jpeg",
              "image/png",
              "multipart/form-data",
              "application/octet-stream"
            ],
            "body": null,
            "created_date": "2025-10-11T04:47:33Z",
            "description": "API Gateway for CHAP service",
            "disable_execute_api_endpoint": false,
            "endpoint_configuration": [
              {
                "ip_address_type": "ipv4",
                "types": [
                  "EDGE"
                ],
                "vpc_endpoint_ids": []
              }
            ],
            "execution_arn": "arn:aws:execute-api:ap-northeast-1:833542146404:fq8ym55dv5",
            "fail_on_warnings": null,
            "id": "fq8ym55dv5",
            "minimum_compression_size": "",
            "name": "chap-api-gateway",
            "parameters": null,
            "policy": "",
            "put_rest_api_mode": null,
            "region": "ap-northeast-1",
            "root_resource_id": "s797p22aha",
            "tags": {},
            "tags_all": {}
          },
          "sensitive_attributes": [],
          "identity_schema_version": 0,
          "private": "bnVsbA=="
        }
      ]
    },
    {
      "mode": "managed",
      "type": "aws_db_instance",
      "name": "app_db",
      "provider": "provider[\"registry.terraform.io/hashicorp/aws\"]",
      "instances": [
        {
          "schema_version": 2,
          "attributes": {
            "address": "chap-app-db.cnk6okq6gfoz.ap-northeast-1.rds.amazonaws.com",
            "allocated_storage": 20,
            "allow_major_version_upgrade": null,
            "apply_immediately": false,
            "arn": "arn:aws:rds:ap-northeast-1:833542146404:db:chap-app-db",
            "auto_minor_version_upgrade": true,
            "availability_zone": "ap-northeast-1c",
            "backup_retention_period": 0,
            "backup_target": "region",
            "backup_window": "19:49-20:19",
            "blue_green_update": [],
            "ca_cert_identifier": "rds-ca-rsa2048-g1",
            "character_set_name": "",
            "copy_tags_to_snapshot": false,
            "custom_iam_instance_profile": "",
            "customer_owned_ip_enabled": false,
            "database_insights_mode": "standard",
            "db_name": "chapdb",
            "db_subnet_group_name": "rds-private-default",
            "dedicated_log_volume": false,
            "delete_automated_backups": true,
            "deletion_protection": false,
            "domain": "",
            "domain_auth_secret_arn": "",
            "domain_dns_ips": [],
            "domain_fqdn": "",
            "domain_iam_role_name": "",
            "domain_ou": "",
            "enabled_cloudwatch_logs_exports": [],
            "endpoint": "chap-app-db.cnk6okq6gfoz.ap-northeast-1.rds.amazonaws.com:5432",
            "engine": "postgres",
            "engine_lifecycle_support": "open-source-rds-extended-support",
            "engine_version": "17.4",
            "engine_version_actual": "17.4",
            "final_snapshot_identifier": null,
            "hosted_zone_id": "Z24O6O9L7SGTNB",
            "iam_database_authentication_enabled": false,
            "id": "db-UU77LH3YMAVPGFFAMDAT3WSWPM",
            "identifier": "chap-app-db",
            "identifier_prefix": "",
            "instance_class": "db.t3.micro",
            "iops": 0,
            "kms_key_id": "",
            "latest_restorable_time": "",
            "license_model": "postgresql-license",
            "listener_endpoint": [],
            "maintenance_window": "sat:16:34-sat:17:04",
            "manage_master_user_password": null,
            "master_user_secret": [],
            "master_user_secret_kms_key_id": null,
            "max_allocated_storage": 0,
            "monitoring_interval": 0,
            "monitoring_role_arn": "",
            "multi_az": false,
            "nchar_character_set_name": "",
            "network_type": "IPV4",
            "option_group_name": "default:postgres-17",
            "parameter_group_name": "default.postgres17",
            "password": "Skakki0209",
            "password_wo": null,
            "password_wo_version": null,
            "performance_insights_enabled": false,
            "performance_insights_kms_key_id": "",
            "performance_insights_retention_period": 0,
            "port": 5432,
            "publicly_accessible": false,
            "region": "ap-northeast-1",
            "replica_mode": "",
            "replicas": [],
            "replicate_source_db": "",
            "resource_id": "db-UU77LH3YMAVPGFFAMDAT3WSWPM",
            "restore_to_point_in_time": [],
            "s3_import": [],
            "skip_final_snapshot": true,
            "snapshot_identifier": null,
            "status": "available",
            "storage_encrypted": false,
            "storage_throughput": 0,
            "storage_type": "gp2",
            "tags": {},
            "tags_all": {},
            "timeouts": null,
            "timezone": "",
            "upgrade_storage_config": null,
            "username": "uzak",
            "vpc_security_group_ids": [
              "sg-092678a22759b8160"
            ]
          },
          "sensitive_attributes": [
            [
              {
                "type": "get_attr",
                "value": "password"
              }
            ],
            [
              {
                "type": "get_attr",
                "value": "password_wo"
              }
            ]
          ],
          "identity_schema_version": 0,
          "private": "eyJlMmJmYjczMC1lY2FhLTExZTYtOGY4OC0zNDM2M2JjN2M0YzAiOnsiY3JlYXRlIjozMDAwMDAwMDAwMDAwLCJkZWxldGUiOjM2MDAwMDAwMDAwMDAsInVwZGF0ZSI6NDgwMDAwMDAwMDAwMH0sInNjaGVtYV92ZXJzaW9uIjoiMiJ9",
          "dependencies": [
            "aws_db_subnet_group.main",
            "aws_security_group.db_sg",
            "aws_security_group.ec2_sg",
            "aws_subnet.private",
            "aws_subnet.private_b",
            "aws_vpc.main"
          ]
        }
      ]
    },
    {
      "mode": "managed",
      "type": "aws_db_subnet_group",
      "name": "main",
      "provider": "provider[\"registry.terraform.io/hashicorp/aws\"]",
      "instances": [
        {
          "schema_version": 0,
          "attributes": {
            "arn": "arn:aws:rds:ap-northeast-1:833542146404:subgrp:rds-private-default",
            "description": "Managed by Terraform",
            "id": "rds-private-default",
            "name": "rds-private-default",
            "name_prefix": "",
            "region": "ap-northeast-1",
            "subnet_ids": [
              "subnet-05ee9ec06309d4f02",
              "subnet-0e93cb8c0dbd2c2aa"
            ],
            "supported_network_types": [
              "IPV4"
            ],
            "tags": {},
            "tags_all": {},
            "vpc_id": "vpc-0c529912060a69b11"
          },
          "sensitive_attributes": [],
          "identity_schema_version": 0,
          "private": "bnVsbA==",
          "dependencies": [
            "aws_subnet.private",
            "aws_subnet.private_b",
            "aws_vpc.main"
          ]
        }
      ]
    },
    {
      "mode": "managed",
      "type": "aws_iam_instance_profile",
      "name": "ec2_profile",
      "provider": "provider[\"registry.terraform.io/hashicorp/aws\"]",
      "instances": [
        {
          "schema_version": 0,
          "attributes": {
            "arn": "arn:aws:iam::833542146404:instance-profile/ec2-instance-profile",
            "create_date": "2025-10-11T04:47:34Z",
            "id": "ec2-instance-profile",
            "name": "ec2-instance-profile",
            "name_prefix": "",
            "path": "/",
            "role": "ec2-deploy-role",
            "tags": {},
            "tags_all": {},
            "unique_id": "AIPA4EEX3ZFSA47ZORJ6P"
          },
          "sensitive_attributes": [],
          "identity_schema_version": 0,
          "private": "bnVsbA==",
          "dependencies": [
            "aws_iam_role.ec2_role"
          ]
        }
      ]
    },
    {
      "mode": "managed",
      "type": "aws_iam_role",
      "name": "ec2_role",
      "provider": "provider[\"registry.terraform.io/hashicorp/aws\"]",
      "instances": [
        {
          "schema_version": 0,
          "attributes": {
            "arn": "arn:aws:iam::833542146404:role/ec2-deploy-role",
            "assume_role_policy": "{\"Statement\":[{\"Action\":\"sts:AssumeRole\",\"Effect\":\"Allow\",\"Principal\":{\"Service\":\"ec2.amazonaws.com\"}}],\"Version\":\"2012-10-17\"}",
            "create_date": "2025-10-11T04:47:33Z",
            "description": "",
            "force_detach_policies": false,
            "id": "ec2-deploy-role",
            "inline_policy": [],
            "managed_policy_arns": [
              "arn:aws:iam::aws:policy/AmazonSSMManagedInstanceCore"
            ],
            "max_session_duration": 3600,
            "name": "ec2-deploy-role",
            "name_prefix": "",
            "path": "/",
            "permissions_boundary": "",
            "tags": {},
            "tags_all": {},
            "unique_id": "AROA4EEX3ZFSLAAYJL5F2"
          },
          "sensitive_attributes": [],
          "identity_schema_version": 0,
          "identity": {
            "account_id": "833542146404",
            "name": "ec2-deploy-role"
          },
          "private": "bnVsbA=="
        }
      ]
    },
    {
      "mode": "managed",
      "type": "aws_iam_role",
      "name": "lambda_exec",
      "provider": "provider[\"registry.terraform.io/hashicorp/aws\"]",
      "instances": [
        {
          "schema_version": 0,
          "attributes": {
            "arn": "arn:aws:iam::833542146404:role/chap-lambda-exec-role",
            "assume_role_policy": "{\"Statement\":[{\"Action\":\"sts:AssumeRole\",\"Effect\":\"Allow\",\"Principal\":{\"Service\":\"lambda.amazonaws.com\"}}],\"Version\":\"2012-10-17\"}",
            "create_date": "2025-10-11T04:47:33Z",
            "description": "",
            "force_detach_policies": false,
            "id": "chap-lambda-exec-role",
            "inline_policy": [],
            "managed_policy_arns": [
              "arn:aws:iam::aws:policy/service-role/AWSLambdaBasicExecutionRole"
            ],
            "max_session_duration": 3600,
            "name": "chap-lambda-exec-role",
            "name_prefix": "",
            "path": "/",
            "permissions_boundary": "",
            "tags": {},
            "tags_all": {},
            "unique_id": "AROA4EEX3ZFSF4KDEP3RV"
          },
          "sensitive_attributes": [],
          "identity_schema_version": 0,
          "identity": {
            "account_id": "833542146404",
            "name": "chap-lambda-exec-role"
          },
          "private": "bnVsbA=="
        }
      ]
    },
    {
      "mode": "managed",
      "type": "aws_iam_role_policy_attachment",
      "name": "lambda_basic_exec",
      "provider": "provider[\"registry.terraform.io/hashicorp/aws\"]",
      "instances": [
        {
          "schema_version": 0,
          "attributes": {
            "id": "chap-lambda-exec-role/arn:aws:iam::aws:policy/service-role/AWSLambdaBasicExecutionRole",
            "policy_arn": "arn:aws:iam::aws:policy/service-role/AWSLambdaBasicExecutionRole",
            "role": "chap-lambda-exec-role"
          },
          "sensitive_attributes": [],
          "identity_schema_version": 0,
          "identity": {
            "account_id": "833542146404",
            "policy_arn": "arn:aws:iam::aws:policy/service-role/AWSLambdaBasicExecutionRole",
            "role": "chap-lambda-exec-role"
          },
          "private": "bnVsbA==",
          "dependencies": [
            "aws_iam_role.lambda_exec"
          ]
        }
      ]
    },
    {
      "mode": "managed",
      "type": "aws_iam_role_policy_attachment",
      "name": "ssm",
      "provider": "provider[\"registry.terraform.io/hashicorp/aws\"]",
      "instances": [
        {
          "schema_version": 0,
          "attributes": {
            "id": "ec2-deploy-role/arn:aws:iam::aws:policy/AmazonSSMManagedInstanceCore",
            "policy_arn": "arn:aws:iam::aws:policy/AmazonSSMManagedInstanceCore",
            "role": "ec2-deploy-role"
          },
          "sensitive_attributes": [],
          "identity_schema_version": 0,
          "identity": {
            "account_id": "833542146404",
            "policy_arn": "arn:aws:iam::aws:policy/AmazonSSMManagedInstanceCore",
            "role": "ec2-deploy-role"
          },
          "private": "bnVsbA==",
          "dependencies": [
            "aws_iam_role.ec2_role"
          ]
        }
      ]
    },
    {
      "mode": "managed",
      "type": "aws_instance",
      "name": "web",
      "provider": "provider[\"registry.terraform.io/hashicorp/aws\"]",
      "instances": [
        {
          "schema_version": 2,
          "attributes": {
            "ami": "ami-094a7934e53c6d469",
            "arn": "arn:aws:ec2:ap-northeast-1:833542146404:instance/i-061830998a56b8166",
            "associate_public_ip_address": true,
            "availability_zone": "ap-northeast-1a",
            "capacity_reservation_specification": [
              {
                "capacity_reservation_preference": "open",
                "capacity_reservation_target": []
              }
            ],
            "cpu_options": [
              {
                "amd_sev_snp": "",
                "core_count": 1,
                "threads_per_core": 1
              }
            ],
            "credit_specification": [
              {
                "cpu_credits": "standard"
              }
            ],
            "disable_api_stop": false,
            "disable_api_termination": false,
            "ebs_block_device": [],
            "ebs_optimized": false,
            "enable_primary_ipv6": null,
            "enclave_options": [
              {
                "enabled": false
              }
            ],
            "ephemeral_block_device": [],
            "force_destroy": false,
            "get_password_data": false,
            "hibernation": false,
            "host_id": "",
            "host_resource_group_arn": null,
            "iam_instance_profile": "ec2-instance-profile",
            "id": "i-061830998a56b8166",
            "instance_initiated_shutdown_behavior": "stop",
            "instance_lifecycle": "",
            "instance_market_options": [],
            "instance_state": "running",
            "instance_type": "t2.micro",
            "ipv6_address_count": 0,
            "ipv6_addresses": [],
            "key_name": "my-key",
            "launch_template": [],
            "maintenance_options": [
              {
                "auto_recovery": "default"
              }
            ],
            "metadata_options": [
              {
                "http_endpoint": "enabled",
                "http_protocol_ipv6": "disabled",
                "http_put_response_hop_limit": 1,
                "http_tokens": "optional",
                "instance_metadata_tags": "disabled"
              }
            ],
            "monitoring": false,
            "network_interface": [],
            "outpost_arn": "",
            "password_data": "",
            "placement_group": "",
            "placement_group_id": "",
            "placement_partition_number": 0,
            "primary_network_interface": [
              {
                "delete_on_termination": true,
                "network_interface_id": "eni-084f536acfba442a9"
              }
            ],
            "primary_network_interface_id": "eni-084f536acfba442a9",
            "private_dns": "ip-10-0-1-87.ap-northeast-1.compute.internal",
            "private_dns_name_options": [
              {
                "enable_resource_name_dns_a_record": false,
                "enable_resource_name_dns_aaaa_record": false,
                "hostname_type": "ip-name"
              }
            ],
            "private_ip": "10.0.1.87",
            "public_dns": "",
            "public_ip": "3.112.235.86",
            "region": "ap-northeast-1",
            "root_block_device": [
              {
                "delete_on_termination": true,
                "device_name": "/dev/xvda",
                "encrypted": false,
                "iops": 100,
                "kms_key_id": "",
                "tags": {},
                "tags_all": {},
                "throughput": 0,
                "volume_id": "vol-07fabb29453d0130b",
                "volume_size": 8,
                "volume_type": "gp2"
              }
            ],
            "secondary_private_ips": [],
            "security_groups": [],
            "source_dest_check": true,
            "spot_instance_request_id": "",
            "subnet_id": "subnet-0305615deceef6fb1",
            "tags": {
              "Name": "API-EC2"
            },
            "tags_all": {
              "Name": "API-EC2"
            },
            "tenancy": "default",
            "timeouts": null,
            "user_data": null,
            "user_data_base64": null,
            "user_data_replace_on_change": false,
            "volume_tags": null,
            "vpc_security_group_ids": [
              "sg-047f761596131a7b6"
            ]
          },
          "sensitive_attributes": [],
          "identity_schema_version": 0,
          "identity": {
            "account_id": "833542146404",
            "id": "i-061830998a56b8166",
            "region": "ap-northeast-1"
          },
          "private": "eyJlMmJmYjczMC1lY2FhLTExZTYtOGY4OC0zNDM2M2JjN2M0YzAiOnsiY3JlYXRlIjo2MDAwMDAwMDAwMDAsImRlbGV0ZSI6MTIwMDAwMDAwMDAwMCwicmVhZCI6OTAwMDAwMDAwMDAwLCJ1cGRhdGUiOjYwMDAwMDAwMDAwMH0sInNjaGVtYV92ZXJzaW9uIjoiMiJ9",
          "dependencies": [
            "aws_iam_instance_profile.ec2_profile",
            "aws_iam_role.ec2_role",
            "aws_key_pair.my_key",
            "aws_security_group.allow_http",
            "aws_subnet.public",
            "aws_vpc.main",
            "data.aws_ami.amazon_linux_2",
            "tls_private_key.generated"
          ]
        }
      ]
    },
    {
      "mode": "managed",
      "type": "aws_internet_gateway",
      "name": "igw",
      "provider": "provider[\"registry.terraform.io/hashicorp/aws\"]",
      "instances": [
        {
          "schema_version": 0,
          "attributes": {
            "arn": "arn:aws:ec2:ap-northeast-1:833542146404:internet-gateway/igw-08d1147e972d116c3",
            "id": "igw-08d1147e972d116c3",
            "owner_id": "833542146404",
            "region": "ap-northeast-1",
            "tags": null,
            "tags_all": {},
            "timeouts": null,
            "vpc_id": "vpc-0c529912060a69b11"
          },
          "sensitive_attributes": [],
          "identity_schema_version": 0,
          "private": "eyJlMmJmYjczMC1lY2FhLTExZTYtOGY4OC0zNDM2M2JjN2M0YzAiOnsiY3JlYXRlIjoxMjAwMDAwMDAwMDAwLCJkZWxldGUiOjEyMDAwMDAwMDAwMDAsInVwZGF0ZSI6MTIwMDAwMDAwMDAwMH19",
          "dependencies": [
            "aws_vpc.main"
          ]
        }
      ]
    },
    {
      "mode": "managed",
      "type": "aws_key_pair",
      "name": "my_key",
      "provider": "provider[\"registry.terraform.io/hashicorp/aws\"]",
      "instances": [
        {
          "schema_version": 1,
          "attributes": {
            "arn": "arn:aws:ec2:ap-northeast-1:833542146404:key-pair/my-key",
            "fingerprint": "9d:39:87:fb:4a:fc:09:4d:45:7e:03:a5:8c:84:10:08",
            "id": "my-key",
            "key_name": "my-key",
            "key_name_prefix": "",
            "key_pair_id": "key-0abed82da8fc00bfa",
            "key_type": "rsa",
            "public_key": "ssh-rsa AAAAB3NzaC1yc2EAAAADAQABAAACAQCgb9ha4PobYrmJEvCBBvecVgYjjsS1TDodgqRZIydVC6QVdRfEenkiUaO7BwxzBp2Pl+u0OLelobK245EaGrmv0awFSLacUNmBoUUvDCIjNCqflgOsOP4Vxh1AfadJM+fpFGeqnQYpGZosZrLSxQ0Q0+zUHl097eQo7aZfcusJqZTY9v0GTD159qCHBXCUyu9SFl6ZS6yNzj8VtAxmLD+qKlKSuio/VR6MscPhU0GLW686bhm65+VfEmHzF+/1WSCZ45CvBuj8pEJtQWGCPGUfHvw1MdGNLSnvYUuk/WntwEQdnd+b5LaC7Sagd/6FzFSxcnWmZhd4BW2X230wKBmaSG2h3dwrUXH4IOCF0AzrFxiUVChufsmuqkfEsg+TibW0eWbkpo5lAGbUiBwyFld8jeFFl+wkx1n/PWCa0ueZqXYYajHtK1L/rBVp0VmIGOanCSnABDYi5UFYY+IGx8R5EWPHkuJYhbm34uvmRPphl3wkYedBkOv2p/qF96z/0lsgsgT8ZbIQ+QgtOTVqNud24qhuZNr4rgvR0cWiZiM5dXE1tgiviyAeIm9doskUm5ymKVaNogb0U33Fu10arEDDCT0SU9xTd0XTi6dLpUJWHDQp+Iwx7JQ82QplgUZWmlV8uwoF9oj+PZX4dTW3fkeHLwHL58/0Gb71nkxR4n1dlQ==",
            "region": "ap-northeast-1",
            "tags": {},
            "tags_all": {}
          },
          "sensitive_attributes": [],
          "identity_schema_version": 0,
          "private": "eyJzY2hlbWFfdmVyc2lvbiI6IjEifQ==",
          "dependencies": [
            "tls_private_key.generated"
          ]
        }
      ]
    },
    {
      "mode": "managed",
      "type": "aws_lambda_function",
      "name": "image_compress",
      "provider": "provider[\"registry.terraform.io/hashicorp/aws\"]",
      "instances": [
        {
          "schema_version": 0,
          "attributes": {
            "architectures": [
              "x86_64"
            ],
            "arn": "arn:aws:lambda:ap-northeast-1:833542146404:function:chap-image-compress",
            "code_sha256": "WQsDw2gIJvWGZT/qp7S8C19Nxe4t89B1nrVP+b+N37M=",
            "code_signing_config_arn": "",
            "dead_letter_config": [],
            "description": "",
            "environment": [],
            "ephemeral_storage": [
              {
                "size": 512
              }
            ],
            "file_system_config": [],
            "filename": "./../lambda/chap_image_lambda.zip",
            "function_name": "chap-image-compress",
            "handler": "bootstrap",
            "id": "chap-image-compress",
            "image_config": [],
            "image_uri": "",
            "invoke_arn": "arn:aws:apigateway:ap-northeast-1:lambda:path/2015-03-31/functions/arn:aws:lambda:ap-northeast-1:833542146404:function:chap-image-compress/invocations",
            "kms_key_arn": "",
            "last_modified": "2025-10-11T06:30:00.247+0000",
            "layers": [],
            "logging_config": [
              {
                "application_log_level": "",
                "log_format": "Text",
                "log_group": "/aws/lambda/chap-image-compress",
                "system_log_level": ""
              }
            ],
            "memory_size": 256,
            "package_type": "Zip",
            "publish": true,
            "qualified_arn": "arn:aws:lambda:ap-northeast-1:833542146404:function:chap-image-compress:1",
            "qualified_invoke_arn": "arn:aws:apigateway:ap-northeast-1:lambda:path/2015-03-31/functions/arn:aws:lambda:ap-northeast-1:833542146404:function:chap-image-compress:1/invocations",
            "region": "ap-northeast-1",
            "replace_security_groups_on_destroy": null,
            "replacement_security_group_ids": null,
            "reserved_concurrent_executions": -1,
            "role": "arn:aws:iam::833542146404:role/chap-lambda-exec-role",
            "runtime": "provided.al2",
            "s3_bucket": null,
            "s3_key": null,
            "s3_object_version": null,
            "signing_job_arn": "",
            "signing_profile_version_arn": "",
            "skip_destroy": false,
            "snap_start": [],
            "source_code_hash": "WQsDw2gIJvWGZT/qp7S8C19Nxe4t89B1nrVP+b+N37M=",
            "source_code_size": 1902612,
            "source_kms_key_arn": "",
            "tags": {},
            "tags_all": {},
            "timeout": 30,
            "timeouts": null,
            "tracing_config": [
              {
                "mode": "PassThrough"
              }
            ],
            "version": "1",
            "vpc_config": []
          },
          "sensitive_attributes": [],
          "identity_schema_version": 0,
          "identity": {
            "account_id": "833542146404",
            "function_name": "chap-image-compress",
            "region": "ap-northeast-1"
          },
          "private": "eyJlMmJmYjczMC1lY2FhLTExZTYtOGY4OC0zNDM2M2JjN2M0YzAiOnsiY3JlYXRlIjo2MDAwMDAwMDAwMDAsImRlbGV0ZSI6NjAwMDAwMDAwMDAwLCJ1cGRhdGUiOjYwMDAwMDAwMDAwMH19",
          "dependencies": [
            "aws_iam_role.lambda_exec"
          ]
        }
      ]
    },
    {
      "mode": "managed",
      "type": "aws_lambda_permission",
      "name": "api_gateway",
      "provider": "provider[\"registry.terraform.io/hashicorp/aws\"]",
      "instances": [
        {
          "schema_version": 0,
          "attributes": {
            "action": "lambda:InvokeFunction",
            "event_source_token": null,
            "function_name": "chap-image-compress",
            "function_url_auth_type": null,
            "id": "AllowAPIGatewayInvoke",
            "principal": "apigateway.amazonaws.com",
            "principal_org_id": null,
            "qualifier": "",
            "region": "ap-northeast-1",
            "source_account": null,
            "source_arn": "arn:aws:execute-api:ap-northeast-1:833542146404:fq8ym55dv5/*/*",
            "statement_id": "AllowAPIGatewayInvoke",
            "statement_id_prefix": ""
          },
          "sensitive_attributes": [],
          "identity_schema_version": 0,
          "identity": {
            "account_id": "833542146404",
            "function_name": "chap-image-compress",
            "qualifier": null,
            "region": "ap-northeast-1",
            "statement_id": "AllowAPIGatewayInvoke"
          },
          "private": "bnVsbA==",
          "dependencies": [
            "aws_api_gateway_rest_api.api_gateway",
            "aws_iam_role.lambda_exec",
            "aws_lambda_function.image_compress"
          ]
        }
      ]
    },
    {
      "mode": "managed",
      "type": "aws_route53_zone",
      "name": "main",
      "provider": "provider[\"registry.terraform.io/hashicorp/aws\"]",
      "instances": [
        {
          "schema_version": 0,
          "attributes": {
            "arn": "arn:aws:route53:::hostedzone/Z06513712SUML89UI89JZ",
            "comment": "Managed by Terraform",
            "delegation_set_id": "",
            "force_destroy": false,
            "id": "Z06513712SUML89UI89JZ",
            "name": "api.chap-app.jp",
            "name_servers": [
              "ns-1406.awsdns-47.org",
              "ns-1541.awsdns-00.co.uk",
              "ns-385.awsdns-48.com",
              "ns-813.awsdns-37.net"
            ],
            "primary_name_server": "ns-385.awsdns-48.com",
            "tags": {},
            "tags_all": {},
            "timeouts": null,
            "vpc": [],
            "zone_id": "Z06513712SUML89UI89JZ"
          },
          "sensitive_attributes": [],
          "identity_schema_version": 0,
          "private": "eyJlMmJmYjczMC1lY2FhLTExZTYtOGY4OC0zNDM2M2JjN2M0YzAiOnsiY3JlYXRlIjoxODAwMDAwMDAwMDAwLCJkZWxldGUiOjE4MDAwMDAwMDAwMDAsInVwZGF0ZSI6MTgwMDAwMDAwMDAwMH19"
        }
      ]
    },
    {
      "mode": "managed",
      "type": "aws_route_table",
      "name": "public",
      "provider": "provider[\"registry.terraform.io/hashicorp/aws\"]",
      "instances": [
        {
          "schema_version": 0,
          "attributes": {
            "arn": "arn:aws:ec2:ap-northeast-1:833542146404:route-table/rtb-0817479b414b39809",
            "id": "rtb-0817479b414b39809",
            "owner_id": "833542146404",
            "propagating_vgws": [],
            "region": "ap-northeast-1",
            "route": [
              {
                "carrier_gateway_id": "",
                "cidr_block": "0.0.0.0/0",
                "core_network_arn": "",
                "destination_prefix_list_id": "",
                "egress_only_gateway_id": "",
                "gateway_id": "igw-08d1147e972d116c3",
                "ipv6_cidr_block": "",
                "local_gateway_id": "",
                "nat_gateway_id": "",
                "network_interface_id": "",
                "transit_gateway_id": "",
                "vpc_endpoint_id": "",
                "vpc_peering_connection_id": ""
              }
            ],
            "tags": null,
            "tags_all": {},
            "timeouts": null,
            "vpc_id": "vpc-0c529912060a69b11"
          },
          "sensitive_attributes": [],
          "identity_schema_version": 0,
          "identity": {
            "account_id": "833542146404",
            "id": "rtb-0817479b414b39809",
            "region": "ap-northeast-1"
          },
          "private": "eyJlMmJmYjczMC1lY2FhLTExZTYtOGY4OC0zNDM2M2JjN2M0YzAiOnsiY3JlYXRlIjozMDAwMDAwMDAwMDAsImRlbGV0ZSI6MzAwMDAwMDAwMDAwLCJ1cGRhdGUiOjEyMDAwMDAwMDAwMH19",
          "dependencies": [
            "aws_internet_gateway.igw",
            "aws_vpc.main"
          ]
        }
      ]
    },
    {
      "mode": "managed",
      "type": "aws_route_table_association",
      "name": "public_assoc",
      "provider": "provider[\"registry.terraform.io/hashicorp/aws\"]",
      "instances": [
        {
          "schema_version": 0,
          "attributes": {
            "gateway_id": "",
            "id": "rtbassoc-0f6fdc6fc0e0895c7",
            "region": "ap-northeast-1",
            "route_table_id": "rtb-0817479b414b39809",
            "subnet_id": "subnet-0305615deceef6fb1",
            "timeouts": null
          },
          "sensitive_attributes": [],
          "identity_schema_version": 0,
          "private": "eyJlMmJmYjczMC1lY2FhLTExZTYtOGY4OC0zNDM2M2JjN2M0YzAiOnsiY3JlYXRlIjozMDAwMDAwMDAwMDAsImRlbGV0ZSI6MzAwMDAwMDAwMDAwLCJ1cGRhdGUiOjEyMDAwMDAwMDAwMH19",
          "dependencies": [
            "aws_internet_gateway.igw",
            "aws_route_table.public",
            "aws_subnet.public",
            "aws_vpc.main"
          ]
        }
      ]
    },
    {
      "mode": "managed",
      "type": "aws_security_group",
      "name": "allow_http",
      "provider": "provider[\"registry.terraform.io/hashicorp/aws\"]",
      "instances": [
        {
          "schema_version": 1,
          "attributes": {
            "arn": "arn:aws:ec2:ap-northeast-1:833542146404:security-group/sg-047f761596131a7b6",
            "description": "Allow SSH and HTTP inbound traffic",
            "egress": [
              {
                "cidr_blocks": [
                  "0.0.0.0/0"
                ],
                "description": "",
                "from_port": 0,
                "ipv6_cidr_blocks": [],
                "prefix_list_ids": [],
                "protocol": "-1",
                "security_groups": [],
                "self": false,
                "to_port": 0
              }
            ],
            "id": "sg-047f761596131a7b6",
            "ingress": [
              {
                "cidr_blocks": [
                  "0.0.0.0/0"
                ],
                "description": "",
                "from_port": 80,
                "ipv6_cidr_blocks": [],
                "prefix_list_ids": [],
                "protocol": "tcp",
                "security_groups": [],
                "self": false,
                "to_port": 80
              }
            ],
            "name": "allow_ssh_http",
            "name_prefix": "",
            "owner_id": "833542146404",
            "region": "ap-northeast-1",
            "revoke_rules_on_delete": false,
            "tags": {},
            "tags_all": {},
            "timeouts": null,
            "vpc_id": "vpc-0c529912060a69b11"
          },
          "sensitive_attributes": [],
          "identity_schema_version": 0,
          "identity": {
            "account_id": "833542146404",
            "id": "sg-047f761596131a7b6",
            "region": "ap-northeast-1"
          },
          "private": "eyJlMmJmYjczMC1lY2FhLTExZTYtOGY4OC0zNDM2M2JjN2M0YzAiOnsiY3JlYXRlIjo2MDAwMDAwMDAwMDAsImRlbGV0ZSI6OTAwMDAwMDAwMDAwfSwic2NoZW1hX3ZlcnNpb24iOiIxIn0=",
          "dependencies": [
            "aws_vpc.main"
          ]
        }
      ]
    },
    {
      "mode": "managed",
      "type": "aws_security_group",
      "name": "db_sg",
      "provider": "provider[\"registry.terraform.io/hashicorp/aws\"]",
      "instances": [
        {
          "schema_version": 1,
          "attributes": {
            "arn": "arn:aws:ec2:ap-northeast-1:833542146404:security-group/sg-092678a22759b8160",
            "description": "Allow EC2 access to RDS",
            "egress": [
              {
                "cidr_blocks": [
                  "0.0.0.0/0"
                ],
                "description": "",
                "from_port": 0,
                "ipv6_cidr_blocks": [],
                "prefix_list_ids": [],
                "protocol": "-1",
                "security_groups": [],
                "self": false,
                "to_port": 0
              }
            ],
            "id": "sg-092678a22759b8160",
            "ingress": [
              {
                "cidr_blocks": [],
                "description": "",
                "from_port": 5432,
                "ipv6_cidr_blocks": [],
                "prefix_list_ids": [],
                "protocol": "tcp",
                "security_groups": [
                  "sg-08edbb0cec91ce05f"
                ],
                "self": false,
                "to_port": 5432
              }
            ],
            "name": "chap-db-sg",
            "name_prefix": "",
            "owner_id": "833542146404",
            "region": "ap-northeast-1",
            "revoke_rules_on_delete": false,
            "tags": {},
            "tags_all": {},
            "timeouts": null,
            "vpc_id": "vpc-0c529912060a69b11"
          },
          "sensitive_attributes": [],
          "identity_schema_version": 0,
          "identity": {
            "account_id": "833542146404",
            "id": "sg-092678a22759b8160",
            "region": "ap-northeast-1"
          },
          "private": "eyJlMmJmYjczMC1lY2FhLTExZTYtOGY4OC0zNDM2M2JjN2M0YzAiOnsiY3JlYXRlIjo2MDAwMDAwMDAwMDAsImRlbGV0ZSI6OTAwMDAwMDAwMDAwfSwic2NoZW1hX3ZlcnNpb24iOiIxIn0=",
          "dependencies": [
            "aws_security_group.ec2_sg",
            "aws_vpc.main"
          ]
        }
      ]
    },
    {
      "mode": "managed",
      "type": "aws_security_group",
      "name": "ec2_sg",
      "provider": "provider[\"registry.terraform.io/hashicorp/aws\"]",
      "instances": [
        {
          "schema_version": 1,
          "attributes": {
            "arn": "arn:aws:ec2:ap-northeast-1:833542146404:security-group/sg-08edbb0cec91ce05f",
            "description": "SG for API EC2",
            "egress": [
              {
                "cidr_blocks": [
                  "0.0.0.0/0"
                ],
                "description": "",
                "from_port": 0,
                "ipv6_cidr_blocks": [],
                "prefix_list_ids": [],
                "protocol": "-1",
                "security_groups": [],
                "self": false,
                "to_port": 0
              }
            ],
            "id": "sg-08edbb0cec91ce05f",
            "ingress": [
              {
                "cidr_blocks": [
                  "0.0.0.0/0"
                ],
                "description": "",
                "from_port": 443,
                "ipv6_cidr_blocks": [],
                "prefix_list_ids": [],
                "protocol": "tcp",
                "security_groups": [],
                "self": false,
                "to_port": 443
              },
              {
                "cidr_blocks": [
                  "0.0.0.0/0"
                ],
                "description": "",
                "from_port": 80,
                "ipv6_cidr_blocks": [],
                "prefix_list_ids": [],
                "protocol": "tcp",
                "security_groups": [],
                "self": false,
                "to_port": 80
              }
            ],
            "name": "ec2-sg",
            "name_prefix": "",
            "owner_id": "833542146404",
            "region": "ap-northeast-1",
            "revoke_rules_on_delete": false,
            "tags": {},
            "tags_all": {},
            "timeouts": null,
            "vpc_id": "vpc-0c529912060a69b11"
          },
          "sensitive_attributes": [],
          "identity_schema_version": 0,
          "identity": {
            "account_id": "833542146404",
            "id": "sg-08edbb0cec91ce05f",
            "region": "ap-northeast-1"
          },
          "private": "eyJlMmJmYjczMC1lY2FhLTExZTYtOGY4OC0zNDM2M2JjN2M0YzAiOnsiY3JlYXRlIjo2MDAwMDAwMDAwMDAsImRlbGV0ZSI6OTAwMDAwMDAwMDAwfSwic2NoZW1hX3ZlcnNpb24iOiIxIn0=",
          "dependencies": [
            "aws_vpc.main"
          ]
        }
      ]
    },
    {
      "mode": "managed",
      "type": "aws_security_group",
      "name": "lambda_sg",
      "provider": "provider[\"registry.terraform.io/hashicorp/aws\"]",
      "instances": [
        {
          "schema_version": 1,
          "attributes": {
            "arn": "arn:aws:ec2:ap-northeast-1:833542146404:security-group/sg-0ab5149a8284f07d8",
            "description": "Managed by Terraform",
            "egress": [],
            "id": "sg-0ab5149a8284f07d8",
            "ingress": [],
            "name": "chap-lambda-sg",
            "name_prefix": "",
            "owner_id": "833542146404",
            "region": "ap-northeast-1",
            "revoke_rules_on_delete": false,
            "tags": {},
            "tags_all": {},
            "timeouts": null,
            "vpc_id": "vpc-0c529912060a69b11"
          },
          "sensitive_attributes": [],
          "identity_schema_version": 0,
          "identity": {
            "account_id": "833542146404",
            "id": "sg-0ab5149a8284f07d8",
            "region": "ap-northeast-1"
          },
          "private": "eyJlMmJmYjczMC1lY2FhLTExZTYtOGY4OC0zNDM2M2JjN2M0YzAiOnsiY3JlYXRlIjo2MDAwMDAwMDAwMDAsImRlbGV0ZSI6OTAwMDAwMDAwMDAwfSwic2NoZW1hX3ZlcnNpb24iOiIxIn0=",
          "dependencies": [
            "aws_vpc.main"
          ]
        }
      ]
    },
    {
      "mode": "managed",
      "type": "aws_subnet",
      "name": "private",
      "provider": "provider[\"registry.terraform.io/hashicorp/aws\"]",
      "instances": [
        {
          "schema_version": 1,
          "attributes": {
            "arn": "arn:aws:ec2:ap-northeast-1:833542146404:subnet/subnet-0e93cb8c0dbd2c2aa",
            "assign_ipv6_address_on_creation": false,
            "availability_zone": "ap-northeast-1a",
            "availability_zone_id": "apne1-az4",
            "cidr_block": "10.0.2.0/24",
            "customer_owned_ipv4_pool": "",
            "enable_dns64": false,
            "enable_lni_at_device_index": 0,
            "enable_resource_name_dns_a_record_on_launch": false,
            "enable_resource_name_dns_aaaa_record_on_launch": false,
            "id": "subnet-0e93cb8c0dbd2c2aa",
            "ipv6_cidr_block": "",
            "ipv6_cidr_block_association_id": "",
            "ipv6_native": false,
            "map_customer_owned_ip_on_launch": false,
            "map_public_ip_on_launch": false,
            "outpost_arn": "",
            "owner_id": "833542146404",
            "private_dns_hostname_type_on_launch": "ip-name",
            "region": "ap-northeast-1",
            "tags": {},
            "tags_all": {},
            "timeouts": null,
            "vpc_id": "vpc-0c529912060a69b11"
          },
          "sensitive_attributes": [],
          "identity_schema_version": 0,
          "identity": {
            "account_id": "833542146404",
            "id": "subnet-0e93cb8c0dbd2c2aa",
            "region": "ap-northeast-1"
          },
          "private": "eyJlMmJmYjczMC1lY2FhLTExZTYtOGY4OC0zNDM2M2JjN2M0YzAiOnsiY3JlYXRlIjo2MDAwMDAwMDAwMDAsImRlbGV0ZSI6MTIwMDAwMDAwMDAwMH0sInNjaGVtYV92ZXJzaW9uIjoiMSJ9",
          "dependencies": [
            "aws_vpc.main"
          ]
        }
      ]
    },
    {
      "mode": "managed",
      "type": "aws_subnet",
      "name": "private_b",
      "provider": "provider[\"registry.terraform.io/hashicorp/aws\"]",
      "instances": [
        {
          "schema_version": 1,
          "attributes": {
            "arn": "arn:aws:ec2:ap-northeast-1:833542146404:subnet/subnet-05ee9ec06309d4f02",
            "assign_ipv6_address_on_creation": false,
            "availability_zone": "ap-northeast-1c",
            "availability_zone_id": "apne1-az1",
            "cidr_block": "10.0.3.0/24",
            "customer_owned_ipv4_pool": "",
            "enable_dns64": false,
            "enable_lni_at_device_index": 0,
            "enable_resource_name_dns_a_record_on_launch": false,
            "enable_resource_name_dns_aaaa_record_on_launch": false,
            "id": "subnet-05ee9ec06309d4f02",
            "ipv6_cidr_block": "",
            "ipv6_cidr_block_association_id": "",
            "ipv6_native": false,
            "map_customer_owned_ip_on_launch": false,
            "map_public_ip_on_launch": false,
            "outpost_arn": "",
            "owner_id": "833542146404",
            "private_dns_hostname_type_on_launch": "ip-name",
            "region": "ap-northeast-1",
            "tags": {},
            "tags_all": {},
            "timeouts": null,
            "vpc_id": "vpc-0c529912060a69b11"
          },
          "sensitive_attributes": [],
          "identity_schema_version": 0,
          "identity": {
            "account_id": "833542146404",
            "id": "subnet-05ee9ec06309d4f02",
            "region": "ap-northeast-1"
          },
          "private": "eyJlMmJmYjczMC1lY2FhLTExZTYtOGY4OC0zNDM2M2JjN2M0YzAiOnsiY3JlYXRlIjo2MDAwMDAwMDAwMDAsImRlbGV0ZSI6MTIwMDAwMDAwMDAwMH0sInNjaGVtYV92ZXJzaW9uIjoiMSJ9",
          "dependencies": [
            "aws_vpc.main"
          ]
        }
      ]
    },
    {
      "mode": "managed",
      "type": "aws_subnet",
      "name": "public",
      "provider": "provider[\"registry.terraform.io/hashicorp/aws\"]",
      "instances": [
        {
          "schema_version": 1,
          "attributes": {
            "arn": "arn:aws:ec2:ap-northeast-1:833542146404:subnet/subnet-0305615deceef6fb1",
            "assign_ipv6_address_on_creation": false,
            "availability_zone": "ap-northeast-1a",
            "availability_zone_id": "apne1-az4",
            "cidr_block": "10.0.1.0/24",
            "customer_owned_ipv4_pool": "",
            "enable_dns64": false,
            "enable_lni_at_device_index": 0,
            "enable_resource_name_dns_a_record_on_launch": false,
            "enable_resource_name_dns_aaaa_record_on_launch": false,
            "id": "subnet-0305615deceef6fb1",
            "ipv6_cidr_block": "",
            "ipv6_cidr_block_association_id": "",
            "ipv6_native": false,
            "map_customer_owned_ip_on_launch": false,
            "map_public_ip_on_launch": true,
            "outpost_arn": "",
            "owner_id": "833542146404",
            "private_dns_hostname_type_on_launch": "ip-name",
            "region": "ap-northeast-1",
            "tags": null,
            "tags_all": {},
            "timeouts": null,
            "vpc_id": "vpc-0c529912060a69b11"
          },
          "sensitive_attributes": [],
          "identity_schema_version": 0,
          "identity": {
            "account_id": "833542146404",
            "id": "subnet-0305615deceef6fb1",
            "region": "ap-northeast-1"
          },
          "private": "eyJlMmJmYjczMC1lY2FhLTExZTYtOGY4OC0zNDM2M2JjN2M0YzAiOnsiY3JlYXRlIjo2MDAwMDAwMDAwMDAsImRlbGV0ZSI6MTIwMDAwMDAwMDAwMH0sInNjaGVtYV92ZXJzaW9uIjoiMSJ9",
          "dependencies": [
            "aws_vpc.main"
          ]
        }
      ]
    },
    {
      "mode": "managed",
      "type": "aws_vpc",
      "name": "main",
      "provider": "provider[\"registry.terraform.io/hashicorp/aws\"]",
      "instances": [
        {
          "schema_version": 1,
          "attributes": {
            "arn": "arn:aws:ec2:ap-northeast-1:833542146404:vpc/vpc-0c529912060a69b11",
            "assign_generated_ipv6_cidr_block": false,
            "cidr_block": "10.0.0.0/16",
            "default_network_acl_id": "acl-0e8318c94c4a9ef8f",
            "default_route_table_id": "rtb-09933e364d2e1bae4",
            "default_security_group_id": "sg-04476189debacbfb6",
            "dhcp_options_id": "dopt-0455fbd2c235a5019",
            "enable_dns_hostnames": false,
            "enable_dns_support": true,
            "enable_network_address_usage_metrics": false,
            "id": "vpc-0c529912060a69b11",
            "instance_tenancy": "default",
            "ipv4_ipam_pool_id": null,
            "ipv4_netmask_length": null,
            "ipv6_association_id": "",
            "ipv6_cidr_block": "",
            "ipv6_cidr_block_network_border_group": "",
            "ipv6_ipam_pool_id": "",
            "ipv6_netmask_length": 0,
            "main_route_table_id": "rtb-09933e364d2e1bae4",
            "owner_id": "833542146404",
            "region": "ap-northeast-1",
            "tags": {},
            "tags_all": {}
          },
          "sensitive_attributes": [],
          "identity_schema_version": 0,
          "private": "eyJzY2hlbWFfdmVyc2lvbiI6IjEifQ=="
        }
      ]
    },
    {
      "mode": "managed",
      "type": "local_file",
      "name": "generated_private_key",
      "provider": "provider[\"registry.terraform.io/hashicorp/local\"]",
      "instances": [
        {
          "index_key": 0,
          "schema_version": 0,
          "attributes": {
            "content": "-----BEGIN RSA PRIVATE KEY-----\nMIIJKQIBAAKCAgEAoG/YWuD6G2K5iRLwgQb3nFYGI47EtUw6HYKkWSMnVQukFXUX\nxHp5IlGjuwcMcwadj5frtDi3paGytuORGhq5r9GsBUi2nFDZgaFFLwwiIzQqn5YD\nrDj+FcYdQH2nSTPn6RRnqp0GKRmaLGay0sUNENPs1B5dPe3kKO2mX3LrCamU2Pb9\nBkw9efaghwVwlMrvUhZemUusjc4/FbQMZiw/qipSkroqP1UejLHD4VNBi1uvOm4Z\nuuflXxJh8xfv9VkgmeOQrwbo/KRCbUFhgjxlHx78NTHRjS0p72FLpP1p7cBEHZ3f\nm+S2gu0moHf+hcxUsXJ1pmYXeAVtl9t9MCgZmkhtod3cK1Fx+CDghdAM6xcYlFQo\nbn7JrqpHxLIPk4m1tHlm5KaOZQBm1IgcMhZXfI3hRZfsJMdZ/z1gmtLnmal2GGox\n7StS/6wVadFZiBjmpwkpwAQ2IuVBWGPiBsfEeRFjx5LiWIW5t+Lr5kT6YZd8JGHn\nQZDr9qf6hfes/9JbILIE/GWyEPkILTk1ajbnduKobmTa+K4L0dHFomYjOXVxNbYI\nr4sgHiJvXaLJFJucpilWjaIG9FN9xbtdGqxAwwk9ElPcU3dF04unS6VCVhw0KfiM\nMeyUPNkKZYFGVppVfLsKBfaI/j2V+HU1t35Hhy8By+fP9Bm+9Z5MUeJ9XZUCAwEA\nAQKCAf9xLiWEtcNCmJKWDyM8CvwHaY9AclGZEemdR0OfqHDJE0ecXg/wVviWEqyK\nWtqJE7C5JgJ+iBEQQqpBv4SbGoCx+NF4XER22bWSfpl/ip7GyIZiRb/UDQtaYAbK\nV4AS6nmeiDJ7pPA9rvetjUgcXnM2Dv/oK9Pcu9BQADP3gUoq7b/uLFl7jdnQq4OJ\nYq7oox3cZA6jmMF/Ag09rkGxoFNng2nRNvJBhEDUPInDWfYD2crQoj+xu8MWxKde\n42OFQO8Mke4x26aQYdMRT00Ys+HjuqpUtFp4EwyT6ZR7MkDMB6IkC1w4/7Qv7yIS\nDT9WYJWlG3bt7uBoVTnGYlmvodGP/eqGkiqNAuBA4LX/i3L2j6IqG4+qLkdb9msk\nSzeV+dlBxB4x6EUfSmcA+q9O0IryXmMI7jf9T+WWRvl65WTjqZInHvx/7VU6MdkP\nBg/Y6mqUDacpsIkodPpmkEw58l+mMeQnCwMsvQ7lZgglft1bSePRoq1quJiT74N3\n6IvUZs7CByVFSAKnN3eBqVj4Oh5MDYUS/okrmwU+15M2gf5JG3/vt1JzxqnKyRsE\ndzj/v2xL9QlPEaJUXH3vvHhNCP3TvDk3N+aMQsauUyjymlBmxZbbgKlhkD8r59Yb\nn1EFltfTWxEzCYQcj6gnCbqpmhLO+DS2UjBSCwtfG7XqROELAoIBAQDAtNGyhw/n\nDTTbvr8/FFrGTwVVuT/V+AvwP7HYbXyAcF8C+v4s/LiOrpEoNN4+KxAV2m/PgRa+\nadnFae9A9I0gbS6/a02EUSDJotbl4l90RldXCAHnIQC1Eogb5OtKQ+1gpNomGG82\nTgh8uz34OTp1lG8ElGwpQsP6UeaYEqgutqe7RI3whwj2etpwScDpdT2qohTCj2sG\n8U5McFQX2l6y2ND/qUy3DOlJJFTqGH91XUrre/Qz2GFM85WaQn+BtQRCg3nu3GBQ\nJqnujp6vV8azO0oCN0pJ9rT1+PP80YT9/DQ1leCZrocQWUXEboo2tKgbZGTyp1uU\nEPC4gS1u5D5nAoIBAQDVIb1mCkPQNfiUzKaIP62qe1hbFijsokJQOkoDRkn8zPW6\noCdBayL08Z3Kb6QZ+t7+98vJHWnWdTdGOL91sbPxrnCkczHHZxLLBX8+JkeDPyaT\nTLK3/aejp/ZwcKsTpQA7eswjG7wp+JerI47bYR/a+M1tIUH18ybj81Eo2ueayjMZ\nfhDvnvF6/t3d2SGTAH8Z9fAtEb50LYce1PT37VCavJpa86405lVGJFTqfY96yIq+\nx0fGNENmthH0aw9TWbPElSSduuR8HcIPx3MNyCwsb23ceEHiUccZBQ5H1TMp43Vn\nxLaUTbLWypdUJ4F/9CA8MCmwPm+kOQPAB5b+QA6jAoIBAQCmSKEWAxOG1U+COrM+\nFCtMKY257dMWqCZtFhk5XyhqkAx8PuarHRuICzw4TH5leLU1ljqa/JIKlr4SahnI\nm/1XOL9473eBMJwxQbFbxp2FcNkWwVMbBNBebvJB16PsfnbLyRRwgO8eFfGe59dO\nZNt78Cxn8Ebwx6riSl/HY3n6bSSJJFuybGMghNwOvqWXDdK7dYaiaCz7Xaepr9fw\niT7j5tFZetY2sg5vTcl0AtWhCXKHhnsvbYxwYVP7O1xZKUDWwCqsIT9+ig5iSnDF\nbuGHcSaoiNsyvY5jHYIz6vtuSn0mrACVvBLR2aapHJVpJTRWBqhQ9nbAamm9W8I/\niPYLAoIBAQC6tWf6MBvgFqfBktaAnWhB5PQuN2d6hVqadbXI0JaYQ+UwrIQ3Jufk\ntJWKderIZ6FaszFu6bmCCgV2Gth+/kGpAyvipJeDG6S2/gXOKDKVo4jjmVknHary\nD34wWkNEXlOpx5V1XCKmkgQsBGZtgNQrO7KaW3wxPeVf5BPBOqOSUngZaPrlL9RT\n71nlswVahiDSWUUh9l1l4UxxkhVX7CmkpHyEGN0PsogZflJ1abF72prRLjqOQ9KX\n9AAeons2hWqaWB1PoB3xLRCISi1ccXNhKeyQKzlsTj+gh3FPNFIx6/U6BnX7zWVS\nDQAs1L75nJ9wmrCqmMeskdXbL8ryyKMJAoIBAQCzZ8vyNXekzF8yAgBU65STpu5G\nRyzulWvPWXgERUDvPEGuwSUN/7dzHfXIWCdbRPN48VDi4RpvfUDwRBOD8uZ6sw09\nGNhUjcU1XjO2Dog3RPagIQW2B/wLrIMDC9FRMDL2zdAT9azW1rSHawKqzEvfeNeD\na1PzhuASGpalfr4Hk94sCJLEO3z8uwh27N0os7WAZiMGrixLMuu9NE7BSxpOI5re\nEqJ0P8A/CCpbIo8iYMxOCSTIe50a9NgWxjbv0vt6rWianAkEKwT60QetQKlXGUwx\ngR7FPd/UW+6i2lZ6YQ2jLJfbUdZG4UrnaLaK8lUcIwM+s2JaUSllqsvMAHAG\n-----END RSA PRIVATE KEY-----\n",
            "content_base64": null,
            "content_base64sha256": "XnRJHu2vauGtXsaacd/Bg0a4Ls10fypwgvo5C/mnWlk=",
            "content_base64sha512": "vz1H+tYQdhEh3yC6lxwWsahS3oPaWkx4fiyyyIy1WR8pVn5XzfpFn0En4i2kNqMW5g3JzUydyxHJSiihDubOng==",
            "content_md5": "d7e042e1590032de0b0d909ee84a52e1",
            "content_sha1": "3ebfb7785ee3723a7a99c80add8ad67bc61b0288",
            "content_sha256": "5e74491eedaf6ae1ad5ec69a71dfc18346b82ecd747f2a7082fa390bf9a75a59",
            "content_sha512": "bf3d47fad610761121df20ba971c16b1a852de83da5a4c787e2cb2c88cb5591f29567e57cdfa459f4127e22da436a316e60dc9cd4c9dcb11c94a28a10ee6ce9e",
            "directory_permission": "0777",
            "file_permission": "0600",
            "filename": "./generated_chap_key.pem",
            "id": "3ebfb7785ee3723a7a99c80add8ad67bc61b0288",
            "sensitive_content": null,
            "source": null
          },
          "sensitive_attributes": [
            [
              {
                "type": "get_attr",
                "value": "content"
              }
            ],
            [
              {
                "type": "get_attr",
                "value": "sensitive_content"
              }
            ]
          ],
          "identity_schema_version": 0,
          "dependencies": [
            "tls_private_key.generated"
          ]
        }
      ]
    },
    {
      "mode": "managed",
      "type": "tls_private_key",
      "name": "generated",
      "provider": "provider[\"registry.terraform.io/hashicorp/tls\"]",
      "instances": [
        {
          "index_key": 0,
          "schema_version": 1,
          "attributes": {
            "algorithm": "RSA",
            "ecdsa_curve": "P224",
            "id": "bf24417044a36b8f6f9bfb0ac9a1bc9be852de66",
            "private_key_openssh": "-----BEGIN OPENSSH PRIVATE KEY-----\nb3BlbnNzaC1rZXktdjEAAAAABG5vbmUAAAAEbm9uZQAAAAAAAAABAAACFwAAAAdz\nc2gtcnNhAAAAAwEAAQAAAgEAoG/YWuD6G2K5iRLwgQb3nFYGI47EtUw6HYKkWSMn\nVQukFXUXxHp5IlGjuwcMcwadj5frtDi3paGytuORGhq5r9GsBUi2nFDZgaFFLwwi\nIzQqn5YDrDj+FcYdQH2nSTPn6RRnqp0GKRmaLGay0sUNENPs1B5dPe3kKO2mX3Lr\nCamU2Pb9Bkw9efaghwVwlMrvUhZemUusjc4/FbQMZiw/qipSkroqP1UejLHD4VNB\ni1uvOm4ZuuflXxJh8xfv9VkgmeOQrwbo/KRCbUFhgjxlHx78NTHRjS0p72FLpP1p\n7cBEHZ3fm+S2gu0moHf+hcxUsXJ1pmYXeAVtl9t9MCgZmkhtod3cK1Fx+CDghdAM\n6xcYlFQobn7JrqpHxLIPk4m1tHlm5KaOZQBm1IgcMhZXfI3hRZfsJMdZ/z1gmtLn\nmal2GGox7StS/6wVadFZiBjmpwkpwAQ2IuVBWGPiBsfEeRFjx5LiWIW5t+Lr5kT6\nYZd8JGHnQZDr9qf6hfes/9JbILIE/GWyEPkILTk1ajbnduKobmTa+K4L0dHFomYj\nOXVxNbYIr4sgHiJvXaLJFJucpilWjaIG9FN9xbtdGqxAwwk9ElPcU3dF04unS6VC\nVhw0KfiMMeyUPNkKZYFGVppVfLsKBfaI/j2V+HU1t35Hhy8By+fP9Bm+9Z5MUeJ9\nXZUAAAc40HWrutB1q7oAAAAHc3NoLXJzYQAAAgEAoG/YWuD6G2K5iRLwgQb3nFYG\nI47EtUw6HYKkWSMnVQukFXUXxHp5IlGjuwcMcwadj5frtDi3paGytuORGhq5r9Gs\nBUi2nFDZgaFFLwwiIzQqn5YDrDj+FcYdQH2nSTPn6RRnqp0GKRmaLGay0sUNENPs\n1B5dPe3kKO2mX3LrCamU2Pb9Bkw9efaghwVwlMrvUhZemUusjc4/FbQMZiw/qipS\nkroqP1UejLHD4VNBi1uvOm4ZuuflXxJh8xfv9VkgmeOQrwbo/KRCbUFhgjxlHx78\nNTHRjS0p72FLpP1p7cBEHZ3fm+S2gu0moHf+hcxUsXJ1pmYXeAVtl9t9MCgZmkht\nod3cK1Fx+CDghdAM6xcYlFQobn7JrqpHxLIPk4m1tHlm5KaOZQBm1IgcMhZXfI3h\nRZfsJMdZ/z1gmtLnmal2GGox7StS/6wVadFZiBjmpwkpwAQ2IuVBWGPiBsfEeRFj\nx5LiWIW5t+Lr5kT6YZd8JGHnQZDr9qf6hfes/9JbILIE/GWyEPkILTk1ajbnduKo\nbmTa+K4L0dHFomYjOXVxNbYIr4sgHiJvXaLJFJucpilWjaIG9FN9xbtdGqxAwwk9\nElPcU3dF04unS6VCVhw0KfiMMeyUPNkKZYFGVppVfLsKBfaI/j2V+HU1t35Hhy8B\ny+fP9Bm+9Z5MUeJ9XZUAAAADAQABAAAB/3EuJYS1w0KYkpYPIzwK/Adpj0ByUZkR\n6Z1HQ5+ocMkTR5xeD/BW+JYSrIpa2okTsLkmAn6IERBCqkG/hJsagLH40XhcRHbZ\ntZJ+mX+KnsbIhmJFv9QNC1pgBspXgBLqeZ6IMnuk8D2u962NSBxeczYO/+gr09y7\n0FAAM/eBSirtv+4sWXuN2dCrg4liruijHdxkDqOYwX8CDT2uQbGgU2eDadE28kGE\nQNQ8icNZ9gPZytCiP7G7wxbEp17jY4VA7wyR7jHbppBh0xFPTRiz4eO6qlS0WngT\nDJPplHsyQMwHoiQLXDj/tC/vIhINP1ZglaUbdu3u4GhVOcZiWa+h0Y/96oaSKo0C\n4EDgtf+LcvaPoiobj6ouR1v2ayRLN5X52UHEHjHoRR9KZwD6r07QivJeYwjuN/1P\n5ZZG+XrlZOOpkice/H/tVTox2Q8GD9jqapQNpymwiSh0+maQTDnyX6Yx5CcLAyy9\nDuVmCCV+3VtJ49GirWq4mJPvg3foi9RmzsIHJUVIAqc3d4GpWPg6HkwNhRL+iSub\nBT7XkzaB/kkbf++3UnPGqcrJGwR3OP+/bEv1CU8RolRcfe+8eE0I/dO8OTc35oxC\nxq5TKPKaUGbFltuAqWGQPyvn1hufUQWW19NbETMJhByPqCcJuqmaEs74NLZSMFIL\nC18btepE4QsAAAEBALNny/I1d6TMXzICAFTrlJOm7kZHLO6Va89ZeARFQO88Qa7B\nJQ3/t3Md9chYJ1tE83jxUOLhGm99QPBEE4Py5nqzDT0Y2FSNxTVeM7YOiDdE9qAh\nBbYH/AusgwML0VEwMvbN0BP1rNbWtIdrAqrMS99414NrU/OG4BIalqV+vgeT3iwI\nksQ7fPy7CHbs3SiztYBmIwauLEsy6700TsFLGk4jmt4SonQ/wD8IKlsijyJgzE4J\nJMh7nRr02BbGNu/S+3qtaJqcCQQrBPrRB61AqVcZTDGBHsU939Rb7qLaVnphDaMs\nl9tR1kbhSudotoryVRwjAz6zYlpRKWWqy8wAcAYAAAEBAMC00bKHD+cNNNu+vz8U\nWsZPBVW5P9X4C/A/sdhtfIBwXwL6/iz8uI6ukSg03j4rEBXab8+BFr5p2cVp70D0\njSBtLr9rTYRRIMmi1uXiX3RGV1cIAechALUSiBvk60pD7WCk2iYYbzZOCHy7Pfg5\nOnWUbwSUbClCw/pR5pgSqC62p7tEjfCHCPZ62nBJwOl1PaqiFMKPawbxTkxwVBfa\nXrLY0P+pTLcM6UkkVOoYf3VdSut79DPYYUzzlZpCf4G1BEKDee7cYFAmqe6Onq9X\nxrM7SgI3Skn2tPX48/zRhP38NDWV4JmuhxBZRcRuija0qBtkZPKnW5QQ8LiBLW7k\nPmcAAAEBANUhvWYKQ9A1+JTMpog/rap7WFsWKOyiQlA6SgNGSfzM9bqgJ0FrIvTx\nncpvpBn63v73y8kdadZ1N0Y4v3Wxs/GucKRzMcdnEssFfz4mR4M/JpNMsrf9p6On\n9nBwqxOlADt6zCMbvCn4l6sjjtthH9r4zW0hQfXzJuPzUSja55rKMxl+EO+e8Xr+\n3d3ZIZMAfxn18C0RvnQthx7U9PftUJq8mlrzrjTmVUYkVOp9j3rIir7HR8Y0Q2a2\nEfRrD1NZs8SVJJ265Hwdwg/Hcw3ILCxvbdx4QeJRxxkFDkfVMynjdWfEtpRNstbK\nl1QngX/0IDwwKbA+b6Q5A8AHlv5ADqMAAAAAAQID\n-----END OPENSSH PRIVATE KEY-----\n",
            "private_key_pem": "-----BEGIN RSA PRIVATE KEY-----\nMIIJKQIBAAKCAgEAoG/YWuD6G2K5iRLwgQb3nFYGI47EtUw6HYKkWSMnVQukFXUX\nxHp5IlGjuwcMcwadj5frtDi3paGytuORGhq5r9GsBUi2nFDZgaFFLwwiIzQqn5YD\nrDj+FcYdQH2nSTPn6RRnqp0GKRmaLGay0sUNENPs1B5dPe3kKO2mX3LrCamU2Pb9\nBkw9efaghwVwlMrvUhZemUusjc4/FbQMZiw/qipSkroqP1UejLHD4VNBi1uvOm4Z\nuuflXxJh8xfv9VkgmeOQrwbo/KRCbUFhgjxlHx78NTHRjS0p72FLpP1p7cBEHZ3f\nm+S2gu0moHf+hcxUsXJ1pmYXeAVtl9t9MCgZmkhtod3cK1Fx+CDghdAM6xcYlFQo\nbn7JrqpHxLIPk4m1tHlm5KaOZQBm1IgcMhZXfI3hRZfsJMdZ/z1gmtLnmal2GGox\n7StS/6wVadFZiBjmpwkpwAQ2IuVBWGPiBsfEeRFjx5LiWIW5t+Lr5kT6YZd8JGHn\nQZDr9qf6hfes/9JbILIE/GWyEPkILTk1ajbnduKobmTa+K4L0dHFomYjOXVxNbYI\nr4sgHiJvXaLJFJucpilWjaIG9FN9xbtdGqxAwwk9ElPcU3dF04unS6VCVhw0KfiM\nMeyUPNkKZYFGVppVfLsKBfaI/j2V+HU1t35Hhy8By+fP9Bm+9Z5MUeJ9XZUCAwEA\nAQKCAf9xLiWEtcNCmJKWDyM8CvwHaY9AclGZEemdR0OfqHDJE0ecXg/wVviWEqyK\nWtqJE7C5JgJ+iBEQQqpBv4SbGoCx+NF4XER22bWSfpl/ip7GyIZiRb/UDQtaYAbK\nV4AS6nmeiDJ7pPA9rvetjUgcXnM2Dv/oK9Pcu9BQADP3gUoq7b/uLFl7jdnQq4OJ\nYq7oox3cZA6jmMF/Ag09rkGxoFNng2nRNvJBhEDUPInDWfYD2crQoj+xu8MWxKde\n42OFQO8Mke4x26aQYdMRT00Ys+HjuqpUtFp4EwyT6ZR7MkDMB6IkC1w4/7Qv7yIS\nDT9WYJWlG3bt7uBoVTnGYlmvodGP/eqGkiqNAuBA4LX/i3L2j6IqG4+qLkdb9msk\nSzeV+dlBxB4x6EUfSmcA+q9O0IryXmMI7jf9T+WWRvl65WTjqZInHvx/7VU6MdkP\nBg/Y6mqUDacpsIkodPpmkEw58l+mMeQnCwMsvQ7lZgglft1bSePRoq1quJiT74N3\n6IvUZs7CByVFSAKnN3eBqVj4Oh5MDYUS/okrmwU+15M2gf5JG3/vt1JzxqnKyRsE\ndzj/v2xL9QlPEaJUXH3vvHhNCP3TvDk3N+aMQsauUyjymlBmxZbbgKlhkD8r59Yb\nn1EFltfTWxEzCYQcj6gnCbqpmhLO+DS2UjBSCwtfG7XqROELAoIBAQDAtNGyhw/n\nDTTbvr8/FFrGTwVVuT/V+AvwP7HYbXyAcF8C+v4s/LiOrpEoNN4+KxAV2m/PgRa+\nadnFae9A9I0gbS6/a02EUSDJotbl4l90RldXCAHnIQC1Eogb5OtKQ+1gpNomGG82\nTgh8uz34OTp1lG8ElGwpQsP6UeaYEqgutqe7RI3whwj2etpwScDpdT2qohTCj2sG\n8U5McFQX2l6y2ND/qUy3DOlJJFTqGH91XUrre/Qz2GFM85WaQn+BtQRCg3nu3GBQ\nJqnujp6vV8azO0oCN0pJ9rT1+PP80YT9/DQ1leCZrocQWUXEboo2tKgbZGTyp1uU\nEPC4gS1u5D5nAoIBAQDVIb1mCkPQNfiUzKaIP62qe1hbFijsokJQOkoDRkn8zPW6\noCdBayL08Z3Kb6QZ+t7+98vJHWnWdTdGOL91sbPxrnCkczHHZxLLBX8+JkeDPyaT\nTLK3/aejp/ZwcKsTpQA7eswjG7wp+JerI47bYR/a+M1tIUH18ybj81Eo2ueayjMZ\nfhDvnvF6/t3d2SGTAH8Z9fAtEb50LYce1PT37VCavJpa86405lVGJFTqfY96yIq+\nx0fGNENmthH0aw9TWbPElSSduuR8HcIPx3MNyCwsb23ceEHiUccZBQ5H1TMp43Vn\nxLaUTbLWypdUJ4F/9CA8MCmwPm+kOQPAB5b+QA6jAoIBAQCmSKEWAxOG1U+COrM+\nFCtMKY257dMWqCZtFhk5XyhqkAx8PuarHRuICzw4TH5leLU1ljqa/JIKlr4SahnI\nm/1XOL9473eBMJwxQbFbxp2FcNkWwVMbBNBebvJB16PsfnbLyRRwgO8eFfGe59dO\nZNt78Cxn8Ebwx6riSl/HY3n6bSSJJFuybGMghNwOvqWXDdK7dYaiaCz7Xaepr9fw\niT7j5tFZetY2sg5vTcl0AtWhCXKHhnsvbYxwYVP7O1xZKUDWwCqsIT9+ig5iSnDF\nbuGHcSaoiNsyvY5jHYIz6vtuSn0mrACVvBLR2aapHJVpJTRWBqhQ9nbAamm9W8I/\niPYLAoIBAQC6tWf6MBvgFqfBktaAnWhB5PQuN2d6hVqadbXI0JaYQ+UwrIQ3Jufk\ntJWKderIZ6FaszFu6bmCCgV2Gth+/kGpAyvipJeDG6S2/gXOKDKVo4jjmVknHary\nD34wWkNEXlOpx5V1XCKmkgQsBGZtgNQrO7KaW3wxPeVf5BPBOqOSUngZaPrlL9RT\n71nlswVahiDSWUUh9l1l4UxxkhVX7CmkpHyEGN0PsogZflJ1abF72prRLjqOQ9KX\n9AAeons2hWqaWB1PoB3xLRCISi1ccXNhKeyQKzlsTj+gh3FPNFIx6/U6BnX7zWVS\nDQAs1L75nJ9wmrCqmMeskdXbL8ryyKMJAoIBAQCzZ8vyNXekzF8yAgBU65STpu5G\nRyzulWvPWXgERUDvPEGuwSUN/7dzHfXIWCdbRPN48VDi4RpvfUDwRBOD8uZ6sw09\nGNhUjcU1XjO2Dog3RPagIQW2B/wLrIMDC9FRMDL2zdAT9azW1rSHawKqzEvfeNeD\na1PzhuASGpalfr4Hk94sCJLEO3z8uwh27N0os7WAZiMGrixLMuu9NE7BSxpOI5re\nEqJ0P8A/CCpbIo8iYMxOCSTIe50a9NgWxjbv0vt6rWianAkEKwT60QetQKlXGUwx\ngR7FPd/UW+6i2lZ6YQ2jLJfbUdZG4UrnaLaK8lUcIwM+s2JaUSllqsvMAHAG\n-----END RSA PRIVATE KEY-----\n",
            "private_key_pem_pkcs8": "-----BEGIN PRIVATE KEY-----\nMIIJQwIBADANBgkqhkiG9w0BAQEFAASCCS0wggkpAgEAAoICAQCgb9ha4PobYrmJ\nEvCBBvecVgYjjsS1TDodgqRZIydVC6QVdRfEenkiUaO7BwxzBp2Pl+u0OLelobK2\n45EaGrmv0awFSLacUNmBoUUvDCIjNCqflgOsOP4Vxh1AfadJM+fpFGeqnQYpGZos\nZrLSxQ0Q0+zUHl097eQo7aZfcusJqZTY9v0GTD159qCHBXCUyu9SFl6ZS6yNzj8V\ntAxmLD+qKlKSuio/VR6MscPhU0GLW686bhm65+VfEmHzF+/1WSCZ45CvBuj8pEJt\nQWGCPGUfHvw1MdGNLSnvYUuk/WntwEQdnd+b5LaC7Sagd/6FzFSxcnWmZhd4BW2X\n230wKBmaSG2h3dwrUXH4IOCF0AzrFxiUVChufsmuqkfEsg+TibW0eWbkpo5lAGbU\niBwyFld8jeFFl+wkx1n/PWCa0ueZqXYYajHtK1L/rBVp0VmIGOanCSnABDYi5UFY\nY+IGx8R5EWPHkuJYhbm34uvmRPphl3wkYedBkOv2p/qF96z/0lsgsgT8ZbIQ+Qgt\nOTVqNud24qhuZNr4rgvR0cWiZiM5dXE1tgiviyAeIm9doskUm5ymKVaNogb0U33F\nu10arEDDCT0SU9xTd0XTi6dLpUJWHDQp+Iwx7JQ82QplgUZWmlV8uwoF9oj+PZX4\ndTW3fkeHLwHL58/0Gb71nkxR4n1dlQIDAQABAoIB/3EuJYS1w0KYkpYPIzwK/Adp\nj0ByUZkR6Z1HQ5+ocMkTR5xeD/BW+JYSrIpa2okTsLkmAn6IERBCqkG/hJsagLH4\n0XhcRHbZtZJ+mX+KnsbIhmJFv9QNC1pgBspXgBLqeZ6IMnuk8D2u962NSBxeczYO\n/+gr09y70FAAM/eBSirtv+4sWXuN2dCrg4liruijHdxkDqOYwX8CDT2uQbGgU2eD\nadE28kGEQNQ8icNZ9gPZytCiP7G7wxbEp17jY4VA7wyR7jHbppBh0xFPTRiz4eO6\nqlS0WngTDJPplHsyQMwHoiQLXDj/tC/vIhINP1ZglaUbdu3u4GhVOcZiWa+h0Y/9\n6oaSKo0C4EDgtf+LcvaPoiobj6ouR1v2ayRLN5X52UHEHjHoRR9KZwD6r07QivJe\nYwjuN/1P5ZZG+XrlZOOpkice/H/tVTox2Q8GD9jqapQNpymwiSh0+maQTDnyX6Yx\n5CcLAyy9DuVmCCV+3VtJ49GirWq4mJPvg3foi9RmzsIHJUVIAqc3d4GpWPg6HkwN\nhRL+iSubBT7XkzaB/kkbf++3UnPGqcrJGwR3OP+/bEv1CU8RolRcfe+8eE0I/dO8\nOTc35oxCxq5TKPKaUGbFltuAqWGQPyvn1hufUQWW19NbETMJhByPqCcJuqmaEs74\nNLZSMFILC18btepE4QsCggEBAMC00bKHD+cNNNu+vz8UWsZPBVW5P9X4C/A/sdht\nfIBwXwL6/iz8uI6ukSg03j4rEBXab8+BFr5p2cVp70D0jSBtLr9rTYRRIMmi1uXi\nX3RGV1cIAechALUSiBvk60pD7WCk2iYYbzZOCHy7Pfg5OnWUbwSUbClCw/pR5pgS\nqC62p7tEjfCHCPZ62nBJwOl1PaqiFMKPawbxTkxwVBfaXrLY0P+pTLcM6UkkVOoY\nf3VdSut79DPYYUzzlZpCf4G1BEKDee7cYFAmqe6Onq9XxrM7SgI3Skn2tPX48/zR\nhP38NDWV4JmuhxBZRcRuija0qBtkZPKnW5QQ8LiBLW7kPmcCggEBANUhvWYKQ9A1\n+JTMpog/rap7WFsWKOyiQlA6SgNGSfzM9bqgJ0FrIvTxncpvpBn63v73y8kdadZ1\nN0Y4v3Wxs/GucKRzMcdnEssFfz4mR4M/JpNMsrf9p6On9nBwqxOlADt6zCMbvCn4\nl6sjjtthH9r4zW0hQfXzJuPzUSja55rKMxl+EO+e8Xr+3d3ZIZMAfxn18C0RvnQt\nhx7U9PftUJq8mlrzrjTmVUYkVOp9j3rIir7HR8Y0Q2a2EfRrD1NZs8SVJJ265Hwd\nwg/Hcw3ILCxvbdx4QeJRxxkFDkfVMynjdWfEtpRNstbKl1QngX/0IDwwKbA+b6Q5\nA8AHlv5ADqMCggEBAKZIoRYDE4bVT4I6sz4UK0wpjbnt0xaoJm0WGTlfKGqQDHw+\n5qsdG4gLPDhMfmV4tTWWOpr8kgqWvhJqGcib/Vc4v3jvd4EwnDFBsVvGnYVw2RbB\nUxsE0F5u8kHXo+x+dsvJFHCA7x4V8Z7n105k23vwLGfwRvDHquJKX8djefptJIkk\nW7JsYyCE3A6+pZcN0rt1hqJoLPtdp6mv1/CJPuPm0Vl61jayDm9NyXQC1aEJcoeG\ney9tjHBhU/s7XFkpQNbAKqwhP36KDmJKcMVu4YdxJqiI2zK9jmMdgjPq+25KfSas\nAJW8EtHZpqkclWklNFYGqFD2dsBqab1bwj+I9gsCggEBALq1Z/owG+AWp8GS1oCd\naEHk9C43Z3qFWpp1tcjQlphD5TCshDcm5+S0lYp16shnoVqzMW7puYIKBXYa2H7+\nQakDK+Kkl4MbpLb+Bc4oMpWjiOOZWScdqvIPfjBaQ0ReU6nHlXVcIqaSBCwEZm2A\n1Cs7sppbfDE95V/kE8E6o5JSeBlo+uUv1FPvWeWzBVqGINJZRSH2XWXhTHGSFVfs\nKaSkfIQY3Q+yiBl+UnVpsXvamtEuOo5D0pf0AB6iezaFappYHU+gHfEtEIhKLVxx\nc2Ep7JArOWxOP6CHcU80UjHr9ToGdfvNZVINACzUvvmcn3CasKqYx6yR1dsvyvLI\nowkCggEBALNny/I1d6TMXzICAFTrlJOm7kZHLO6Va89ZeARFQO88Qa7BJQ3/t3Md\n9chYJ1tE83jxUOLhGm99QPBEE4Py5nqzDT0Y2FSNxTVeM7YOiDdE9qAhBbYH/Aus\ngwML0VEwMvbN0BP1rNbWtIdrAqrMS99414NrU/OG4BIalqV+vgeT3iwIksQ7fPy7\nCHbs3SiztYBmIwauLEsy6700TsFLGk4jmt4SonQ/wD8IKlsijyJgzE4JJMh7nRr0\n2BbGNu/S+3qtaJqcCQQrBPrRB61AqVcZTDGBHsU939Rb7qLaVnphDaMsl9tR1kbh\nSudotoryVRwjAz6zYlpRKWWqy8wAcAY=\n-----END PRIVATE KEY-----\n",
            "public_key_fingerprint_md5": "c7:42:a6:b4:a7:3a:40:9d:0d:57:9b:30:fb:1a:fe:05",
            "public_key_fingerprint_sha256": "SHA256:x3hZ03n++FsnApN+FCH38mJ3pBFEPmEStOhMq+QqsbE",
            "public_key_openssh": "ssh-rsa AAAAB3NzaC1yc2EAAAADAQABAAACAQCgb9ha4PobYrmJEvCBBvecVgYjjsS1TDodgqRZIydVC6QVdRfEenkiUaO7BwxzBp2Pl+u0OLelobK245EaGrmv0awFSLacUNmBoUUvDCIjNCqflgOsOP4Vxh1AfadJM+fpFGeqnQYpGZosZrLSxQ0Q0+zUHl097eQo7aZfcusJqZTY9v0GTD159qCHBXCUyu9SFl6ZS6yNzj8VtAxmLD+qKlKSuio/VR6MscPhU0GLW686bhm65+VfEmHzF+/1WSCZ45CvBuj8pEJtQWGCPGUfHvw1MdGNLSnvYUuk/WntwEQdnd+b5LaC7Sagd/6FzFSxcnWmZhd4BW2X230wKBmaSG2h3dwrUXH4IOCF0AzrFxiUVChufsmuqkfEsg+TibW0eWbkpo5lAGbUiBwyFld8jeFFl+wkx1n/PWCa0ueZqXYYajHtK1L/rBVp0VmIGOanCSnABDYi5UFYY+IGx8R5EWPHkuJYhbm34uvmRPphl3wkYedBkOv2p/qF96z/0lsgsgT8ZbIQ+QgtOTVqNud24qhuZNr4rgvR0cWiZiM5dXE1tgiviyAeIm9doskUm5ymKVaNogb0U33Fu10arEDDCT0SU9xTd0XTi6dLpUJWHDQp+Iwx7JQ82QplgUZWmlV8uwoF9oj+PZX4dTW3fkeHLwHL58/0Gb71nkxR4n1dlQ==\n",
            "public_key_pem": "-----BEGIN PUBLIC KEY-----\nMIICIjANBgkqhkiG9w0BAQEFAAOCAg8AMIICCgKCAgEAoG/YWuD6G2K5iRLwgQb3\nnFYGI47EtUw6HYKkWSMnVQukFXUXxHp5IlGjuwcMcwadj5frtDi3paGytuORGhq5\nr9GsBUi2nFDZgaFFLwwiIzQqn5YDrDj+FcYdQH2nSTPn6RRnqp0GKRmaLGay0sUN\nENPs1B5dPe3kKO2mX3LrCamU2Pb9Bkw9efaghwVwlMrvUhZemUusjc4/FbQMZiw/\nqipSkroqP1UejLHD4VNBi1uvOm4ZuuflXxJh8xfv9VkgmeOQrwbo/KRCbUFhgjxl\nHx78NTHRjS0p72FLpP1p7cBEHZ3fm+S2gu0moHf+hcxUsXJ1pmYXeAVtl9t9MCgZ\nmkhtod3cK1Fx+CDghdAM6xcYlFQobn7JrqpHxLIPk4m1tHlm5KaOZQBm1IgcMhZX\nfI3hRZfsJMdZ/z1gmtLnmal2GGox7StS/6wVadFZiBjmpwkpwAQ2IuVBWGPiBsfE\neRFjx5LiWIW5t+Lr5kT6YZd8JGHnQZDr9qf6hfes/9JbILIE/GWyEPkILTk1ajbn\nduKobmTa+K4L0dHFomYjOXVxNbYIr4sgHiJvXaLJFJucpilWjaIG9FN9xbtdGqxA\nwwk9ElPcU3dF04unS6VCVhw0KfiMMeyUPNkKZYFGVppVfLsKBfaI/j2V+HU1t35H\nhy8By+fP9Bm+9Z5MUeJ9XZUCAwEAAQ==\n-----END PUBLIC KEY-----\n",
            "rsa_bits": 4096
          },
          "sensitive_attributes": [
            [
              {
                "type": "get_attr",
                "value": "private_key_openssh"
              }
            ],
            [
              {
                "type": "get_attr",
                "value": "private_key_pem"
              }
            ],
            [
              {
                "type": "get_attr",
                "value": "private_key_pem_pkcs8"
              }
            ]
          ],
          "identity_schema_version": 0
        }
      ]
    }
  ],
  "check_results": null
}
