{
  "version": 4,
  "terraform_version": "1.12.2",
  "serial": 84,
  "lineage": "e85191c4-9439-7a37-05d5-7cee13689f35",
  "outputs": {},
  "resources": [
    {
      "mode": "data",
      "type": "aws_ami",
      "name": "amazon_linux_2",
      "provider": "provider[\"registry.terraform.io/hashicorp/aws\"]",
      "instances": [
        {
          "schema_version": 0,
          "attributes": {
            "architecture": "x86_64",
            "arn": "arn:aws:ec2:ap-northeast-1::image/ami-094a7934e53c6d469",
            "block_device_mappings": [
              {
                "device_name": "/dev/xvda",
                "ebs": {
                  "delete_on_termination": "true",
                  "encrypted": "false",
                  "iops": "0",
                  "snapshot_id": "snap-0d752b5bc3283ef3f",
                  "throughput": "0",
                  "volume_initialization_rate": "0",
                  "volume_size": "8",
                  "volume_type": "gp2"
                },
                "no_device": "",
                "virtual_name": ""
              }
            ],
            "boot_mode": "",
            "creation_date": "2025-10-03T00:17:03.000Z",
            "deprecation_time": "2026-01-01T00:00:00.000Z",
            "description": "Amazon Linux 2 AMI 2.0.20250929.2 x86_64 HVM gp2",
            "ena_support": true,
            "executable_users": null,
            "filter": [
              {
                "name": "name",
                "values": [
                  "amzn2-ami-hvm-*-x86_64-gp2"
                ]
              }
            ],
            "hypervisor": "xen",
            "id": "ami-094a7934e53c6d469",
            "image_id": "ami-094a7934e53c6d469",
            "image_location": "amazon/amzn2-ami-hvm-2.0.20250929.2-x86_64-gp2",
            "image_owner_alias": "amazon",
            "image_type": "machine",
            "imds_support": "",
            "include_deprecated": false,
            "kernel_id": "",
            "last_launched_time": "",
            "most_recent": true,
            "name": "amzn2-ami-hvm-2.0.20250929.2-x86_64-gp2",
            "name_regex": null,
            "owner_id": "137112412989",
            "owners": [
              "amazon"
            ],
            "platform": "",
            "platform_details": "Linux/UNIX",
            "product_codes": [],
            "public": true,
            "ramdisk_id": "",
            "root_device_name": "/dev/xvda",
            "root_device_type": "ebs",
            "root_snapshot_id": "snap-0d752b5bc3283ef3f",
            "sriov_net_support": "simple",
            "state": "available",
            "state_reason": {
              "code": "UNSET",
              "message": "UNSET"
            },
            "tags": {},
            "timeouts": null,
            "tpm_support": "",
            "uefi_data": null,
            "usage_operation": "RunInstances",
            "virtualization_type": "hvm"
          },
          "sensitive_attributes": [],
          "identity_schema_version": 0
        }
      ]
    },
    {
      "mode": "data",
      "type": "cloudflare_zone",
      "name": "chap",
      "provider": "provider[\"registry.terraform.io/cloudflare/cloudflare\"]",
      "instances": [
        {
          "schema_version": 0,
          "attributes": {
            "account_id": "e3800962ed5e416e565f49c823868cf3",
            "id": "9b2ce9edf8a533de1ce9a308f62196e2",
            "name": "chap-app.jp",
            "name_servers": [
              "nero.ns.cloudflare.com",
              "wanda.ns.cloudflare.com"
            ],
            "paused": false,
            "plan": "Free Website",
            "status": "active",
            "vanity_name_servers": [],
            "zone_id": "9b2ce9edf8a533de1ce9a308f62196e2"
          },
          "sensitive_attributes": [],
          "identity_schema_version": 0
        }
      ]
    },
    {
      "mode": "managed",
      "type": "aws_acm_certificate",
      "name": "api_cert",
      "provider": "provider[\"registry.terraform.io/hashicorp/aws\"]",
      "instances": [
        {
          "schema_version": 0,
          "attributes": {
            "arn": "arn:aws:acm:ap-northeast-1:833542146404:certificate/2872fedf-c146-4c29-beca-000226ea39da",
            "certificate_authority_arn": "",
            "certificate_body": null,
            "certificate_chain": null,
            "domain_name": "api.chap-app.jp",
            "domain_validation_options": [
              {
                "domain_name": "api.chap-app.jp",
                "resource_record_name": "_f0c896325834847be66829d1b59a6718.api.chap-app.jp.",
                "resource_record_type": "CNAME",
                "resource_record_value": "_a744bcc8654219e1226a2bbaccd45438.xlfgrmvvlj.acm-validations.aws."
              }
            ],
            "early_renewal_duration": "",
            "id": "arn:aws:acm:ap-northeast-1:833542146404:certificate/2872fedf-c146-4c29-beca-000226ea39da",
            "key_algorithm": "RSA_2048",
            "not_after": "2026-11-09T23:59:59Z",
            "not_before": "2025-10-11T00:00:00Z",
            "options": [
              {
                "certificate_transparency_logging_preference": "ENABLED"
              }
            ],
            "pending_renewal": false,
            "private_key": null,
            "renewal_eligibility": "ELIGIBLE",
            "renewal_summary": [],
            "status": "ISSUED",
            "subject_alternative_names": [
              "api.chap-app.jp"
            ],
            "tags": {},
            "tags_all": {},
            "type": "AMAZON_ISSUED",
            "validation_emails": [],
            "validation_method": "DNS",
            "validation_option": []
          },
          "sensitive_attributes": [
            [
              {
                "type": "get_attr",
                "value": "private_key"
              }
            ]
          ],
          "identity_schema_version": 0,
          "private": "bnVsbA=="
        }
      ]
    },
    {
      "mode": "managed",
      "type": "aws_api_gateway_deployment",
      "name": "main",
      "provider": "provider[\"registry.terraform.io/hashicorp/aws\"]",
      "instances": [
        {
          "schema_version": 0,
          "attributes": {
            "canary_settings": [],
            "created_date": "2025-10-11T16:01:36Z",
            "description": "",
            "execution_arn": "arn:aws:execute-api:ap-northeast-1:833542146404:o2vv1gby0e/prod",
            "id": "gzh0w3",
            "invoke_url": "https://o2vv1gby0e.execute-api.ap-northeast-1.amazonaws.com/prod",
            "rest_api_id": "o2vv1gby0e",
            "stage_description": null,
            "stage_name": "prod",
            "triggers": null,
            "variables": null
          },
          "sensitive_attributes": [],
          "identity_schema_version": 0,
          "private": "bnVsbA==",
          "dependencies": [
            "aws_api_gateway_integration.lambda_image",
            "aws_api_gateway_integration.proxy_ec2",
            "aws_api_gateway_method.post_image",
            "aws_api_gateway_method.proxy_any",
            "aws_api_gateway_resource.api",
            "aws_api_gateway_resource.image_endpoint",
            "aws_api_gateway_resource.proxy",
            "aws_api_gateway_resource.v1",
            "aws_api_gateway_rest_api.api_gateway",
            "aws_iam_instance_profile.ec2_profile",
            "aws_iam_role.ec2_role",
            "aws_iam_role.lambda_exec",
            "aws_instance.web",
            "aws_key_pair.my_key",
            "aws_lambda_function.image_compress",
            "aws_security_group.allow_http",
            "aws_subnet.public",
            "aws_vpc.main",
            "data.aws_ami.amazon_linux_2",
            "tls_private_key.generated"
          ]
        }
      ]
    },
    {
      "mode": "managed",
      "type": "aws_api_gateway_deployment",
      "name": "stage",
      "provider": "provider[\"registry.terraform.io/hashicorp/aws\"]",
      "instances": [
        {
          "schema_version": 0,
          "attributes": {
            "canary_settings": [],
            "created_date": "2025-10-11T16:09:48Z",
            "description": "",
            "execution_arn": "arn:aws:execute-api:ap-northeast-1:833542146404:o2vv1gby0e/",
            "id": "o1v20w",
            "invoke_url": "https://o2vv1gby0e.execute-api.ap-northeast-1.amazonaws.com/",
            "rest_api_id": "o2vv1gby0e",
            "stage_description": null,
            "stage_name": null,
            "triggers": {
              "redeployment": "2be88ca4242c76e8253ac62474851065032d6833"
            },
            "variables": null
          },
          "sensitive_attributes": [],
          "identity_schema_version": 0,
          "private": "bnVsbA==",
          "dependencies": [
            "aws_api_gateway_rest_api.api_gateway"
          ]
        }
      ]
    },
    {
      "mode": "managed",
      "type": "aws_api_gateway_domain_name",
      "name": "custom_domain",
      "provider": "provider[\"registry.terraform.io/hashicorp/aws\"]",
      "instances": [
        {
          "schema_version": 0,
          "attributes": {
            "arn": "arn:aws:apigateway:ap-northeast-1::/domainnames/api.chap-app.jp",
            "certificate_arn": "",
            "certificate_body": null,
            "certificate_chain": null,
            "certificate_name": "",
            "certificate_private_key": null,
            "certificate_upload_date": "2025-10-11T12:47:02Z",
            "cloudfront_domain_name": "",
            "cloudfront_zone_id": "Z2FDTNDATAQYW2",
            "domain_name": "api.chap-app.jp",
            "domain_name_id": "",
            "endpoint_configuration": [
              {
                "ip_address_type": "ipv4",
                "types": [
                  "REGIONAL"
                ]
              }
            ],
            "id": "api.chap-app.jp",
            "mutual_tls_authentication": [],
            "ownership_verification_certificate_arn": "",
            "policy": "",
            "regional_certificate_arn": "arn:aws:acm:ap-northeast-1:833542146404:certificate/2872fedf-c146-4c29-beca-000226ea39da",
            "regional_certificate_name": "",
            "regional_domain_name": "d-bzzaj2bzc0.execute-api.ap-northeast-1.amazonaws.com",
            "regional_zone_id": "Z1YSHQZHG15GKL",
            "security_policy": "TLS_1_2",
            "tags": {},
            "tags_all": {}
          },
          "sensitive_attributes": [
            [
              {
                "type": "get_attr",
                "value": "certificate_private_key"
              }
            ]
          ],
          "identity_schema_version": 0,
          "private": "bnVsbA==",
          "dependencies": [
            "aws_acm_certificate.api_cert"
          ]
        }
      ]
    },
    {
      "mode": "managed",
      "type": "aws_api_gateway_integration",
      "name": "lambda_image",
      "provider": "provider[\"registry.terraform.io/hashicorp/aws\"]",
      "instances": [
        {
          "schema_version": 0,
          "attributes": {
            "cache_key_parameters": [],
            "cache_namespace": "r8x7by",
            "connection_id": "",
            "connection_type": "INTERNET",
            "content_handling": "",
            "credentials": "",
            "http_method": "POST",
            "id": "agi-o2vv1gby0e-r8x7by-POST",
            "integration_http_method": "POST",
            "passthrough_behavior": "WHEN_NO_MATCH",
            "request_parameters": {},
            "request_templates": {},
            "resource_id": "r8x7by",
            "rest_api_id": "o2vv1gby0e",
            "timeout_milliseconds": 29000,
            "tls_config": [],
            "type": "AWS_PROXY",
            "uri": "arn:aws:apigateway:ap-northeast-1:lambda:path/2015-03-31/functions/arn:aws:lambda:ap-northeast-1:833542146404:function:chap-image-compress/invocations"
          },
          "sensitive_attributes": [],
          "identity_schema_version": 0,
          "private": "bnVsbA==",
          "dependencies": [
            "aws_api_gateway_method.post_image",
            "aws_api_gateway_resource.api",
            "aws_api_gateway_resource.image_endpoint",
            "aws_api_gateway_resource.v1",
            "aws_api_gateway_rest_api.api_gateway",
            "aws_iam_role.lambda_exec",
            "aws_lambda_function.image_compress"
          ]
        }
      ]
    },
    {
      "mode": "managed",
      "type": "aws_api_gateway_integration",
      "name": "proxy_ec2",
      "provider": "provider[\"registry.terraform.io/hashicorp/aws\"]",
      "instances": [
        {
          "schema_version": 0,
          "attributes": {
            "cache_key_parameters": [],
            "cache_namespace": "gjw2ws",
            "connection_id": "",
            "connection_type": "INTERNET",
            "content_handling": "",
            "credentials": "",
            "http_method": "ANY",
            "id": "agi-o2vv1gby0e-gjw2ws-ANY",
            "integration_http_method": "ANY",
            "passthrough_behavior": "WHEN_NO_MATCH",
            "request_parameters": {},
            "request_templates": {},
            "resource_id": "gjw2ws",
            "rest_api_id": "o2vv1gby0e",
            "timeout_milliseconds": 29000,
            "tls_config": [],
            "type": "HTTP_PROXY",
            "uri": "http://18.183.216.238:8081/{proxy}"
          },
          "sensitive_attributes": [],
          "identity_schema_version": 0,
          "private": "bnVsbA==",
          "dependencies": [
            "aws_api_gateway_method.proxy_any",
            "aws_api_gateway_resource.proxy",
            "aws_api_gateway_rest_api.api_gateway",
            "aws_iam_instance_profile.ec2_profile",
            "aws_iam_role.ec2_role",
            "aws_instance.web",
            "aws_key_pair.my_key",
            "aws_security_group.allow_http",
            "aws_subnet.public",
            "aws_vpc.main",
            "data.aws_ami.amazon_linux_2",
            "tls_private_key.generated"
          ]
        }
      ]
    },
    {
      "mode": "managed",
      "type": "aws_api_gateway_method",
      "name": "post_image",
      "provider": "provider[\"registry.terraform.io/hashicorp/aws\"]",
      "instances": [
        {
          "schema_version": 0,
          "attributes": {
            "api_key_required": false,
            "authorization": "NONE",
            "authorization_scopes": [],
            "authorizer_id": "",
            "http_method": "POST",
            "id": "agm-o2vv1gby0e-r8x7by-POST",
            "operation_name": "",
            "request_models": {},
            "request_parameters": {},
            "request_validator_id": "",
            "resource_id": "r8x7by",
            "rest_api_id": "o2vv1gby0e"
          },
          "sensitive_attributes": [],
          "identity_schema_version": 0,
          "private": "bnVsbA==",
          "dependencies": [
            "aws_api_gateway_resource.api",
            "aws_api_gateway_resource.image_endpoint",
            "aws_api_gateway_resource.v1",
            "aws_api_gateway_rest_api.api_gateway"
          ]
        }
      ]
    },
    {
      "mode": "managed",
      "type": "aws_api_gateway_method",
      "name": "proxy_any",
      "provider": "provider[\"registry.terraform.io/hashicorp/aws\"]",
      "instances": [
        {
          "schema_version": 0,
          "attributes": {
            "api_key_required": false,
            "authorization": "NONE",
            "authorization_scopes": [],
            "authorizer_id": "",
            "http_method": "ANY",
            "id": "agm-o2vv1gby0e-gjw2ws-ANY",
            "operation_name": "",
            "request_models": {},
            "request_parameters": {},
            "request_validator_id": "",
            "resource_id": "gjw2ws",
            "rest_api_id": "o2vv1gby0e"
          },
          "sensitive_attributes": [],
          "identity_schema_version": 0,
          "private": "bnVsbA==",
          "dependencies": [
            "aws_api_gateway_resource.proxy",
            "aws_api_gateway_rest_api.api_gateway"
          ]
        }
      ]
    },
    {
      "mode": "managed",
      "type": "aws_api_gateway_resource",
      "name": "api",
      "provider": "provider[\"registry.terraform.io/hashicorp/aws\"]",
      "instances": [
        {
          "schema_version": 0,
          "attributes": {
            "id": "i0i2wu",
            "parent_id": "tujxuv8u1c",
            "path": "/api",
            "path_part": "api",
            "rest_api_id": "o2vv1gby0e"
          },
          "sensitive_attributes": [],
          "identity_schema_version": 0,
          "private": "bnVsbA==",
          "dependencies": [
            "aws_api_gateway_rest_api.api_gateway"
          ]
        }
      ]
    },
    {
      "mode": "managed",
      "type": "aws_api_gateway_resource",
      "name": "image_endpoint",
      "provider": "provider[\"registry.terraform.io/hashicorp/aws\"]",
      "instances": [
        {
          "schema_version": 0,
          "attributes": {
            "id": "r8x7by",
            "parent_id": "jb8siq",
            "path": "/api/v1/image",
            "path_part": "image",
            "rest_api_id": "o2vv1gby0e"
          },
          "sensitive_attributes": [],
          "identity_schema_version": 0,
          "private": "bnVsbA==",
          "dependencies": [
            "aws_api_gateway_resource.api",
            "aws_api_gateway_resource.v1",
            "aws_api_gateway_rest_api.api_gateway"
          ]
        }
      ]
    },
    {
      "mode": "managed",
      "type": "aws_api_gateway_resource",
      "name": "proxy",
      "provider": "provider[\"registry.terraform.io/hashicorp/aws\"]",
      "instances": [
        {
          "schema_version": 0,
          "attributes": {
            "id": "gjw2ws",
            "parent_id": "tujxuv8u1c",
            "path": "/{proxy+}",
            "path_part": "{proxy+}",
            "rest_api_id": "o2vv1gby0e"
          },
          "sensitive_attributes": [],
          "identity_schema_version": 0,
          "private": "bnVsbA==",
          "dependencies": [
            "aws_api_gateway_rest_api.api_gateway"
          ]
        }
      ]
    },
    {
      "mode": "managed",
      "type": "aws_api_gateway_resource",
      "name": "v1",
      "provider": "provider[\"registry.terraform.io/hashicorp/aws\"]",
      "instances": [
        {
          "schema_version": 0,
          "attributes": {
            "id": "jb8siq",
            "parent_id": "i0i2wu",
            "path": "/api/v1",
            "path_part": "v1",
            "rest_api_id": "o2vv1gby0e"
          },
          "sensitive_attributes": [],
          "identity_schema_version": 0,
          "private": "bnVsbA==",
          "dependencies": [
            "aws_api_gateway_resource.api",
            "aws_api_gateway_rest_api.api_gateway"
          ]
        }
      ]
    },
    {
      "mode": "managed",
      "type": "aws_api_gateway_rest_api",
      "name": "api_gateway",
      "provider": "provider[\"registry.terraform.io/hashicorp/aws\"]",
      "instances": [
        {
          "schema_version": 0,
          "attributes": {
            "api_key_source": "HEADER",
            "arn": "arn:aws:apigateway:ap-northeast-1::/restapis/o2vv1gby0e",
            "binary_media_types": [
              "image/jpeg",
              "image/png",
              "multipart/form-data",
              "application/octet-stream"
            ],
            "body": null,
            "created_date": "2025-10-11T15:43:02Z",
            "description": "API Gateway for CHAP service",
            "disable_execute_api_endpoint": false,
            "endpoint_configuration": [
              {
                "ip_address_type": "ipv4",
                "types": [
                  "EDGE"
                ],
                "vpc_endpoint_ids": []
              }
            ],
            "execution_arn": "arn:aws:execute-api:ap-northeast-1:833542146404:o2vv1gby0e",
            "fail_on_warnings": null,
            "id": "o2vv1gby0e",
            "minimum_compression_size": "",
            "name": "chap-api-gateway",
            "parameters": null,
            "policy": "",
            "put_rest_api_mode": null,
            "root_resource_id": "tujxuv8u1c",
            "tags": {},
            "tags_all": {}
          },
          "sensitive_attributes": [],
          "identity_schema_version": 0,
          "private": "bnVsbA=="
        }
      ]
    },
    {
      "mode": "managed",
      "type": "aws_api_gateway_stage",
      "name": "prod",
      "provider": "provider[\"registry.terraform.io/hashicorp/aws\"]",
      "instances": [
        {
          "schema_version": 0,
          "attributes": {
            "access_log_settings": [],
            "arn": "arn:aws:apigateway:ap-northeast-1::/restapis/o2vv1gby0e/stages/prod",
            "cache_cluster_enabled": false,
            "cache_cluster_size": "",
            "canary_settings": [],
            "client_certificate_id": "",
            "deployment_id": "o1v20w",
            "description": "",
            "documentation_version": "",
            "execution_arn": "arn:aws:execute-api:ap-northeast-1:833542146404:o2vv1gby0e/prod",
            "id": "ags-o2vv1gby0e-prod",
            "invoke_url": "https://o2vv1gby0e.execute-api.ap-northeast-1.amazonaws.com/prod",
            "rest_api_id": "o2vv1gby0e",
            "stage_name": "prod",
            "tags": {},
            "tags_all": {},
            "variables": {},
            "web_acl_arn": "",
            "xray_tracing_enabled": false
          },
          "sensitive_attributes": [],
          "identity_schema_version": 0,
          "private": "bnVsbA==",
          "dependencies": [
            "aws_api_gateway_deployment.stage",
            "aws_api_gateway_rest_api.api_gateway"
          ]
        }
      ]
    },
    {
      "mode": "managed",
      "type": "aws_db_instance",
      "name": "app_db",
      "provider": "provider[\"registry.terraform.io/hashicorp/aws\"]",
      "instances": [
        {
          "schema_version": 2,
          "attributes": {
            "address": "chap-app-db.cnk6okq6gfoz.ap-northeast-1.rds.amazonaws.com",
            "allocated_storage": 20,
            "allow_major_version_upgrade": null,
            "apply_immediately": null,
            "arn": "arn:aws:rds:ap-northeast-1:833542146404:db:chap-app-db",
            "auto_minor_version_upgrade": true,
            "availability_zone": "ap-northeast-1c",
            "backup_retention_period": 0,
            "backup_target": "region",
            "backup_window": "13:21-13:51",
            "blue_green_update": [],
            "ca_cert_identifier": "rds-ca-rsa2048-g1",
            "character_set_name": "",
            "copy_tags_to_snapshot": false,
            "custom_iam_instance_profile": "",
            "customer_owned_ip_enabled": false,
            "database_insights_mode": "standard",
            "db_name": "chapdb",
            "db_subnet_group_name": "rds-private-default",
            "dedicated_log_volume": false,
            "delete_automated_backups": true,
            "deletion_protection": false,
            "domain": "",
            "domain_auth_secret_arn": "",
            "domain_dns_ips": [],
            "domain_fqdn": "",
            "domain_iam_role_name": "",
            "domain_ou": "",
            "enabled_cloudwatch_logs_exports": [],
            "endpoint": "chap-app-db.cnk6okq6gfoz.ap-northeast-1.rds.amazonaws.com:5432",
            "engine": "postgres",
            "engine_lifecycle_support": "open-source-rds-extended-support",
            "engine_version": "17.4",
            "engine_version_actual": "17.4",
            "final_snapshot_identifier": null,
            "hosted_zone_id": "Z24O6O9L7SGTNB",
            "iam_database_authentication_enabled": false,
            "id": "db-RI5NX23IBNUDN2TDBVCEEGITSM",
            "identifier": "chap-app-db",
            "identifier_prefix": "",
            "instance_class": "db.t3.micro",
            "iops": 0,
            "kms_key_id": "",
            "latest_restorable_time": "",
            "license_model": "postgresql-license",
            "listener_endpoint": [],
            "maintenance_window": "sat:17:09-sat:17:39",
            "manage_master_user_password": null,
            "master_user_secret": [],
            "master_user_secret_kms_key_id": null,
            "max_allocated_storage": 0,
            "monitoring_interval": 0,
            "monitoring_role_arn": "",
            "multi_az": false,
            "nchar_character_set_name": "",
            "network_type": "IPV4",
            "option_group_name": "default:postgres-17",
            "parameter_group_name": "default.postgres17",
            "password": null,
            "password_wo": null,
            "password_wo_version": null,
            "performance_insights_enabled": false,
            "performance_insights_kms_key_id": "",
            "performance_insights_retention_period": 0,
            "port": 5432,
            "publicly_accessible": false,
            "replica_mode": "",
            "replicas": [],
            "replicate_source_db": "",
            "resource_id": "db-RI5NX23IBNUDN2TDBVCEEGITSM",
            "restore_to_point_in_time": [],
            "s3_import": [],
            "skip_final_snapshot": true,
            "snapshot_identifier": null,
            "status": "available",
            "storage_encrypted": false,
            "storage_throughput": 0,
            "storage_type": "gp2",
            "tags": {},
            "tags_all": {},
            "timeouts": null,
            "timezone": "",
            "upgrade_storage_config": null,
            "username": "uzak",
            "vpc_security_group_ids": [
              "sg-0503d8e4e3d629b2f"
            ]
          },
          "sensitive_attributes": [
            [
              {
                "type": "get_attr",
                "value": "password"
              }
            ],
            [
              {
                "type": "get_attr",
                "value": "password_wo"
              }
            ]
          ],
          "identity_schema_version": 0,
          "private": "eyJlMmJmYjczMC1lY2FhLTExZTYtOGY4OC0zNDM2M2JjN2M0YzAiOnsiY3JlYXRlIjozMDAwMDAwMDAwMDAwLCJkZWxldGUiOjM2MDAwMDAwMDAwMDAsInVwZGF0ZSI6NDgwMDAwMDAwMDAwMH0sInNjaGVtYV92ZXJzaW9uIjoiMiJ9",
          "dependencies": [
            "aws_db_subnet_group.main",
            "aws_security_group.db_sg",
            "aws_security_group.ec2_sg",
            "aws_subnet.private",
            "aws_subnet.private_b",
            "aws_vpc.main"
          ]
        }
      ]
    },
    {
      "mode": "managed",
      "type": "aws_db_subnet_group",
      "name": "main",
      "provider": "provider[\"registry.terraform.io/hashicorp/aws\"]",
      "instances": [
        {
          "schema_version": 0,
          "attributes": {
            "arn": "arn:aws:rds:ap-northeast-1:833542146404:subgrp:rds-private-default",
            "description": "Managed by Terraform",
            "id": "rds-private-default",
            "name": "rds-private-default",
            "name_prefix": "",
            "subnet_ids": [
              "subnet-0495ad256e5ffda97",
              "subnet-0f8190601453b406d"
            ],
            "supported_network_types": [
              "IPV4"
            ],
            "tags": {},
            "tags_all": {},
            "vpc_id": "vpc-061e9a9446e6aa60c"
          },
          "sensitive_attributes": [],
          "identity_schema_version": 0,
          "private": "bnVsbA==",
          "dependencies": [
            "aws_subnet.private",
            "aws_subnet.private_b",
            "aws_vpc.main"
          ]
        }
      ]
    },
    {
      "mode": "managed",
      "type": "aws_iam_instance_profile",
      "name": "ec2_profile",
      "provider": "provider[\"registry.terraform.io/hashicorp/aws\"]",
      "instances": [
        {
          "schema_version": 0,
          "attributes": {
            "arn": "arn:aws:iam::833542146404:instance-profile/ec2-instance-profile",
            "create_date": "2025-10-11T04:47:34Z",
            "id": "ec2-instance-profile",
            "name": "ec2-instance-profile",
            "name_prefix": "",
            "path": "/",
            "role": "ec2-deploy-role",
            "tags": {},
            "tags_all": {},
            "unique_id": "AIPA4EEX3ZFSA47ZORJ6P"
          },
          "sensitive_attributes": [],
          "identity_schema_version": 0,
          "private": "eyJzY2hlbWFfdmVyc2lvbiI6IjAifQ==",
          "dependencies": [
            "aws_iam_role.ec2_role"
          ]
        }
      ]
    },
    {
      "mode": "managed",
      "type": "aws_iam_role",
      "name": "ec2_role",
      "provider": "provider[\"registry.terraform.io/hashicorp/aws\"]",
      "instances": [
        {
          "schema_version": 0,
          "attributes": {
            "arn": "arn:aws:iam::833542146404:role/ec2-deploy-role",
            "assume_role_policy": "{\"Statement\":[{\"Action\":\"sts:AssumeRole\",\"Effect\":\"Allow\",\"Principal\":{\"Service\":\"ec2.amazonaws.com\"}}],\"Version\":\"2012-10-17\"}",
            "create_date": "2025-10-11T13:03:07Z",
            "description": "",
            "force_detach_policies": false,
            "id": "ec2-deploy-role",
            "inline_policy": [],
            "managed_policy_arns": [
              "arn:aws:iam::aws:policy/AmazonSSMManagedInstanceCore"
            ],
            "max_session_duration": 3600,
            "name": "ec2-deploy-role",
            "name_prefix": "",
            "path": "/",
            "permissions_boundary": "",
            "tags": {},
            "tags_all": {},
            "unique_id": "AROA4EEX3ZFSFCTDGDNGL"
          },
          "sensitive_attributes": [],
          "identity_schema_version": 0,
          "private": "eyJzY2hlbWFfdmVyc2lvbiI6IjAifQ=="
        }
      ]
    },
    {
      "mode": "managed",
      "type": "aws_iam_role",
      "name": "lambda_exec",
      "provider": "provider[\"registry.terraform.io/hashicorp/aws\"]",
      "instances": [
        {
          "schema_version": 0,
          "attributes": {
            "arn": "arn:aws:iam::833542146404:role/chap-lambda-exec-role",
            "assume_role_policy": "{\"Statement\":[{\"Action\":\"sts:AssumeRole\",\"Effect\":\"Allow\",\"Principal\":{\"Service\":\"lambda.amazonaws.com\"}}],\"Version\":\"2012-10-17\"}",
            "create_date": "2025-10-11T13:03:07Z",
            "description": "",
            "force_detach_policies": false,
            "id": "chap-lambda-exec-role",
            "inline_policy": [],
            "managed_policy_arns": [
              "arn:aws:iam::aws:policy/service-role/AWSLambdaBasicExecutionRole"
            ],
            "max_session_duration": 3600,
            "name": "chap-lambda-exec-role",
            "name_prefix": "",
            "path": "/",
            "permissions_boundary": "",
            "tags": {},
            "tags_all": {},
            "unique_id": "AROA4EEX3ZFSF6DC7WVYX"
          },
          "sensitive_attributes": [],
          "identity_schema_version": 0,
          "private": "eyJzY2hlbWFfdmVyc2lvbiI6IjAifQ=="
        }
      ]
    },
    {
      "mode": "managed",
      "type": "aws_iam_role_policy_attachment",
      "name": "lambda_basic_exec",
      "provider": "provider[\"registry.terraform.io/hashicorp/aws\"]",
      "instances": [
        {
          "schema_version": 0,
          "attributes": {
            "id": "chap-lambda-exec-role-20251011155208382600000002",
            "policy_arn": "arn:aws:iam::aws:policy/service-role/AWSLambdaBasicExecutionRole",
            "role": "chap-lambda-exec-role"
          },
          "sensitive_attributes": [],
          "identity_schema_version": 0,
          "private": "bnVsbA==",
          "dependencies": [
            "aws_iam_role.lambda_exec"
          ]
        }
      ]
    },
    {
      "mode": "managed",
      "type": "aws_iam_role_policy_attachment",
      "name": "ssm",
      "provider": "provider[\"registry.terraform.io/hashicorp/aws\"]",
      "instances": [
        {
          "schema_version": 0,
          "attributes": {
            "id": "ec2-deploy-role-20251011155208337400000001",
            "policy_arn": "arn:aws:iam::aws:policy/AmazonSSMManagedInstanceCore",
            "role": "ec2-deploy-role"
          },
          "sensitive_attributes": [],
          "identity_schema_version": 0,
          "private": "bnVsbA==",
          "dependencies": [
            "aws_iam_role.ec2_role"
          ]
        }
      ]
    },
    {
      "mode": "managed",
      "type": "aws_instance",
      "name": "web",
      "provider": "provider[\"registry.terraform.io/hashicorp/aws\"]",
      "instances": [
        {
          "schema_version": 1,
          "attributes": {
            "ami": "ami-094a7934e53c6d469",
            "arn": "arn:aws:ec2:ap-northeast-1:833542146404:instance/i-0d7c4ea1e0c1f89bb",
            "associate_public_ip_address": true,
            "availability_zone": "ap-northeast-1a",
            "capacity_reservation_specification": [
              {
                "capacity_reservation_preference": "open",
                "capacity_reservation_target": []
              }
            ],
            "cpu_core_count": 1,
            "cpu_options": [
              {
                "amd_sev_snp": "",
                "core_count": 1,
                "threads_per_core": 1
              }
            ],
            "cpu_threads_per_core": 1,
            "credit_specification": [
              {
                "cpu_credits": "standard"
              }
            ],
            "disable_api_stop": false,
            "disable_api_termination": false,
            "ebs_block_device": [],
            "ebs_optimized": false,
            "enable_primary_ipv6": null,
            "enclave_options": [
              {
                "enabled": false
              }
            ],
            "ephemeral_block_device": [],
            "get_password_data": false,
            "hibernation": false,
            "host_id": "",
            "host_resource_group_arn": null,
            "iam_instance_profile": "ec2-instance-profile",
            "id": "i-0d7c4ea1e0c1f89bb",
            "instance_initiated_shutdown_behavior": "stop",
            "instance_lifecycle": "",
            "instance_market_options": [],
            "instance_state": "running",
            "instance_type": "t2.micro",
            "ipv6_address_count": 0,
            "ipv6_addresses": [],
            "key_name": "my-key",
            "launch_template": [],
            "maintenance_options": [
              {
                "auto_recovery": "default"
              }
            ],
            "metadata_options": [
              {
                "http_endpoint": "enabled",
                "http_protocol_ipv6": "disabled",
                "http_put_response_hop_limit": 1,
                "http_tokens": "optional",
                "instance_metadata_tags": "disabled"
              }
            ],
            "monitoring": false,
            "network_interface": [],
            "outpost_arn": "",
            "password_data": "",
            "placement_group": "",
            "placement_partition_number": 0,
            "primary_network_interface_id": "eni-0dc082c29341c1eec",
            "private_dns": "ip-10-0-1-141.ap-northeast-1.compute.internal",
            "private_dns_name_options": [
              {
                "enable_resource_name_dns_a_record": false,
                "enable_resource_name_dns_aaaa_record": false,
                "hostname_type": "ip-name"
              }
            ],
            "private_ip": "10.0.1.141",
            "public_dns": "",
            "public_ip": "18.183.216.238",
            "root_block_device": [
              {
                "delete_on_termination": true,
                "device_name": "/dev/xvda",
                "encrypted": false,
                "iops": 100,
                "kms_key_id": "",
                "tags": {},
                "tags_all": {},
                "throughput": 0,
                "volume_id": "vol-0f49ecd37bcfb54d8",
                "volume_size": 8,
                "volume_type": "gp2"
              }
            ],
            "secondary_private_ips": [],
            "security_groups": [],
            "source_dest_check": true,
            "spot_instance_request_id": "",
            "subnet_id": "subnet-0f7ac93c55aebbaa1",
            "tags": {
              "Name": "API-EC2"
            },
            "tags_all": {
              "Name": "API-EC2"
            },
            "tenancy": "default",
            "timeouts": null,
            "user_data": null,
            "user_data_base64": null,
            "user_data_replace_on_change": false,
            "volume_tags": null,
            "vpc_security_group_ids": [
              "sg-0de2e9e95863a3608"
            ]
          },
          "sensitive_attributes": [],
          "identity_schema_version": 0,
          "private": "eyJlMmJmYjczMC1lY2FhLTExZTYtOGY4OC0zNDM2M2JjN2M0YzAiOnsiY3JlYXRlIjo2MDAwMDAwMDAwMDAsImRlbGV0ZSI6MTIwMDAwMDAwMDAwMCwicmVhZCI6OTAwMDAwMDAwMDAwLCJ1cGRhdGUiOjYwMDAwMDAwMDAwMH0sInNjaGVtYV92ZXJzaW9uIjoiMSJ9",
          "dependencies": [
            "aws_iam_instance_profile.ec2_profile",
            "aws_iam_role.ec2_role",
            "aws_key_pair.my_key",
            "aws_security_group.allow_http",
            "aws_subnet.public",
            "aws_vpc.main",
            "data.aws_ami.amazon_linux_2",
            "tls_private_key.generated"
          ]
        }
      ]
    },
    {
      "mode": "managed",
      "type": "aws_internet_gateway",
      "name": "igw",
      "provider": "provider[\"registry.terraform.io/hashicorp/aws\"]",
      "instances": [
        {
          "schema_version": 0,
          "attributes": {
            "arn": "arn:aws:ec2:ap-northeast-1:833542146404:internet-gateway/igw-08f61943d762abef5",
            "id": "igw-08f61943d762abef5",
            "owner_id": "833542146404",
            "tags": {},
            "tags_all": {},
            "timeouts": null,
            "vpc_id": "vpc-0080e9a289453b711"
          },
          "sensitive_attributes": [],
          "identity_schema_version": 0,
          "private": "eyJlMmJmYjczMC1lY2FhLTExZTYtOGY4OC0zNDM2M2JjN2M0YzAiOnsiY3JlYXRlIjoxMjAwMDAwMDAwMDAwLCJkZWxldGUiOjEyMDAwMDAwMDAwMDAsInVwZGF0ZSI6MTIwMDAwMDAwMDAwMH19",
          "dependencies": [
            "aws_vpc.main"
          ]
        }
      ]
    },
    {
      "mode": "managed",
      "type": "aws_key_pair",
      "name": "my_key",
      "provider": "provider[\"registry.terraform.io/hashicorp/aws\"]",
      "instances": [
        {
          "schema_version": 1,
          "attributes": {
            "arn": "arn:aws:ec2:ap-northeast-1:833542146404:key-pair/my-key",
            "fingerprint": "ff:ab:be:bb:1b:5b:19:1d:e4:2e:43:5c:5f:1e:8d:36",
            "id": "my-key",
            "key_name": "my-key",
            "key_name_prefix": "",
            "key_pair_id": "key-05c6f991bbe1d02a2",
            "key_type": "rsa",
            "public_key": "ssh-rsa AAAAB3NzaC1yc2EAAAADAQABAAACAQDpUjA2/Itzd0yDzLdFib4qi8in+7FQeoL7IlvH3EyICOWC92OqVZ2kI02QVc9TvM6mwRGjeFhYw7dcCA4I3/cQalXoM9/IbKxZnCtmxD8jy3ydLnLxSw7LhbAk71Zttmn34DuO4+vu3mY8i1eF1zRGlYBwFY47/0FZI3QZ2OxdREi1KMCPf4Iq6/7LDbNDQuLYyHPl4RbNgAjUuAIxacA+mRI667Zy3ZxaXjnbQZAqeuC+Pe8CmA3orjenhZQpV/c2jGwwibIvyMREnFvseZQfx6MftWh9qCK53HMefUfFMyq34RE6H/nWlgibBtQ9TpxPFp/NtPUDmXcEYxF0NrIvz4wA4FGXTAin8Ywz0gsz0VvKcceUwykOArDWGPubMq3BghV3S3KoUzTSlejJrQip6qZ0GxAQ+y08Sz5dZG40wRGNC8d2uf8/AR+27vWUJOwZnOuUHv0cGjQ62rk6pyk1TB+wZyRb4Ifd0nobL6MPHWHmCmMQzfKb9xOuafdP3W4l3/jRn2X/GkXIO/newCS72oKbB8QKvBXi8yDSFiITCBeF2+3OBc+NgX6PgzUEjadsuweolsgsTXxvBSH5WtjedGjALIH0EulrnZxrExTRoVjzOGyvuoc8aqAUKKZBp03cCX/RzQ2s2Q+yRQuZA9vsTUYsTxFlt8iM/YfMKZWuaw==",
            "tags": {},
            "tags_all": {}
          },
          "sensitive_attributes": [],
          "identity_schema_version": 0,
          "private": "eyJzY2hlbWFfdmVyc2lvbiI6IjEifQ==",
          "dependencies": [
            "tls_private_key.generated"
          ]
        }
      ]
    },
    {
      "mode": "managed",
      "type": "aws_lambda_function",
      "name": "image_compress",
      "provider": "provider[\"registry.terraform.io/hashicorp/aws\"]",
      "instances": [
        {
          "schema_version": 0,
          "attributes": {
            "architectures": [
              "x86_64"
            ],
            "arn": "arn:aws:lambda:ap-northeast-1:833542146404:function:chap-image-compress",
            "code_sha256": "WQsDw2gIJvWGZT/qp7S8C19Nxe4t89B1nrVP+b+N37M=",
            "code_signing_config_arn": "",
            "dead_letter_config": [],
            "description": "",
            "environment": [],
            "ephemeral_storage": [
              {
                "size": 512
              }
            ],
            "file_system_config": [],
            "filename": "./../lambda/chap_image_lambda.zip",
            "function_name": "chap-image-compress",
            "handler": "bootstrap",
            "id": "chap-image-compress",
            "image_config": [],
            "image_uri": "",
            "invoke_arn": "arn:aws:apigateway:ap-northeast-1:lambda:path/2015-03-31/functions/arn:aws:lambda:ap-northeast-1:833542146404:function:chap-image-compress/invocations",
            "kms_key_arn": "",
            "last_modified": "2025-10-11T16:12:22.000+0000",
            "layers": [],
            "logging_config": [
              {
                "application_log_level": "",
                "log_format": "Text",
                "log_group": "/aws/lambda/chap-image-compress",
                "system_log_level": ""
              }
            ],
            "memory_size": 256,
            "package_type": "Zip",
            "publish": true,
            "qualified_arn": "arn:aws:lambda:ap-northeast-1:833542146404:function:chap-image-compress:4",
            "qualified_invoke_arn": "arn:aws:apigateway:ap-northeast-1:lambda:path/2015-03-31/functions/arn:aws:lambda:ap-northeast-1:833542146404:function:chap-image-compress:4/invocations",
            "replace_security_groups_on_destroy": null,
            "replacement_security_group_ids": null,
            "reserved_concurrent_executions": -1,
            "role": "arn:aws:iam::833542146404:role/chap-lambda-exec-role",
            "runtime": "provided.al2",
            "s3_bucket": null,
            "s3_key": null,
            "s3_object_version": null,
            "signing_job_arn": "",
            "signing_profile_version_arn": "",
            "skip_destroy": false,
            "snap_start": [],
            "source_code_hash": "WQsDw2gIJvWGZT/qp7S8C19Nxe4t89B1nrVP+b+N37M=",
            "source_code_size": 1902612,
            "tags": {},
            "tags_all": {},
            "timeout": 30,
            "timeouts": null,
            "tracing_config": [
              {
                "mode": "PassThrough"
              }
            ],
            "version": "4",
            "vpc_config": []
          },
          "sensitive_attributes": [],
          "identity_schema_version": 0,
          "private": "eyJlMmJmYjczMC1lY2FhLTExZTYtOGY4OC0zNDM2M2JjN2M0YzAiOnsiY3JlYXRlIjo2MDAwMDAwMDAwMDAsImRlbGV0ZSI6NjAwMDAwMDAwMDAwLCJ1cGRhdGUiOjYwMDAwMDAwMDAwMH19",
          "dependencies": [
            "aws_iam_role.lambda_exec"
          ]
        }
      ]
    },
    {
      "mode": "managed",
      "type": "aws_lambda_permission",
      "name": "api_gateway",
      "provider": "provider[\"registry.terraform.io/hashicorp/aws\"]",
      "instances": [
        {
          "schema_version": 0,
          "attributes": {
            "action": "lambda:InvokeFunction",
            "event_source_token": null,
            "function_name": "chap-image-compress",
            "function_url_auth_type": null,
            "id": "AllowAPIGatewayInvoke",
            "principal": "apigateway.amazonaws.com",
            "principal_org_id": null,
            "qualifier": "",
            "source_account": null,
            "source_arn": "arn:aws:execute-api:ap-northeast-1:833542146404:o2vv1gby0e/*/*",
            "statement_id": "AllowAPIGatewayInvoke",
            "statement_id_prefix": ""
          },
          "sensitive_attributes": [],
          "identity_schema_version": 0,
          "private": "bnVsbA==",
          "dependencies": [
            "aws_api_gateway_rest_api.api_gateway",
            "aws_iam_role.lambda_exec",
            "aws_lambda_function.image_compress"
          ]
        }
      ]
    },
    {
      "mode": "managed",
      "type": "aws_route_table",
      "name": "public",
      "provider": "provider[\"registry.terraform.io/hashicorp/aws\"]",
      "instances": [
        {
          "schema_version": 0,
          "attributes": {
            "arn": "arn:aws:ec2:ap-northeast-1:833542146404:route-table/rtb-0a1a3c9d823ae324c",
            "id": "rtb-0a1a3c9d823ae324c",
            "owner_id": "833542146404",
            "propagating_vgws": [],
            "route": [
              {
                "carrier_gateway_id": "",
                "cidr_block": "0.0.0.0/0",
                "core_network_arn": "",
                "destination_prefix_list_id": "",
                "egress_only_gateway_id": "",
                "gateway_id": "igw-08f61943d762abef5",
                "ipv6_cidr_block": "",
                "local_gateway_id": "",
                "nat_gateway_id": "",
                "network_interface_id": "",
                "transit_gateway_id": "",
                "vpc_endpoint_id": "",
                "vpc_peering_connection_id": ""
              }
            ],
            "tags": {},
            "tags_all": {},
            "timeouts": null,
            "vpc_id": "vpc-0080e9a289453b711"
          },
          "sensitive_attributes": [],
          "identity_schema_version": 0,
          "private": "eyJlMmJmYjczMC1lY2FhLTExZTYtOGY4OC0zNDM2M2JjN2M0YzAiOnsiY3JlYXRlIjozMDAwMDAwMDAwMDAsImRlbGV0ZSI6MzAwMDAwMDAwMDAwLCJ1cGRhdGUiOjEyMDAwMDAwMDAwMH19",
          "dependencies": [
            "aws_internet_gateway.igw",
            "aws_vpc.main"
          ]
        }
      ]
    },
    {
      "mode": "managed",
      "type": "aws_route_table_association",
      "name": "public_assoc",
      "provider": "provider[\"registry.terraform.io/hashicorp/aws\"]",
      "instances": [
        {
          "schema_version": 0,
          "attributes": {
            "gateway_id": "",
            "id": "rtbassoc-019deb3e7bd6b5ac7",
            "route_table_id": "rtb-0a1a3c9d823ae324c",
            "subnet_id": "subnet-0f7ac93c55aebbaa1",
            "timeouts": null
          },
          "sensitive_attributes": [],
          "identity_schema_version": 0,
          "private": "eyJlMmJmYjczMC1lY2FhLTExZTYtOGY4OC0zNDM2M2JjN2M0YzAiOnsiY3JlYXRlIjozMDAwMDAwMDAwMDAsImRlbGV0ZSI6MzAwMDAwMDAwMDAwLCJ1cGRhdGUiOjEyMDAwMDAwMDAwMH19",
          "dependencies": [
            "aws_internet_gateway.igw",
            "aws_route_table.public",
            "aws_subnet.public",
            "aws_vpc.main"
          ]
        }
      ]
    },
    {
      "mode": "managed",
      "type": "aws_security_group",
      "name": "allow_http",
      "provider": "provider[\"registry.terraform.io/hashicorp/aws\"]",
      "instances": [
        {
          "schema_version": 1,
          "attributes": {
            "arn": "arn:aws:ec2:ap-northeast-1:833542146404:security-group/sg-0de2e9e95863a3608",
            "description": "Allow SSH and HTTP inbound traffic",
            "egress": [
              {
                "cidr_blocks": [
                  "0.0.0.0/0"
                ],
                "description": "",
                "from_port": 0,
                "ipv6_cidr_blocks": [],
                "prefix_list_ids": [],
                "protocol": "-1",
                "security_groups": [],
                "self": false,
                "to_port": 0
              }
            ],
            "id": "sg-0de2e9e95863a3608",
            "ingress": [
              {
                "cidr_blocks": [
                  "0.0.0.0/0"
                ],
                "description": "",
                "from_port": 80,
                "ipv6_cidr_blocks": [],
                "prefix_list_ids": [],
                "protocol": "tcp",
                "security_groups": [],
                "self": false,
                "to_port": 80
              }
            ],
            "name": "allow_ssh_http",
            "name_prefix": "",
            "owner_id": "833542146404",
            "revoke_rules_on_delete": false,
            "tags": {},
            "tags_all": {},
            "timeouts": null,
            "vpc_id": "vpc-0080e9a289453b711"
          },
          "sensitive_attributes": [],
          "identity_schema_version": 0,
          "private": "eyJlMmJmYjczMC1lY2FhLTExZTYtOGY4OC0zNDM2M2JjN2M0YzAiOnsiY3JlYXRlIjo2MDAwMDAwMDAwMDAsImRlbGV0ZSI6OTAwMDAwMDAwMDAwfSwic2NoZW1hX3ZlcnNpb24iOiIxIn0=",
          "dependencies": [
            "aws_vpc.main"
          ]
        }
      ]
    },
    {
      "mode": "managed",
      "type": "aws_security_group",
      "name": "db_sg",
      "provider": "provider[\"registry.terraform.io/hashicorp/aws\"]",
      "instances": [
        {
          "schema_version": 1,
          "attributes": {
            "arn": "arn:aws:ec2:ap-northeast-1:833542146404:security-group/sg-0f43ba0d80cc63b62",
            "description": "Allow EC2 access to RDS",
            "egress": [
              {
                "cidr_blocks": [
                  "0.0.0.0/0"
                ],
                "description": "",
                "from_port": 0,
                "ipv6_cidr_blocks": [],
                "prefix_list_ids": [],
                "protocol": "-1",
                "security_groups": [],
                "self": false,
                "to_port": 0
              }
            ],
            "id": "sg-0f43ba0d80cc63b62",
            "ingress": [
              {
                "cidr_blocks": [],
                "description": "",
                "from_port": 5432,
                "ipv6_cidr_blocks": [],
                "prefix_list_ids": [],
                "protocol": "tcp",
                "security_groups": [
                  "sg-0f4d0f2c8f65a145d"
                ],
                "self": false,
                "to_port": 5432
              }
            ],
            "name": "chap-db-sg",
            "name_prefix": "",
            "owner_id": "833542146404",
            "revoke_rules_on_delete": false,
            "tags": {},
            "tags_all": {},
            "timeouts": null,
            "vpc_id": "vpc-0080e9a289453b711"
          },
          "sensitive_attributes": [],
          "identity_schema_version": 0,
          "private": "eyJlMmJmYjczMC1lY2FhLTExZTYtOGY4OC0zNDM2M2JjN2M0YzAiOnsiY3JlYXRlIjo2MDAwMDAwMDAwMDAsImRlbGV0ZSI6OTAwMDAwMDAwMDAwfSwic2NoZW1hX3ZlcnNpb24iOiIxIn0=",
          "dependencies": [
            "aws_security_group.ec2_sg",
            "aws_vpc.main"
          ]
        }
      ]
    },
    {
      "mode": "managed",
      "type": "aws_security_group",
      "name": "ec2_sg",
      "provider": "provider[\"registry.terraform.io/hashicorp/aws\"]",
      "instances": [
        {
          "schema_version": 1,
          "attributes": {
            "arn": "arn:aws:ec2:ap-northeast-1:833542146404:security-group/sg-0f4d0f2c8f65a145d",
            "description": "SG for API EC2",
            "egress": [
              {
                "cidr_blocks": [
                  "0.0.0.0/0"
                ],
                "description": "",
                "from_port": 0,
                "ipv6_cidr_blocks": [],
                "prefix_list_ids": [],
                "protocol": "-1",
                "security_groups": [],
                "self": false,
                "to_port": 0
              }
            ],
            "id": "sg-0f4d0f2c8f65a145d",
            "ingress": [
              {
                "cidr_blocks": [
                  "0.0.0.0/0"
                ],
                "description": "",
                "from_port": 443,
                "ipv6_cidr_blocks": [],
                "prefix_list_ids": [],
                "protocol": "tcp",
                "security_groups": [],
                "self": false,
                "to_port": 443
              },
              {
                "cidr_blocks": [
                  "0.0.0.0/0"
                ],
                "description": "",
                "from_port": 80,
                "ipv6_cidr_blocks": [],
                "prefix_list_ids": [],
                "protocol": "tcp",
                "security_groups": [],
                "self": false,
                "to_port": 80
              }
            ],
            "name": "ec2-sg",
            "name_prefix": "",
            "owner_id": "833542146404",
            "revoke_rules_on_delete": false,
            "tags": {},
            "tags_all": {},
            "timeouts": null,
            "vpc_id": "vpc-0080e9a289453b711"
          },
          "sensitive_attributes": [],
          "identity_schema_version": 0,
          "private": "eyJlMmJmYjczMC1lY2FhLTExZTYtOGY4OC0zNDM2M2JjN2M0YzAiOnsiY3JlYXRlIjo2MDAwMDAwMDAwMDAsImRlbGV0ZSI6OTAwMDAwMDAwMDAwfSwic2NoZW1hX3ZlcnNpb24iOiIxIn0=",
          "dependencies": [
            "aws_vpc.main"
          ]
        }
      ]
    },
    {
      "mode": "managed",
      "type": "aws_security_group",
      "name": "lambda_sg",
      "provider": "provider[\"registry.terraform.io/hashicorp/aws\"]",
      "instances": [
        {
          "schema_version": 1,
          "attributes": {
            "arn": "arn:aws:ec2:ap-northeast-1:833542146404:security-group/sg-0fb16af19c6d50fff",
            "description": "Managed by Terraform",
            "egress": [],
            "id": "sg-0fb16af19c6d50fff",
            "ingress": [],
            "name": "chap-lambda-sg",
            "name_prefix": "",
            "owner_id": "833542146404",
            "revoke_rules_on_delete": false,
            "tags": {},
            "tags_all": {},
            "timeouts": null,
            "vpc_id": "vpc-0080e9a289453b711"
          },
          "sensitive_attributes": [],
          "identity_schema_version": 0,
          "private": "eyJlMmJmYjczMC1lY2FhLTExZTYtOGY4OC0zNDM2M2JjN2M0YzAiOnsiY3JlYXRlIjo2MDAwMDAwMDAwMDAsImRlbGV0ZSI6OTAwMDAwMDAwMDAwfSwic2NoZW1hX3ZlcnNpb24iOiIxIn0=",
          "dependencies": [
            "aws_vpc.main"
          ]
        }
      ]
    },
    {
      "mode": "managed",
      "type": "aws_subnet",
      "name": "private",
      "provider": "provider[\"registry.terraform.io/hashicorp/aws\"]",
      "instances": [
        {
          "schema_version": 1,
          "attributes": {
            "arn": "arn:aws:ec2:ap-northeast-1:833542146404:subnet/subnet-0f8190601453b406d",
            "assign_ipv6_address_on_creation": false,
            "availability_zone": "ap-northeast-1a",
            "availability_zone_id": "apne1-az4",
            "cidr_block": "10.0.2.0/24",
            "customer_owned_ipv4_pool": "",
            "enable_dns64": false,
            "enable_lni_at_device_index": 0,
            "enable_resource_name_dns_a_record_on_launch": false,
            "enable_resource_name_dns_aaaa_record_on_launch": false,
            "id": "subnet-0f8190601453b406d",
            "ipv6_cidr_block": "",
            "ipv6_cidr_block_association_id": "",
            "ipv6_native": false,
            "map_customer_owned_ip_on_launch": false,
            "map_public_ip_on_launch": false,
            "outpost_arn": "",
            "owner_id": "833542146404",
            "private_dns_hostname_type_on_launch": "ip-name",
            "tags": {},
            "tags_all": {},
            "timeouts": null,
            "vpc_id": "vpc-0080e9a289453b711"
          },
          "sensitive_attributes": [],
          "identity_schema_version": 0,
          "private": "eyJlMmJmYjczMC1lY2FhLTExZTYtOGY4OC0zNDM2M2JjN2M0YzAiOnsiY3JlYXRlIjo2MDAwMDAwMDAwMDAsImRlbGV0ZSI6MTIwMDAwMDAwMDAwMH0sInNjaGVtYV92ZXJzaW9uIjoiMSJ9",
          "dependencies": [
            "aws_vpc.main"
          ]
        }
      ]
    },
    {
      "mode": "managed",
      "type": "aws_subnet",
      "name": "private_b",
      "provider": "provider[\"registry.terraform.io/hashicorp/aws\"]",
      "instances": [
        {
          "schema_version": 1,
          "attributes": {
            "arn": "arn:aws:ec2:ap-northeast-1:833542146404:subnet/subnet-0495ad256e5ffda97",
            "assign_ipv6_address_on_creation": false,
            "availability_zone": "ap-northeast-1c",
            "availability_zone_id": "apne1-az1",
            "cidr_block": "10.0.3.0/24",
            "customer_owned_ipv4_pool": "",
            "enable_dns64": false,
            "enable_lni_at_device_index": 0,
            "enable_resource_name_dns_a_record_on_launch": false,
            "enable_resource_name_dns_aaaa_record_on_launch": false,
            "id": "subnet-0495ad256e5ffda97",
            "ipv6_cidr_block": "",
            "ipv6_cidr_block_association_id": "",
            "ipv6_native": false,
            "map_customer_owned_ip_on_launch": false,
            "map_public_ip_on_launch": false,
            "outpost_arn": "",
            "owner_id": "833542146404",
            "private_dns_hostname_type_on_launch": "ip-name",
            "tags": {},
            "tags_all": {},
            "timeouts": null,
            "vpc_id": "vpc-0080e9a289453b711"
          },
          "sensitive_attributes": [],
          "identity_schema_version": 0,
          "private": "eyJlMmJmYjczMC1lY2FhLTExZTYtOGY4OC0zNDM2M2JjN2M0YzAiOnsiY3JlYXRlIjo2MDAwMDAwMDAwMDAsImRlbGV0ZSI6MTIwMDAwMDAwMDAwMH0sInNjaGVtYV92ZXJzaW9uIjoiMSJ9",
          "dependencies": [
            "aws_vpc.main"
          ]
        }
      ]
    },
    {
      "mode": "managed",
      "type": "aws_subnet",
      "name": "public",
      "provider": "provider[\"registry.terraform.io/hashicorp/aws\"]",
      "instances": [
        {
          "schema_version": 1,
          "attributes": {
            "arn": "arn:aws:ec2:ap-northeast-1:833542146404:subnet/subnet-0f7ac93c55aebbaa1",
            "assign_ipv6_address_on_creation": false,
            "availability_zone": "ap-northeast-1a",
            "availability_zone_id": "apne1-az4",
            "cidr_block": "10.0.1.0/24",
            "customer_owned_ipv4_pool": "",
            "enable_dns64": false,
            "enable_lni_at_device_index": 0,
            "enable_resource_name_dns_a_record_on_launch": false,
            "enable_resource_name_dns_aaaa_record_on_launch": false,
            "id": "subnet-0f7ac93c55aebbaa1",
            "ipv6_cidr_block": "",
            "ipv6_cidr_block_association_id": "",
            "ipv6_native": false,
            "map_customer_owned_ip_on_launch": false,
            "map_public_ip_on_launch": true,
            "outpost_arn": "",
            "owner_id": "833542146404",
            "private_dns_hostname_type_on_launch": "ip-name",
            "tags": {},
            "tags_all": {},
            "timeouts": null,
            "vpc_id": "vpc-0080e9a289453b711"
          },
          "sensitive_attributes": [],
          "identity_schema_version": 0,
          "private": "eyJlMmJmYjczMC1lY2FhLTExZTYtOGY4OC0zNDM2M2JjN2M0YzAiOnsiY3JlYXRlIjo2MDAwMDAwMDAwMDAsImRlbGV0ZSI6MTIwMDAwMDAwMDAwMH0sInNjaGVtYV92ZXJzaW9uIjoiMSJ9",
          "dependencies": [
            "aws_vpc.main"
          ]
        }
      ]
    },
    {
      "mode": "managed",
      "type": "aws_vpc",
      "name": "main",
      "provider": "provider[\"registry.terraform.io/hashicorp/aws\"]",
      "instances": [
        {
          "schema_version": 1,
          "attributes": {
            "arn": "arn:aws:ec2:ap-northeast-1:833542146404:vpc/vpc-0080e9a289453b711",
            "assign_generated_ipv6_cidr_block": false,
            "cidr_block": "10.0.0.0/16",
            "default_network_acl_id": "acl-091441a9db5dd3f8b",
            "default_route_table_id": "rtb-027d56fe9eebf7c5c",
            "default_security_group_id": "sg-0f527747fb85bed8a",
            "dhcp_options_id": "dopt-0455fbd2c235a5019",
            "enable_dns_hostnames": false,
            "enable_dns_support": true,
            "enable_network_address_usage_metrics": false,
            "id": "vpc-0080e9a289453b711",
            "instance_tenancy": "default",
            "ipv4_ipam_pool_id": null,
            "ipv4_netmask_length": null,
            "ipv6_association_id": "",
            "ipv6_cidr_block": "",
            "ipv6_cidr_block_network_border_group": "",
            "ipv6_ipam_pool_id": "",
            "ipv6_netmask_length": 0,
            "main_route_table_id": "rtb-027d56fe9eebf7c5c",
            "owner_id": "833542146404",
            "tags": {},
            "tags_all": {}
          },
          "sensitive_attributes": [],
          "identity_schema_version": 0,
          "private": "eyJzY2hlbWFfdmVyc2lvbiI6IjEifQ=="
        }
      ]
    },
    {
      "mode": "managed",
      "type": "local_file",
      "name": "generated_private_key",
      "provider": "provider[\"registry.terraform.io/hashicorp/local\"]",
      "instances": [
        {
          "index_key": 0,
          "schema_version": 0,
          "attributes": {
            "content": "-----BEGIN RSA PRIVATE KEY-----\nMIIJJgIBAAKCAgEA6VIwNvyLc3dMg8y3RYm+KovIp/uxUHqC+yJbx9xMiAjlgvdj\nqlWdpCNNkFXPU7zOpsERo3hYWMO3XAgOCN/3EGpV6DPfyGysWZwrZsQ/I8t8nS5y\n8UsOy4WwJO9WbbZp9+A7juPr7t5mPItXhdc0RpWAcBWOO/9BWSN0GdjsXURItSjA\nj3+CKuv+yw2zQ0Li2Mhz5eEWzYAI1LgCMWnAPpkSOuu2ct2cWl4520GQKnrgvj3v\nApgN6K43p4WUKVf3NoxsMImyL8jERJxb7HmUH8ejH7VofagiudxzHn1HxTMqt+ER\nOh/51pYImwbUPU6cTxafzbT1A5l3BGMRdDayL8+MAOBRl0wIp/GMM9ILM9FbynHH\nlMMpDgKw1hj7mzKtwYIVd0tyqFM00pXoya0IqeqmdBsQEPstPEs+XWRuNMERjQvH\ndrn/PwEftu71lCTsGZzrlB79HBo0Otq5OqcpNUwfsGckW+CH3dJ6Gy+jDx1h5gpj\nEM3ym/cTrmn3T91uJd/40Z9l/xpFyDv53sAku9qCmwfECrwV4vMg0hYiEwgXhdvt\nzgXPjYF+j4M1BI2nbLsHqJbILE18bwUh+VrY3nRowCyB9BLpa52caxMU0aFY8zhs\nr7qHPGqgFCimQadN3Al/0c0NrNkPskULmQPb7E1GLE8RZbfIjP2HzCmVrmsCAwEA\nAQKCAgBURMDxOylKnM3f1HJlBSjPyQjB0x/phzYDahdoCeMCRuRN9vfiL2XuQGnl\nNXjaL5kblSO/vNl7xcRV0vruraVYIm/Am+u5QbbF7qemSD7duMLbKkmNaKSBUVmb\nHW5D1dxUEIKySxONhHm8aD9GMcHJtHldAgwLE1gQz8NBCp3j2aPA+mUB7vWedvnh\ncKNMKb4wucVSQ4eu1Q1bdtIj8qPid/qjmTqeJfgwk1OmIvnkvdiqHUhT0YNEhJfJ\nQ2+Ntx2sb+8rYLAgngx1E1wH/qlHCR2beDOzHqTcKAjT/D+Ns7s8CmfkbGQZ4rpc\n84x4UAoYbn1tGGxdznGz/evx40dbWKD7BdSQ9LrYzar1qCDdL1ZjS7LKnXctxLis\nWVylM+j7o/c6tzPIOzBceveob9orzaluQn+0V7t+THLu5Npd/dBDzdoF5zITmBct\nMJJXE/2wrWeN0MeFdo+p18nrWLjHZlcBJI2FIjb9QsB+okWqth3phKL29MCQAZRy\nsAZcKdF6BY2GqUMZdFqGea2cwODF5hpafbW8MGSADauo4SX8m5kQ5nE2eKD/GYmS\nfyYGokID7/J3GWgXrsKbyNsC1MtnzsKFDjxVIQsWUrG+O6aI+wS8mkqxSM8YVnpv\nQKGKV3wUyKRVS7TFBEBwWTTHrmhrfAYUmzrg7PEjABiSusEP0QKCAQEA7F9vYrh+\nF28rpNKKC6gEfP1rfIIST1eClOEoxLopgXyakQEcRNpv+lKH6PmzNMG5dZ0S+pwz\nCdel6zFqaXSWh/8QbLwsT+0C7uDdSAl69kXfr2isORLzLuVIMatCj0BN4ZJ3OpHL\ngVY5rxkXYEdRyO5f4DJ6pwOZfiud6PJsnfoLHfD/WD6M+eXfbYK4EF+AaSkrjprF\nj1fOWZiKGbE6IOHWsBARuQ3JzIuPxG7a+bwJ/v1aBg0GklWs1uZDCZ7dy7n8gqrT\nWux4VR286uHaeCuFPmF/X981GKFZA5T4ljK+fTUcLlTwNIt75gL24xgFsgNNs5Cs\nC+oYiP2yss0v7wKCAQEA/LHh564Bw+1U1vLGk0o6/IJWBg5ZBthSx3G+p6y5/22u\nCYNK116JeUI/0vse9FKquK8uFDXBhqc4tvMbhMroergCbYh9/ZJSzars3OVliQOp\n9pgBGCYCb+oUTVe9Rb52jnRPb9vPICOQsegbCHtf7j08HeX2/vyg+x5l5afaDYic\nudvonS6kHv2RKA8fx/VwUgwDNe4tE6Sz6I13dPVAdD7qSyScElwPQd3HY6jgcO9+\nUGxC4tmijYz1PCekaLyUuDtNI+5SpjSMWENQwxEmV6S0p6jnP2A5RTPyE0zTCc/Q\n2/Ih1pfZroQIaOKYytM8+So/N8TcSFLUOQ86VBFtRQKCAQBiXLR1WGDgT5rR0+su\nPpTfjnWUMmx8J+ZnHethMjbjc36+qL+ix2Ohv4ZfJMm2QodyshKbxzRV/C9HWCD4\nEVQy86laFlQ6Tl7SGTD8MTXCFgGndN92QLSB51fLk4D3K8M9Az4qWVFeWQtYGhDo\nN8WI3+l12ou/xHezUWM89OTOOKc3pnobtqvjsgzv/V2rMpK1MDS3+yALLnboQdn2\nJxIRbOlyCr3VTC+Vtt302Ey3b9CZE8TKj9EURCLQqrFq53lUteimV3/sbksE4IMl\nGydWqoWgF+JxeukVfs8T9oIbvrIWWGuJvD7ZHtJIPSOQDQcRtN44wxNVQe1D1I7w\naQJxAoH/M1PujyDJOwL6OK8XptNtJ91Rm+lOLBXEur5f+68aGMgukcAZc6XARuEu\nFazsnLQt+VWcBn7k0HUnEAJRlKeikUrPM3CGJvuR1jTh5/ywoyQbYft+PWl7FUB2\n3z7zMzd83XLCr/X2HJEc0wZSd2aYFcxaabhMc37dNCT4ja2KnTUioJ4KoeLXc3QO\nCBUKX5N7PS8zd8DpZxQNdy9FFHy8muAstxa4nQIWF0r1NUkYTdhXz/4tl+adHiOD\nrLRgsOWdT8673JCMOTZzS3pg7T6Oiz7pcyTb1AO3nlbu1PzF4ThVNFf6h5xQmyI2\nkxdz8b72o6XxMWLLW+V3Nh/huTHRAoIBAQC7pRgBBl1fx+d1pegyAOBMQzBFPXsI\n7o2xlwO8cZPTtTIeSCWX3Prj6KltVXAOT7tekrEKxKO/07INxYLW1/EChwghHKJl\nO12zTZKXqdfC/RQY66onT6FUnKb3FpXg/LWLr9O+HcWL77H2j9vGrEiGQefU6lT7\nTz4sOhAgnFbVJt9OV4Ly/sSdkWiBNSWs/oGoSbSH2SjafClGsIrhkhXvm5VstYfL\n6YL49c8AvJYxun3wzboPZ/WQoLtThRZOJFmROUFuFqdiMJQ7gZily6Kgs2vJRDJx\nlIxPAc4LywZduuX8PQUrA0Z1/YfABHQzk1D2YJP31l+vJW93be6p7/uH\n-----END RSA PRIVATE KEY-----\n",
            "content_base64": null,
            "content_base64sha256": "w+QHzF/m5QOl/JgVAEzeD0gJ57n/+LPWgTUSa8mneww=",
            "content_base64sha512": "YjtqG24bueEJidNrxATF4+WcTZs2GTqQwa1Ho2fgVT7N1JUy2EM6ZSCqTarFG/muiFS4dmOTNfqlp9dsvCEXyA==",
            "content_md5": "60f846c07e4c9a8da11cf5e532025178",
            "content_sha1": "27b8e8ba3e637a9569a1094a24e37f6a6e6bb39a",
            "content_sha256": "c3e407cc5fe6e503a5fc9815004cde0f4809e7b9fff8b3d68135126bc9a77b0c",
            "content_sha512": "623b6a1b6e1bb9e10989d36bc404c5e3e59c4d9b36193a90c1ad47a367e0553ecdd49532d8433a6520aa4daac51bf9ae8854b876639335faa5a7d76cbc2117c8",
            "directory_permission": "0777",
            "file_permission": "0600",
            "filename": "./generated_chap_key.pem",
            "id": "27b8e8ba3e637a9569a1094a24e37f6a6e6bb39a",
            "sensitive_content": null,
            "source": null
          },
          "sensitive_attributes": [
            [
              {
                "type": "get_attr",
                "value": "content"
              }
            ],
            [
              {
                "type": "get_attr",
                "value": "sensitive_content"
              }
            ]
          ],
          "identity_schema_version": 0,
          "dependencies": [
            "tls_private_key.generated"
          ]
        }
      ]
    },
    {
      "mode": "managed",
      "type": "tls_private_key",
      "name": "generated",
      "provider": "provider[\"registry.terraform.io/hashicorp/tls\"]",
      "instances": [
        {
          "index_key": 0,
          "schema_version": 1,
          "attributes": {
            "algorithm": "RSA",
            "ecdsa_curve": "P224",
            "id": "2be8c650280aadb50ab6d45a331301f69cf19d2f",
            "private_key_openssh": "-----BEGIN OPENSSH PRIVATE KEY-----\nb3BlbnNzaC1rZXktdjEAAAAABG5vbmUAAAAEbm9uZQAAAAAAAAABAAACFwAAAAdz\nc2gtcnNhAAAAAwEAAQAAAgEA6VIwNvyLc3dMg8y3RYm+KovIp/uxUHqC+yJbx9xM\niAjlgvdjqlWdpCNNkFXPU7zOpsERo3hYWMO3XAgOCN/3EGpV6DPfyGysWZwrZsQ/\nI8t8nS5y8UsOy4WwJO9WbbZp9+A7juPr7t5mPItXhdc0RpWAcBWOO/9BWSN0Gdjs\nXURItSjAj3+CKuv+yw2zQ0Li2Mhz5eEWzYAI1LgCMWnAPpkSOuu2ct2cWl4520GQ\nKnrgvj3vApgN6K43p4WUKVf3NoxsMImyL8jERJxb7HmUH8ejH7VofagiudxzHn1H\nxTMqt+EROh/51pYImwbUPU6cTxafzbT1A5l3BGMRdDayL8+MAOBRl0wIp/GMM9IL\nM9FbynHHlMMpDgKw1hj7mzKtwYIVd0tyqFM00pXoya0IqeqmdBsQEPstPEs+XWRu\nNMERjQvHdrn/PwEftu71lCTsGZzrlB79HBo0Otq5OqcpNUwfsGckW+CH3dJ6Gy+j\nDx1h5gpjEM3ym/cTrmn3T91uJd/40Z9l/xpFyDv53sAku9qCmwfECrwV4vMg0hYi\nEwgXhdvtzgXPjYF+j4M1BI2nbLsHqJbILE18bwUh+VrY3nRowCyB9BLpa52caxMU\n0aFY8zhsr7qHPGqgFCimQadN3Al/0c0NrNkPskULmQPb7E1GLE8RZbfIjP2HzCmV\nrmsAAAc4my7QkZsu0JEAAAAHc3NoLXJzYQAAAgEA6VIwNvyLc3dMg8y3RYm+KovI\np/uxUHqC+yJbx9xMiAjlgvdjqlWdpCNNkFXPU7zOpsERo3hYWMO3XAgOCN/3EGpV\n6DPfyGysWZwrZsQ/I8t8nS5y8UsOy4WwJO9WbbZp9+A7juPr7t5mPItXhdc0RpWA\ncBWOO/9BWSN0GdjsXURItSjAj3+CKuv+yw2zQ0Li2Mhz5eEWzYAI1LgCMWnAPpkS\nOuu2ct2cWl4520GQKnrgvj3vApgN6K43p4WUKVf3NoxsMImyL8jERJxb7HmUH8ej\nH7VofagiudxzHn1HxTMqt+EROh/51pYImwbUPU6cTxafzbT1A5l3BGMRdDayL8+M\nAOBRl0wIp/GMM9ILM9FbynHHlMMpDgKw1hj7mzKtwYIVd0tyqFM00pXoya0Iqeqm\ndBsQEPstPEs+XWRuNMERjQvHdrn/PwEftu71lCTsGZzrlB79HBo0Otq5OqcpNUwf\nsGckW+CH3dJ6Gy+jDx1h5gpjEM3ym/cTrmn3T91uJd/40Z9l/xpFyDv53sAku9qC\nmwfECrwV4vMg0hYiEwgXhdvtzgXPjYF+j4M1BI2nbLsHqJbILE18bwUh+VrY3nRo\nwCyB9BLpa52caxMU0aFY8zhsr7qHPGqgFCimQadN3Al/0c0NrNkPskULmQPb7E1G\nLE8RZbfIjP2HzCmVrmsAAAADAQABAAACAFREwPE7KUqczd/UcmUFKM/JCMHTH+mH\nNgNqF2gJ4wJG5E329+IvZe5AaeU1eNovmRuVI7+82XvFxFXS+u6tpVgib8Cb67lB\ntsXup6ZIPt24wtsqSY1opIFRWZsdbkPV3FQQgrJLE42EebxoP0Yxwcm0eV0CDAsT\nWBDPw0EKnePZo8D6ZQHu9Z52+eFwo0wpvjC5xVJDh67VDVt20iPyo+J3+qOZOp4l\n+DCTU6Yi+eS92KodSFPRg0SEl8lDb423Haxv7ytgsCCeDHUTXAf+qUcJHZt4M7Me\npNwoCNP8P42zuzwKZ+RsZBniulzzjHhQChhufW0YbF3OcbP96/HjR1tYoPsF1JD0\nutjNqvWoIN0vVmNLssqddy3EuKxZXKUz6Puj9zq3M8g7MFx696hv2ivNqW5Cf7RX\nu35Mcu7k2l390EPN2gXnMhOYFy0wklcT/bCtZ43Qx4V2j6nXyetYuMdmVwEkjYUi\nNv1CwH6iRaq2HemEovb0wJABlHKwBlwp0XoFjYapQxl0WoZ5rZzA4MXmGlp9tbww\nZIANq6jhJfybmRDmcTZ4oP8ZiZJ/JgaiQgPv8ncZaBeuwpvI2wLUy2fOwoUOPFUh\nCxZSsb47poj7BLyaSrFIzxhWem9AoYpXfBTIpFVLtMUEQHBZNMeuaGt8BhSbOuDs\n8SMAGJK6wQ/RAAABAQC7pRgBBl1fx+d1pegyAOBMQzBFPXsI7o2xlwO8cZPTtTIe\nSCWX3Prj6KltVXAOT7tekrEKxKO/07INxYLW1/EChwghHKJlO12zTZKXqdfC/RQY\n66onT6FUnKb3FpXg/LWLr9O+HcWL77H2j9vGrEiGQefU6lT7Tz4sOhAgnFbVJt9O\nV4Ly/sSdkWiBNSWs/oGoSbSH2SjafClGsIrhkhXvm5VstYfL6YL49c8AvJYxun3w\nzboPZ/WQoLtThRZOJFmROUFuFqdiMJQ7gZily6Kgs2vJRDJxlIxPAc4LywZduuX8\nPQUrA0Z1/YfABHQzk1D2YJP31l+vJW93be6p7/uHAAABAQDsX29iuH4Xbyuk0ooL\nqAR8/Wt8ghJPV4KU4SjEuimBfJqRARxE2m/6Uofo+bM0wbl1nRL6nDMJ16XrMWpp\ndJaH/xBsvCxP7QLu4N1ICXr2Rd+vaKw5EvMu5Ugxq0KPQE3hknc6kcuBVjmvGRdg\nR1HI7l/gMnqnA5l+K53o8myd+gsd8P9YPoz55d9tgrgQX4BpKSuOmsWPV85ZmIoZ\nsTog4dawEBG5DcnMi4/Ebtr5vAn+/VoGDQaSVazW5kMJnt3LufyCqtNa7HhVHbzq\n4dp4K4U+YX9f3zUYoVkDlPiWMr59NRwuVPA0i3vmAvbjGAWyA02zkKwL6hiI/bKy\nzS/vAAABAQD8seHnrgHD7VTW8saTSjr8glYGDlkG2FLHcb6nrLn/ba4Jg0rXXol5\nQj/S+x70Uqq4ry4UNcGGpzi28xuEyuh6uAJtiH39klLNquzc5WWJA6n2mAEYJgJv\n6hRNV71FvnaOdE9v288gI5Cx6BsIe1/uPTwd5fb+/KD7HmXlp9oNiJy52+idLqQe\n/ZEoDx/H9XBSDAM17i0TpLPojXd09UB0PupLJJwSXA9B3cdjqOBw735QbELi2aKN\njPU8J6RovJS4O00j7lKmNIxYQ1DDESZXpLSnqOc/YDlFM/ITTNMJz9Db8iHWl9mu\nhAho4pjK0zz5Kj83xNxIUtQ5DzpUEW1FAAAAAAEC\n-----END OPENSSH PRIVATE KEY-----\n",
            "private_key_pem": "-----BEGIN RSA PRIVATE KEY-----\nMIIJJgIBAAKCAgEA6VIwNvyLc3dMg8y3RYm+KovIp/uxUHqC+yJbx9xMiAjlgvdj\nqlWdpCNNkFXPU7zOpsERo3hYWMO3XAgOCN/3EGpV6DPfyGysWZwrZsQ/I8t8nS5y\n8UsOy4WwJO9WbbZp9+A7juPr7t5mPItXhdc0RpWAcBWOO/9BWSN0GdjsXURItSjA\nj3+CKuv+yw2zQ0Li2Mhz5eEWzYAI1LgCMWnAPpkSOuu2ct2cWl4520GQKnrgvj3v\nApgN6K43p4WUKVf3NoxsMImyL8jERJxb7HmUH8ejH7VofagiudxzHn1HxTMqt+ER\nOh/51pYImwbUPU6cTxafzbT1A5l3BGMRdDayL8+MAOBRl0wIp/GMM9ILM9FbynHH\nlMMpDgKw1hj7mzKtwYIVd0tyqFM00pXoya0IqeqmdBsQEPstPEs+XWRuNMERjQvH\ndrn/PwEftu71lCTsGZzrlB79HBo0Otq5OqcpNUwfsGckW+CH3dJ6Gy+jDx1h5gpj\nEM3ym/cTrmn3T91uJd/40Z9l/xpFyDv53sAku9qCmwfECrwV4vMg0hYiEwgXhdvt\nzgXPjYF+j4M1BI2nbLsHqJbILE18bwUh+VrY3nRowCyB9BLpa52caxMU0aFY8zhs\nr7qHPGqgFCimQadN3Al/0c0NrNkPskULmQPb7E1GLE8RZbfIjP2HzCmVrmsCAwEA\nAQKCAgBURMDxOylKnM3f1HJlBSjPyQjB0x/phzYDahdoCeMCRuRN9vfiL2XuQGnl\nNXjaL5kblSO/vNl7xcRV0vruraVYIm/Am+u5QbbF7qemSD7duMLbKkmNaKSBUVmb\nHW5D1dxUEIKySxONhHm8aD9GMcHJtHldAgwLE1gQz8NBCp3j2aPA+mUB7vWedvnh\ncKNMKb4wucVSQ4eu1Q1bdtIj8qPid/qjmTqeJfgwk1OmIvnkvdiqHUhT0YNEhJfJ\nQ2+Ntx2sb+8rYLAgngx1E1wH/qlHCR2beDOzHqTcKAjT/D+Ns7s8CmfkbGQZ4rpc\n84x4UAoYbn1tGGxdznGz/evx40dbWKD7BdSQ9LrYzar1qCDdL1ZjS7LKnXctxLis\nWVylM+j7o/c6tzPIOzBceveob9orzaluQn+0V7t+THLu5Npd/dBDzdoF5zITmBct\nMJJXE/2wrWeN0MeFdo+p18nrWLjHZlcBJI2FIjb9QsB+okWqth3phKL29MCQAZRy\nsAZcKdF6BY2GqUMZdFqGea2cwODF5hpafbW8MGSADauo4SX8m5kQ5nE2eKD/GYmS\nfyYGokID7/J3GWgXrsKbyNsC1MtnzsKFDjxVIQsWUrG+O6aI+wS8mkqxSM8YVnpv\nQKGKV3wUyKRVS7TFBEBwWTTHrmhrfAYUmzrg7PEjABiSusEP0QKCAQEA7F9vYrh+\nF28rpNKKC6gEfP1rfIIST1eClOEoxLopgXyakQEcRNpv+lKH6PmzNMG5dZ0S+pwz\nCdel6zFqaXSWh/8QbLwsT+0C7uDdSAl69kXfr2isORLzLuVIMatCj0BN4ZJ3OpHL\ngVY5rxkXYEdRyO5f4DJ6pwOZfiud6PJsnfoLHfD/WD6M+eXfbYK4EF+AaSkrjprF\nj1fOWZiKGbE6IOHWsBARuQ3JzIuPxG7a+bwJ/v1aBg0GklWs1uZDCZ7dy7n8gqrT\nWux4VR286uHaeCuFPmF/X981GKFZA5T4ljK+fTUcLlTwNIt75gL24xgFsgNNs5Cs\nC+oYiP2yss0v7wKCAQEA/LHh564Bw+1U1vLGk0o6/IJWBg5ZBthSx3G+p6y5/22u\nCYNK116JeUI/0vse9FKquK8uFDXBhqc4tvMbhMroergCbYh9/ZJSzars3OVliQOp\n9pgBGCYCb+oUTVe9Rb52jnRPb9vPICOQsegbCHtf7j08HeX2/vyg+x5l5afaDYic\nudvonS6kHv2RKA8fx/VwUgwDNe4tE6Sz6I13dPVAdD7qSyScElwPQd3HY6jgcO9+\nUGxC4tmijYz1PCekaLyUuDtNI+5SpjSMWENQwxEmV6S0p6jnP2A5RTPyE0zTCc/Q\n2/Ih1pfZroQIaOKYytM8+So/N8TcSFLUOQ86VBFtRQKCAQBiXLR1WGDgT5rR0+su\nPpTfjnWUMmx8J+ZnHethMjbjc36+qL+ix2Ohv4ZfJMm2QodyshKbxzRV/C9HWCD4\nEVQy86laFlQ6Tl7SGTD8MTXCFgGndN92QLSB51fLk4D3K8M9Az4qWVFeWQtYGhDo\nN8WI3+l12ou/xHezUWM89OTOOKc3pnobtqvjsgzv/V2rMpK1MDS3+yALLnboQdn2\nJxIRbOlyCr3VTC+Vtt302Ey3b9CZE8TKj9EURCLQqrFq53lUteimV3/sbksE4IMl\nGydWqoWgF+JxeukVfs8T9oIbvrIWWGuJvD7ZHtJIPSOQDQcRtN44wxNVQe1D1I7w\naQJxAoH/M1PujyDJOwL6OK8XptNtJ91Rm+lOLBXEur5f+68aGMgukcAZc6XARuEu\nFazsnLQt+VWcBn7k0HUnEAJRlKeikUrPM3CGJvuR1jTh5/ywoyQbYft+PWl7FUB2\n3z7zMzd83XLCr/X2HJEc0wZSd2aYFcxaabhMc37dNCT4ja2KnTUioJ4KoeLXc3QO\nCBUKX5N7PS8zd8DpZxQNdy9FFHy8muAstxa4nQIWF0r1NUkYTdhXz/4tl+adHiOD\nrLRgsOWdT8673JCMOTZzS3pg7T6Oiz7pcyTb1AO3nlbu1PzF4ThVNFf6h5xQmyI2\nkxdz8b72o6XxMWLLW+V3Nh/huTHRAoIBAQC7pRgBBl1fx+d1pegyAOBMQzBFPXsI\n7o2xlwO8cZPTtTIeSCWX3Prj6KltVXAOT7tekrEKxKO/07INxYLW1/EChwghHKJl\nO12zTZKXqdfC/RQY66onT6FUnKb3FpXg/LWLr9O+HcWL77H2j9vGrEiGQefU6lT7\nTz4sOhAgnFbVJt9OV4Ly/sSdkWiBNSWs/oGoSbSH2SjafClGsIrhkhXvm5VstYfL\n6YL49c8AvJYxun3wzboPZ/WQoLtThRZOJFmROUFuFqdiMJQ7gZily6Kgs2vJRDJx\nlIxPAc4LywZduuX8PQUrA0Z1/YfABHQzk1D2YJP31l+vJW93be6p7/uH\n-----END RSA PRIVATE KEY-----\n",
            "private_key_pem_pkcs8": "-----BEGIN PRIVATE KEY-----\nMIIJQAIBADANBgkqhkiG9w0BAQEFAASCCSowggkmAgEAAoICAQDpUjA2/Itzd0yD\nzLdFib4qi8in+7FQeoL7IlvH3EyICOWC92OqVZ2kI02QVc9TvM6mwRGjeFhYw7dc\nCA4I3/cQalXoM9/IbKxZnCtmxD8jy3ydLnLxSw7LhbAk71Zttmn34DuO4+vu3mY8\ni1eF1zRGlYBwFY47/0FZI3QZ2OxdREi1KMCPf4Iq6/7LDbNDQuLYyHPl4RbNgAjU\nuAIxacA+mRI667Zy3ZxaXjnbQZAqeuC+Pe8CmA3orjenhZQpV/c2jGwwibIvyMRE\nnFvseZQfx6MftWh9qCK53HMefUfFMyq34RE6H/nWlgibBtQ9TpxPFp/NtPUDmXcE\nYxF0NrIvz4wA4FGXTAin8Ywz0gsz0VvKcceUwykOArDWGPubMq3BghV3S3KoUzTS\nlejJrQip6qZ0GxAQ+y08Sz5dZG40wRGNC8d2uf8/AR+27vWUJOwZnOuUHv0cGjQ6\n2rk6pyk1TB+wZyRb4Ifd0nobL6MPHWHmCmMQzfKb9xOuafdP3W4l3/jRn2X/GkXI\nO/newCS72oKbB8QKvBXi8yDSFiITCBeF2+3OBc+NgX6PgzUEjadsuweolsgsTXxv\nBSH5WtjedGjALIH0EulrnZxrExTRoVjzOGyvuoc8aqAUKKZBp03cCX/RzQ2s2Q+y\nRQuZA9vsTUYsTxFlt8iM/YfMKZWuawIDAQABAoICAFREwPE7KUqczd/UcmUFKM/J\nCMHTH+mHNgNqF2gJ4wJG5E329+IvZe5AaeU1eNovmRuVI7+82XvFxFXS+u6tpVgi\nb8Cb67lBtsXup6ZIPt24wtsqSY1opIFRWZsdbkPV3FQQgrJLE42EebxoP0Yxwcm0\neV0CDAsTWBDPw0EKnePZo8D6ZQHu9Z52+eFwo0wpvjC5xVJDh67VDVt20iPyo+J3\n+qOZOp4l+DCTU6Yi+eS92KodSFPRg0SEl8lDb423Haxv7ytgsCCeDHUTXAf+qUcJ\nHZt4M7MepNwoCNP8P42zuzwKZ+RsZBniulzzjHhQChhufW0YbF3OcbP96/HjR1tY\noPsF1JD0utjNqvWoIN0vVmNLssqddy3EuKxZXKUz6Puj9zq3M8g7MFx696hv2ivN\nqW5Cf7RXu35Mcu7k2l390EPN2gXnMhOYFy0wklcT/bCtZ43Qx4V2j6nXyetYuMdm\nVwEkjYUiNv1CwH6iRaq2HemEovb0wJABlHKwBlwp0XoFjYapQxl0WoZ5rZzA4MXm\nGlp9tbwwZIANq6jhJfybmRDmcTZ4oP8ZiZJ/JgaiQgPv8ncZaBeuwpvI2wLUy2fO\nwoUOPFUhCxZSsb47poj7BLyaSrFIzxhWem9AoYpXfBTIpFVLtMUEQHBZNMeuaGt8\nBhSbOuDs8SMAGJK6wQ/RAoIBAQDsX29iuH4Xbyuk0ooLqAR8/Wt8ghJPV4KU4SjE\nuimBfJqRARxE2m/6Uofo+bM0wbl1nRL6nDMJ16XrMWppdJaH/xBsvCxP7QLu4N1I\nCXr2Rd+vaKw5EvMu5Ugxq0KPQE3hknc6kcuBVjmvGRdgR1HI7l/gMnqnA5l+K53o\n8myd+gsd8P9YPoz55d9tgrgQX4BpKSuOmsWPV85ZmIoZsTog4dawEBG5DcnMi4/E\nbtr5vAn+/VoGDQaSVazW5kMJnt3LufyCqtNa7HhVHbzq4dp4K4U+YX9f3zUYoVkD\nlPiWMr59NRwuVPA0i3vmAvbjGAWyA02zkKwL6hiI/bKyzS/vAoIBAQD8seHnrgHD\n7VTW8saTSjr8glYGDlkG2FLHcb6nrLn/ba4Jg0rXXol5Qj/S+x70Uqq4ry4UNcGG\npzi28xuEyuh6uAJtiH39klLNquzc5WWJA6n2mAEYJgJv6hRNV71FvnaOdE9v288g\nI5Cx6BsIe1/uPTwd5fb+/KD7HmXlp9oNiJy52+idLqQe/ZEoDx/H9XBSDAM17i0T\npLPojXd09UB0PupLJJwSXA9B3cdjqOBw735QbELi2aKNjPU8J6RovJS4O00j7lKm\nNIxYQ1DDESZXpLSnqOc/YDlFM/ITTNMJz9Db8iHWl9muhAho4pjK0zz5Kj83xNxI\nUtQ5DzpUEW1FAoIBAGJctHVYYOBPmtHT6y4+lN+OdZQybHwn5mcd62EyNuNzfr6o\nv6LHY6G/hl8kybZCh3KyEpvHNFX8L0dYIPgRVDLzqVoWVDpOXtIZMPwxNcIWAad0\n33ZAtIHnV8uTgPcrwz0DPipZUV5ZC1gaEOg3xYjf6XXai7/Ed7NRYzz05M44pzem\nehu2q+OyDO/9XasykrUwNLf7IAsuduhB2fYnEhFs6XIKvdVML5W23fTYTLdv0JkT\nxMqP0RREItCqsWrneVS16KZXf+xuSwTggyUbJ1aqhaAX4nF66RV+zxP2ghu+shZY\na4m8Ptke0kg9I5ANBxG03jjDE1VB7UPUjvBpAnECgf8zU+6PIMk7Avo4rxem020n\n3VGb6U4sFcS6vl/7rxoYyC6RwBlzpcBG4S4VrOyctC35VZwGfuTQdScQAlGUp6KR\nSs8zcIYm+5HWNOHn/LCjJBth+349aXsVQHbfPvMzN3zdcsKv9fYckRzTBlJ3ZpgV\nzFppuExzft00JPiNrYqdNSKgngqh4tdzdA4IFQpfk3s9LzN3wOlnFA13L0UUfLya\n4Cy3FridAhYXSvU1SRhN2FfP/i2X5p0eI4OstGCw5Z1PzrvckIw5NnNLemDtPo6L\nPulzJNvUA7eeVu7U/MXhOFU0V/qHnFCbIjaTF3PxvvajpfExYstb5Xc2H+G5MdEC\nggEBALulGAEGXV/H53Wl6DIA4ExDMEU9ewjujbGXA7xxk9O1Mh5IJZfc+uPoqW1V\ncA5Pu16SsQrEo7/Tsg3FgtbX8QKHCCEcomU7XbNNkpep18L9FBjrqidPoVScpvcW\nleD8tYuv074dxYvvsfaP28asSIZB59TqVPtPPiw6ECCcVtUm305XgvL+xJ2RaIE1\nJaz+gahJtIfZKNp8KUawiuGSFe+blWy1h8vpgvj1zwC8ljG6ffDNug9n9ZCgu1OF\nFk4kWZE5QW4Wp2IwlDuBmKXLoqCza8lEMnGUjE8BzgvLBl265fw9BSsDRnX9h8AE\ndDOTUPZgk/fWX68lb3dt7qnv+4c=\n-----END PRIVATE KEY-----\n",
            "public_key_fingerprint_md5": "3e:c3:1e:4c:2a:75:15:5c:df:03:8b:ed:ba:1e:1c:1d",
            "public_key_fingerprint_sha256": "SHA256:MMfb6EP/UhTYTurSykdjcqylID8mUf0k1hkr3TNN2yk",
            "public_key_openssh": "ssh-rsa AAAAB3NzaC1yc2EAAAADAQABAAACAQDpUjA2/Itzd0yDzLdFib4qi8in+7FQeoL7IlvH3EyICOWC92OqVZ2kI02QVc9TvM6mwRGjeFhYw7dcCA4I3/cQalXoM9/IbKxZnCtmxD8jy3ydLnLxSw7LhbAk71Zttmn34DuO4+vu3mY8i1eF1zRGlYBwFY47/0FZI3QZ2OxdREi1KMCPf4Iq6/7LDbNDQuLYyHPl4RbNgAjUuAIxacA+mRI667Zy3ZxaXjnbQZAqeuC+Pe8CmA3orjenhZQpV/c2jGwwibIvyMREnFvseZQfx6MftWh9qCK53HMefUfFMyq34RE6H/nWlgibBtQ9TpxPFp/NtPUDmXcEYxF0NrIvz4wA4FGXTAin8Ywz0gsz0VvKcceUwykOArDWGPubMq3BghV3S3KoUzTSlejJrQip6qZ0GxAQ+y08Sz5dZG40wRGNC8d2uf8/AR+27vWUJOwZnOuUHv0cGjQ62rk6pyk1TB+wZyRb4Ifd0nobL6MPHWHmCmMQzfKb9xOuafdP3W4l3/jRn2X/GkXIO/newCS72oKbB8QKvBXi8yDSFiITCBeF2+3OBc+NgX6PgzUEjadsuweolsgsTXxvBSH5WtjedGjALIH0EulrnZxrExTRoVjzOGyvuoc8aqAUKKZBp03cCX/RzQ2s2Q+yRQuZA9vsTUYsTxFlt8iM/YfMKZWuaw==\n",
            "public_key_pem": "-----BEGIN PUBLIC KEY-----\nMIICIjANBgkqhkiG9w0BAQEFAAOCAg8AMIICCgKCAgEA6VIwNvyLc3dMg8y3RYm+\nKovIp/uxUHqC+yJbx9xMiAjlgvdjqlWdpCNNkFXPU7zOpsERo3hYWMO3XAgOCN/3\nEGpV6DPfyGysWZwrZsQ/I8t8nS5y8UsOy4WwJO9WbbZp9+A7juPr7t5mPItXhdc0\nRpWAcBWOO/9BWSN0GdjsXURItSjAj3+CKuv+yw2zQ0Li2Mhz5eEWzYAI1LgCMWnA\nPpkSOuu2ct2cWl4520GQKnrgvj3vApgN6K43p4WUKVf3NoxsMImyL8jERJxb7HmU\nH8ejH7VofagiudxzHn1HxTMqt+EROh/51pYImwbUPU6cTxafzbT1A5l3BGMRdDay\nL8+MAOBRl0wIp/GMM9ILM9FbynHHlMMpDgKw1hj7mzKtwYIVd0tyqFM00pXoya0I\nqeqmdBsQEPstPEs+XWRuNMERjQvHdrn/PwEftu71lCTsGZzrlB79HBo0Otq5Oqcp\nNUwfsGckW+CH3dJ6Gy+jDx1h5gpjEM3ym/cTrmn3T91uJd/40Z9l/xpFyDv53sAk\nu9qCmwfECrwV4vMg0hYiEwgXhdvtzgXPjYF+j4M1BI2nbLsHqJbILE18bwUh+VrY\n3nRowCyB9BLpa52caxMU0aFY8zhsr7qHPGqgFCimQadN3Al/0c0NrNkPskULmQPb\n7E1GLE8RZbfIjP2HzCmVrmsCAwEAAQ==\n-----END PUBLIC KEY-----\n",
            "rsa_bits": 4096
          },
          "sensitive_attributes": [
            [
              {
                "type": "get_attr",
                "value": "private_key_openssh"
              }
            ],
            [
              {
                "type": "get_attr",
                "value": "private_key_pem"
              }
            ],
            [
              {
                "type": "get_attr",
                "value": "private_key_pem_pkcs8"
              }
            ]
          ],
          "identity_schema_version": 0
        }
      ]
    }
  ],
  "check_results": null
}
