{
  "version": 4,
  "terraform_version": "1.12.2",
  "serial": 109,
  "lineage": "9e6d7ea4-f4f0-d86f-00db-7e7d2088cac2",
  "outputs": {},
  "resources": [
    {
      "mode": "data",
      "type": "aws_ami",
      "name": "amazon_linux_2",
      "provider": "provider[\"registry.terraform.io/hashicorp/aws\"]",
      "instances": [
        {
          "schema_version": 0,
          "attributes": {
            "architecture": "x86_64",
            "arn": "arn:aws:ec2:ap-northeast-1::image/ami-094a7934e53c6d469",
            "block_device_mappings": [
              {
                "device_name": "/dev/xvda",
                "ebs": {
                  "delete_on_termination": "true",
                  "encrypted": "false",
                  "iops": "0",
                  "snapshot_id": "snap-0d752b5bc3283ef3f",
                  "throughput": "0",
                  "volume_initialization_rate": "0",
                  "volume_size": "8",
                  "volume_type": "gp2"
                },
                "no_device": "",
                "virtual_name": ""
              }
            ],
            "boot_mode": "",
            "creation_date": "2025-10-03T00:17:03.000Z",
            "deprecation_time": "2026-01-01T00:00:00.000Z",
            "description": "Amazon Linux 2 AMI 2.0.20250929.2 x86_64 HVM gp2",
            "ena_support": true,
            "executable_users": null,
            "filter": [
              {
                "name": "name",
                "values": [
                  "amzn2-ami-hvm-*-x86_64-gp2"
                ]
              }
            ],
            "hypervisor": "xen",
            "id": "ami-094a7934e53c6d469",
            "image_id": "ami-094a7934e53c6d469",
            "image_location": "amazon/amzn2-ami-hvm-2.0.20250929.2-x86_64-gp2",
            "image_owner_alias": "amazon",
            "image_type": "machine",
            "imds_support": "",
            "include_deprecated": false,
            "kernel_id": "",
            "last_launched_time": "",
            "most_recent": true,
            "name": "amzn2-ami-hvm-2.0.20250929.2-x86_64-gp2",
            "name_regex": null,
            "owner_id": "137112412989",
            "owners": [
              "amazon"
            ],
            "platform": "",
            "platform_details": "Linux/UNIX",
            "product_codes": [],
            "public": true,
            "ramdisk_id": "",
            "root_device_name": "/dev/xvda",
            "root_device_type": "ebs",
            "root_snapshot_id": "snap-0d752b5bc3283ef3f",
            "sriov_net_support": "simple",
            "state": "available",
            "state_reason": {
              "code": "UNSET",
              "message": "UNSET"
            },
            "tags": {},
            "timeouts": null,
            "tpm_support": "",
            "uefi_data": null,
            "usage_operation": "RunInstances",
            "virtualization_type": "hvm"
          },
          "sensitive_attributes": [],
          "identity_schema_version": 0
        }
      ]
    },
    {
      "mode": "data",
      "type": "cloudflare_zone",
      "name": "chap",
      "provider": "provider[\"registry.terraform.io/cloudflare/cloudflare\"]",
      "instances": [
        {
          "schema_version": 0,
          "attributes": {
            "account_id": "e3800962ed5e416e565f49c823868cf3",
            "id": "9b2ce9edf8a533de1ce9a308f62196e2",
            "name": "chap-app.jp",
            "name_servers": [
              "nero.ns.cloudflare.com",
              "wanda.ns.cloudflare.com"
            ],
            "paused": false,
            "plan": "Free Website",
            "status": "active",
            "vanity_name_servers": [],
            "zone_id": "9b2ce9edf8a533de1ce9a308f62196e2"
          },
          "sensitive_attributes": [],
          "identity_schema_version": 0
        }
      ]
    },
    {
      "mode": "managed",
      "type": "aws_acm_certificate",
      "name": "api_cert",
      "provider": "provider[\"registry.terraform.io/hashicorp/aws\"]",
      "instances": [
        {
          "schema_version": 0,
          "attributes": {
            "arn": "arn:aws:acm:ap-northeast-1:833542146404:certificate/fc42339f-138d-4c46-9f7b-d6864b9175c0",
            "certificate_authority_arn": "",
            "certificate_body": null,
            "certificate_chain": null,
            "domain_name": "api.chap-app.jp",
            "domain_validation_options": [
              {
                "domain_name": "api.chap-app.jp",
                "resource_record_name": "_f0c896325834847be66829d1b59a6718.api.chap-app.jp.",
                "resource_record_type": "CNAME",
                "resource_record_value": "_a744bcc8654219e1226a2bbaccd45438.xlfgrmvvlj.acm-validations.aws."
              }
            ],
            "early_renewal_duration": "",
            "id": "arn:aws:acm:ap-northeast-1:833542146404:certificate/fc42339f-138d-4c46-9f7b-d6864b9175c0",
            "key_algorithm": "RSA_2048",
            "not_after": "2026-11-09T23:59:59Z",
            "not_before": "2025-10-11T00:00:00Z",
            "options": [
              {
                "certificate_transparency_logging_preference": "ENABLED"
              }
            ],
            "pending_renewal": false,
            "private_key": null,
            "renewal_eligibility": "ELIGIBLE",
            "renewal_summary": [],
            "status": "ISSUED",
            "subject_alternative_names": [
              "api.chap-app.jp"
            ],
            "tags": {},
            "tags_all": {},
            "type": "AMAZON_ISSUED",
            "validation_emails": [],
            "validation_method": "DNS",
            "validation_option": []
          },
          "sensitive_attributes": [
            [
              {
                "type": "get_attr",
                "value": "private_key"
              }
            ]
          ],
          "identity_schema_version": 0,
          "private": "bnVsbA=="
        }
      ]
    },
    {
      "mode": "managed",
      "type": "aws_acm_certificate_validation",
      "name": "api_cert_validation",
      "provider": "provider[\"registry.terraform.io/hashicorp/aws\"]",
      "instances": [
        {
          "schema_version": 0,
          "attributes": {
            "certificate_arn": "arn:aws:acm:ap-northeast-1:833542146404:certificate/fc42339f-138d-4c46-9f7b-d6864b9175c0",
            "id": "0001-01-01 00:00:00 +0000 UTC",
            "timeouts": null,
            "validation_record_fqdns": [
              "_f0c896325834847be66829d1b59a6718.api.chap-app.jp"
            ]
          },
          "sensitive_attributes": [],
          "identity_schema_version": 0,
          "private": "eyJlMmJmYjczMC1lY2FhLTExZTYtOGY4OC0zNDM2M2JjN2M0YzAiOnsiY3JlYXRlIjo0NTAwMDAwMDAwMDAwfX0=",
          "dependencies": [
            "aws_acm_certificate.api_cert",
            "cloudflare_record.cert_validation",
            "data.cloudflare_zone.chap"
          ]
        }
      ]
    },
    {
      "mode": "managed",
      "type": "aws_api_gateway_deployment",
      "name": "main",
      "provider": "provider[\"registry.terraform.io/hashicorp/aws\"]",
      "instances": [
        {
          "schema_version": 0,
          "attributes": {
            "canary_settings": [],
            "created_date": "2025-10-11T14:09:15Z",
            "description": "",
            "execution_arn": "arn:aws:execute-api:ap-northeast-1:833542146404:usm9nycqs9/prod",
            "id": "wvgpmw",
            "invoke_url": "https://usm9nycqs9.execute-api.ap-northeast-1.amazonaws.com/prod",
            "rest_api_id": "usm9nycqs9",
            "stage_description": null,
            "stage_name": "prod",
            "triggers": null,
            "variables": null
          },
          "sensitive_attributes": [],
          "identity_schema_version": 0,
          "private": "bnVsbA==",
          "dependencies": [
            "aws_api_gateway_integration.lambda_image",
            "aws_api_gateway_integration.proxy_ec2",
            "aws_api_gateway_method.post_image",
            "aws_api_gateway_method.proxy_any",
            "aws_api_gateway_resource.api",
            "aws_api_gateway_resource.image_endpoint",
            "aws_api_gateway_resource.proxy",
            "aws_api_gateway_resource.v1",
            "aws_api_gateway_rest_api.api_gateway",
            "aws_iam_instance_profile.ec2_profile",
            "aws_iam_role.ec2_role",
            "aws_iam_role.lambda_exec",
            "aws_instance.web",
            "aws_key_pair.my_key",
            "aws_lambda_function.image_compress",
            "aws_security_group.allow_http",
            "aws_subnet.public",
            "aws_vpc.main",
            "data.aws_ami.amazon_linux_2",
            "tls_private_key.generated"
          ]
        }
      ]
    },
    {
      "mode": "managed",
      "type": "aws_api_gateway_deployment",
      "name": "stage",
      "provider": "provider[\"registry.terraform.io/hashicorp/aws\"]",
      "instances": [
        {
          "schema_version": 0,
          "attributes": {
            "canary_settings": [],
            "created_date": "2025-10-11T14:09:13Z",
            "description": "",
            "execution_arn": "arn:aws:execute-api:ap-northeast-1:833542146404:usm9nycqs9/",
            "id": "ujwquf",
            "invoke_url": "https://usm9nycqs9.execute-api.ap-northeast-1.amazonaws.com/",
            "rest_api_id": "usm9nycqs9",
            "stage_description": null,
            "stage_name": null,
            "triggers": {
              "redeployment": "2be88ca4242c76e8253ac62474851065032d6833"
            },
            "variables": null
          },
          "sensitive_attributes": [],
          "identity_schema_version": 0,
          "private": "bnVsbA==",
          "dependencies": [
            "aws_api_gateway_rest_api.api_gateway"
          ]
        }
      ]
    },
    {
      "mode": "managed",
      "type": "aws_api_gateway_domain_name",
      "name": "custom_domain",
      "provider": "provider[\"registry.terraform.io/hashicorp/aws\"]",
      "instances": [
        {
          "schema_version": 0,
          "attributes": {
            "arn": "arn:aws:apigateway:ap-northeast-1::/domainnames/api.chap-app.jp",
            "certificate_arn": "",
            "certificate_body": null,
            "certificate_chain": null,
            "certificate_name": "",
            "certificate_private_key": null,
            "certificate_upload_date": "2025-10-11T12:47:02Z",
            "cloudfront_domain_name": "",
            "cloudfront_zone_id": "Z2FDTNDATAQYW2",
            "domain_name": "api.chap-app.jp",
            "domain_name_id": "",
            "endpoint_configuration": [
              {
                "ip_address_type": "ipv4",
                "types": [
                  "REGIONAL"
                ]
              }
            ],
            "id": "api.chap-app.jp",
            "mutual_tls_authentication": [],
            "ownership_verification_certificate_arn": "",
            "policy": "",
            "regional_certificate_arn": "arn:aws:acm:ap-northeast-1:833542146404:certificate/fc42339f-138d-4c46-9f7b-d6864b9175c0",
            "regional_certificate_name": "",
            "regional_domain_name": "d-bzzaj2bzc0.execute-api.ap-northeast-1.amazonaws.com",
            "regional_zone_id": "Z1YSHQZHG15GKL",
            "security_policy": "TLS_1_2",
            "tags": {},
            "tags_all": {}
          },
          "sensitive_attributes": [
            [
              {
                "type": "get_attr",
                "value": "certificate_private_key"
              }
            ]
          ],
          "identity_schema_version": 0,
          "private": "bnVsbA==",
          "dependencies": [
            "aws_acm_certificate.api_cert"
          ]
        }
      ]
    },
    {
      "mode": "managed",
      "type": "aws_api_gateway_integration",
      "name": "lambda_image",
      "provider": "provider[\"registry.terraform.io/hashicorp/aws\"]",
      "instances": [
        {
          "schema_version": 0,
          "attributes": {
            "cache_key_parameters": [],
            "cache_namespace": "gg5s9c",
            "connection_id": "",
            "connection_type": "INTERNET",
            "content_handling": "",
            "credentials": "",
            "http_method": "POST",
            "id": "agi-usm9nycqs9-gg5s9c-POST",
            "integration_http_method": "POST",
            "passthrough_behavior": "WHEN_NO_MATCH",
            "request_parameters": {},
            "request_templates": {},
            "resource_id": "gg5s9c",
            "rest_api_id": "usm9nycqs9",
            "timeout_milliseconds": 29000,
            "tls_config": [],
            "type": "AWS_PROXY",
            "uri": "arn:aws:apigateway:ap-northeast-1:lambda:path/2015-03-31/functions/arn:aws:lambda:ap-northeast-1:833542146404:function:chap-image-compress/invocations"
          },
          "sensitive_attributes": [],
          "identity_schema_version": 0,
          "private": "bnVsbA==",
          "dependencies": [
            "aws_api_gateway_method.post_image",
            "aws_api_gateway_resource.api",
            "aws_api_gateway_resource.image_endpoint",
            "aws_api_gateway_resource.v1",
            "aws_api_gateway_rest_api.api_gateway",
            "aws_iam_role.lambda_exec",
            "aws_lambda_function.image_compress"
          ]
        }
      ]
    },
    {
      "mode": "managed",
      "type": "aws_api_gateway_integration",
      "name": "proxy_ec2",
      "provider": "provider[\"registry.terraform.io/hashicorp/aws\"]",
      "instances": [
        {
          "schema_version": 0,
          "attributes": {
            "cache_key_parameters": [],
            "cache_namespace": "qzai1v",
            "connection_id": "",
            "connection_type": "INTERNET",
            "content_handling": "",
            "credentials": "",
            "http_method": "ANY",
            "id": "agi-usm9nycqs9-qzai1v-ANY",
            "integration_http_method": "ANY",
            "passthrough_behavior": "WHEN_NO_MATCH",
            "request_parameters": {},
            "request_templates": {},
            "resource_id": "qzai1v",
            "rest_api_id": "usm9nycqs9",
            "timeout_milliseconds": 29000,
            "tls_config": [],
            "type": "HTTP_PROXY",
            "uri": "http://3.112.126.157:8081/{proxy}"
          },
          "sensitive_attributes": [],
          "identity_schema_version": 0,
          "private": "bnVsbA==",
          "dependencies": [
            "aws_api_gateway_method.proxy_any",
            "aws_api_gateway_resource.proxy",
            "aws_api_gateway_rest_api.api_gateway",
            "aws_iam_instance_profile.ec2_profile",
            "aws_iam_role.ec2_role",
            "aws_instance.web",
            "aws_key_pair.my_key",
            "aws_security_group.allow_http",
            "aws_subnet.public",
            "aws_vpc.main",
            "data.aws_ami.amazon_linux_2",
            "tls_private_key.generated"
          ]
        }
      ]
    },
    {
      "mode": "managed",
      "type": "aws_api_gateway_method",
      "name": "post_image",
      "provider": "provider[\"registry.terraform.io/hashicorp/aws\"]",
      "instances": [
        {
          "schema_version": 0,
          "attributes": {
            "api_key_required": false,
            "authorization": "NONE",
            "authorization_scopes": [],
            "authorizer_id": "",
            "http_method": "POST",
            "id": "agm-usm9nycqs9-gg5s9c-POST",
            "operation_name": "",
            "request_models": {},
            "request_parameters": {},
            "request_validator_id": "",
            "resource_id": "gg5s9c",
            "rest_api_id": "usm9nycqs9"
          },
          "sensitive_attributes": [],
          "identity_schema_version": 0,
          "private": "bnVsbA==",
          "dependencies": [
            "aws_api_gateway_resource.api",
            "aws_api_gateway_resource.image_endpoint",
            "aws_api_gateway_resource.v1",
            "aws_api_gateway_rest_api.api_gateway"
          ]
        }
      ]
    },
    {
      "mode": "managed",
      "type": "aws_api_gateway_method",
      "name": "proxy_any",
      "provider": "provider[\"registry.terraform.io/hashicorp/aws\"]",
      "instances": [
        {
          "schema_version": 0,
          "attributes": {
            "api_key_required": false,
            "authorization": "NONE",
            "authorization_scopes": [],
            "authorizer_id": "",
            "http_method": "ANY",
            "id": "agm-usm9nycqs9-qzai1v-ANY",
            "operation_name": "",
            "request_models": {},
            "request_parameters": {},
            "request_validator_id": "",
            "resource_id": "qzai1v",
            "rest_api_id": "usm9nycqs9"
          },
          "sensitive_attributes": [],
          "identity_schema_version": 0,
          "private": "bnVsbA==",
          "dependencies": [
            "aws_api_gateway_resource.proxy",
            "aws_api_gateway_rest_api.api_gateway"
          ]
        }
      ]
    },
    {
      "mode": "managed",
      "type": "aws_api_gateway_resource",
      "name": "api",
      "provider": "provider[\"registry.terraform.io/hashicorp/aws\"]",
      "instances": [
        {
          "schema_version": 0,
          "attributes": {
            "id": "ff656l",
            "parent_id": "snjm8tqtz6",
            "path": "/api",
            "path_part": "api",
            "rest_api_id": "usm9nycqs9"
          },
          "sensitive_attributes": [],
          "identity_schema_version": 0,
          "private": "bnVsbA==",
          "dependencies": [
            "aws_api_gateway_rest_api.api_gateway"
          ]
        }
      ]
    },
    {
      "mode": "managed",
      "type": "aws_api_gateway_resource",
      "name": "image_endpoint",
      "provider": "provider[\"registry.terraform.io/hashicorp/aws\"]",
      "instances": [
        {
          "schema_version": 0,
          "attributes": {
            "id": "gg5s9c",
            "parent_id": "tln2fp",
            "path": "/api/v1/image",
            "path_part": "image",
            "rest_api_id": "usm9nycqs9"
          },
          "sensitive_attributes": [],
          "identity_schema_version": 0,
          "private": "bnVsbA==",
          "dependencies": [
            "aws_api_gateway_resource.api",
            "aws_api_gateway_resource.v1",
            "aws_api_gateway_rest_api.api_gateway"
          ]
        }
      ]
    },
    {
      "mode": "managed",
      "type": "aws_api_gateway_resource",
      "name": "proxy",
      "provider": "provider[\"registry.terraform.io/hashicorp/aws\"]",
      "instances": [
        {
          "schema_version": 0,
          "attributes": {
            "id": "qzai1v",
            "parent_id": "snjm8tqtz6",
            "path": "/{proxy+}",
            "path_part": "{proxy+}",
            "rest_api_id": "usm9nycqs9"
          },
          "sensitive_attributes": [],
          "identity_schema_version": 0,
          "private": "bnVsbA==",
          "dependencies": [
            "aws_api_gateway_rest_api.api_gateway"
          ]
        }
      ]
    },
    {
      "mode": "managed",
      "type": "aws_api_gateway_resource",
      "name": "v1",
      "provider": "provider[\"registry.terraform.io/hashicorp/aws\"]",
      "instances": [
        {
          "schema_version": 0,
          "attributes": {
            "id": "tln2fp",
            "parent_id": "ff656l",
            "path": "/api/v1",
            "path_part": "v1",
            "rest_api_id": "usm9nycqs9"
          },
          "sensitive_attributes": [],
          "identity_schema_version": 0,
          "private": "bnVsbA==",
          "dependencies": [
            "aws_api_gateway_resource.api",
            "aws_api_gateway_rest_api.api_gateway"
          ]
        }
      ]
    },
    {
      "mode": "managed",
      "type": "aws_api_gateway_rest_api",
      "name": "api_gateway",
      "provider": "provider[\"registry.terraform.io/hashicorp/aws\"]",
      "instances": [
        {
          "schema_version": 0,
          "attributes": {
            "api_key_source": "HEADER",
            "arn": "arn:aws:apigateway:ap-northeast-1::/restapis/usm9nycqs9",
            "binary_media_types": [
              "image/jpeg",
              "image/png",
              "multipart/form-data",
              "application/octet-stream"
            ],
            "body": null,
            "created_date": "2025-10-11T12:46:51Z",
            "description": "API Gateway for CHAP service",
            "disable_execute_api_endpoint": false,
            "endpoint_configuration": [
              {
                "ip_address_type": "ipv4",
                "types": [
                  "EDGE"
                ],
                "vpc_endpoint_ids": []
              }
            ],
            "execution_arn": "arn:aws:execute-api:ap-northeast-1:833542146404:usm9nycqs9",
            "fail_on_warnings": null,
            "id": "usm9nycqs9",
            "minimum_compression_size": "",
            "name": "chap-api-gateway",
            "parameters": null,
            "policy": "",
            "put_rest_api_mode": null,
            "root_resource_id": "snjm8tqtz6",
            "tags": {},
            "tags_all": {}
          },
          "sensitive_attributes": [],
          "identity_schema_version": 0,
          "private": "bnVsbA=="
        }
      ]
    },
    {
      "mode": "managed",
      "type": "aws_api_gateway_stage",
      "name": "prod",
      "provider": "provider[\"registry.terraform.io/hashicorp/aws\"]",
      "instances": [
        {
          "schema_version": 0,
          "attributes": {
            "access_log_settings": [],
            "arn": "arn:aws:apigateway:ap-northeast-1::/restapis/usm9nycqs9/stages/prod",
            "cache_cluster_enabled": false,
            "cache_cluster_size": "",
            "canary_settings": [],
            "client_certificate_id": "",
            "deployment_id": "ujwquf",
            "description": "",
            "documentation_version": "",
            "execution_arn": "arn:aws:execute-api:ap-northeast-1:833542146404:usm9nycqs9/prod",
            "id": "ags-usm9nycqs9-prod",
            "invoke_url": "https://usm9nycqs9.execute-api.ap-northeast-1.amazonaws.com/prod",
            "rest_api_id": "usm9nycqs9",
            "stage_name": "prod",
            "tags": {},
            "tags_all": {},
            "variables": {},
            "web_acl_arn": "",
            "xray_tracing_enabled": false
          },
          "sensitive_attributes": [],
          "identity_schema_version": 0,
          "private": "bnVsbA==",
          "dependencies": [
            "aws_api_gateway_deployment.stage",
            "aws_api_gateway_rest_api.api_gateway"
          ]
        }
      ]
    },
    {
      "mode": "managed",
      "type": "aws_db_instance",
      "name": "app_db",
      "provider": "provider[\"registry.terraform.io/hashicorp/aws\"]",
      "instances": [
        {
          "schema_version": 2,
          "attributes": {
            "address": "chap-app-db.cnk6okq6gfoz.ap-northeast-1.rds.amazonaws.com",
            "allocated_storage": 20,
            "allow_major_version_upgrade": null,
            "apply_immediately": false,
            "arn": "arn:aws:rds:ap-northeast-1:833542146404:db:chap-app-db",
            "auto_minor_version_upgrade": true,
            "availability_zone": "ap-northeast-1c",
            "backup_retention_period": 0,
            "backup_target": "region",
            "backup_window": "13:21-13:51",
            "blue_green_update": [],
            "ca_cert_identifier": "rds-ca-rsa2048-g1",
            "character_set_name": "",
            "copy_tags_to_snapshot": false,
            "custom_iam_instance_profile": "",
            "customer_owned_ip_enabled": false,
            "database_insights_mode": "standard",
            "db_name": "chapdb",
            "db_subnet_group_name": "rds-private-default",
            "dedicated_log_volume": false,
            "delete_automated_backups": true,
            "deletion_protection": false,
            "domain": "",
            "domain_auth_secret_arn": "",
            "domain_dns_ips": [],
            "domain_fqdn": "",
            "domain_iam_role_name": "",
            "domain_ou": "",
            "enabled_cloudwatch_logs_exports": [],
            "endpoint": "chap-app-db.cnk6okq6gfoz.ap-northeast-1.rds.amazonaws.com:5432",
            "engine": "postgres",
            "engine_lifecycle_support": "open-source-rds-extended-support",
            "engine_version": "17.4",
            "engine_version_actual": "17.4",
            "final_snapshot_identifier": null,
            "hosted_zone_id": "Z24O6O9L7SGTNB",
            "iam_database_authentication_enabled": false,
            "id": "db-RI5NX23IBNUDN2TDBVCEEGITSM",
            "identifier": "chap-app-db",
            "identifier_prefix": "",
            "instance_class": "db.t3.micro",
            "iops": 0,
            "kms_key_id": "",
            "latest_restorable_time": "",
            "license_model": "postgresql-license",
            "listener_endpoint": [],
            "maintenance_window": "sat:17:09-sat:17:39",
            "manage_master_user_password": null,
            "master_user_secret": [],
            "master_user_secret_kms_key_id": null,
            "max_allocated_storage": 0,
            "monitoring_interval": 0,
            "monitoring_role_arn": "",
            "multi_az": false,
            "nchar_character_set_name": "",
            "network_type": "IPV4",
            "option_group_name": "default:postgres-17",
            "parameter_group_name": "default.postgres17",
            "password": "Skakki0209",
            "password_wo": null,
            "password_wo_version": null,
            "performance_insights_enabled": false,
            "performance_insights_kms_key_id": "",
            "performance_insights_retention_period": 0,
            "port": 5432,
            "publicly_accessible": false,
            "replica_mode": "",
            "replicas": [],
            "replicate_source_db": "",
            "resource_id": "db-RI5NX23IBNUDN2TDBVCEEGITSM",
            "restore_to_point_in_time": [],
            "s3_import": [],
            "skip_final_snapshot": true,
            "snapshot_identifier": null,
            "status": "available",
            "storage_encrypted": false,
            "storage_throughput": 0,
            "storage_type": "gp2",
            "tags": {},
            "tags_all": {},
            "timeouts": null,
            "timezone": "",
            "upgrade_storage_config": null,
            "username": "uzak",
            "vpc_security_group_ids": [
              "sg-0503d8e4e3d629b2f"
            ]
          },
          "sensitive_attributes": [
            [
              {
                "type": "get_attr",
                "value": "password"
              }
            ],
            [
              {
                "type": "get_attr",
                "value": "password_wo"
              }
            ]
          ],
          "identity_schema_version": 0,
          "private": "eyJlMmJmYjczMC1lY2FhLTExZTYtOGY4OC0zNDM2M2JjN2M0YzAiOnsiY3JlYXRlIjozMDAwMDAwMDAwMDAwLCJkZWxldGUiOjM2MDAwMDAwMDAwMDAsInVwZGF0ZSI6NDgwMDAwMDAwMDAwMH0sInNjaGVtYV92ZXJzaW9uIjoiMiJ9",
          "dependencies": [
            "aws_db_subnet_group.main",
            "aws_security_group.db_sg",
            "aws_security_group.ec2_sg",
            "aws_subnet.private",
            "aws_subnet.private_b",
            "aws_vpc.main"
          ]
        }
      ]
    },
    {
      "mode": "managed",
      "type": "aws_db_subnet_group",
      "name": "main",
      "provider": "provider[\"registry.terraform.io/hashicorp/aws\"]",
      "instances": [
        {
          "schema_version": 0,
          "attributes": {
            "arn": "arn:aws:rds:ap-northeast-1:833542146404:subgrp:rds-private-default",
            "description": "Managed by Terraform",
            "id": "rds-private-default",
            "name": "rds-private-default",
            "name_prefix": "",
            "subnet_ids": [
              "subnet-0bcf155a6d997e9e6",
              "subnet-0dadb37aedb0d51ad"
            ],
            "supported_network_types": [
              "IPV4"
            ],
            "tags": {},
            "tags_all": {},
            "vpc_id": "vpc-061e9a9446e6aa60c"
          },
          "sensitive_attributes": [],
          "identity_schema_version": 0,
          "private": "bnVsbA==",
          "dependencies": [
            "aws_subnet.private",
            "aws_subnet.private_b",
            "aws_vpc.main"
          ]
        }
      ]
    },
    {
      "mode": "managed",
      "type": "aws_iam_instance_profile",
      "name": "ec2_profile",
      "provider": "provider[\"registry.terraform.io/hashicorp/aws\"]",
      "instances": [
        {
          "schema_version": 0,
          "attributes": {
            "arn": "arn:aws:iam::833542146404:instance-profile/ec2-instance-profile",
            "create_date": "2025-10-11T04:47:34Z",
            "id": "ec2-instance-profile",
            "name": "ec2-instance-profile",
            "name_prefix": "",
            "path": "/",
            "role": "ec2-deploy-role",
            "tags": {},
            "tags_all": {},
            "unique_id": "AIPA4EEX3ZFSA47ZORJ6P"
          },
          "sensitive_attributes": [],
          "identity_schema_version": 0,
          "private": "bnVsbA==",
          "dependencies": [
            "aws_iam_role.ec2_role"
          ]
        }
      ]
    },
    {
      "mode": "managed",
      "type": "aws_iam_role",
      "name": "ec2_role",
      "provider": "provider[\"registry.terraform.io/hashicorp/aws\"]",
      "instances": [
        {
          "schema_version": 0,
          "attributes": {
            "arn": "arn:aws:iam::833542146404:role/ec2-deploy-role",
            "assume_role_policy": "{\"Statement\":[{\"Action\":\"sts:AssumeRole\",\"Effect\":\"Allow\",\"Principal\":{\"Service\":\"ec2.amazonaws.com\"}}],\"Version\":\"2012-10-17\"}",
            "create_date": "2025-10-11T13:03:07Z",
            "description": "",
            "force_detach_policies": false,
            "id": "ec2-deploy-role",
            "inline_policy": [],
            "managed_policy_arns": [
              "arn:aws:iam::aws:policy/AmazonSSMManagedInstanceCore"
            ],
            "max_session_duration": 3600,
            "name": "ec2-deploy-role",
            "name_prefix": "",
            "path": "/",
            "permissions_boundary": "",
            "tags": {},
            "tags_all": {},
            "unique_id": "AROA4EEX3ZFSFCTDGDNGL"
          },
          "sensitive_attributes": [],
          "identity_schema_version": 0,
          "private": "bnVsbA=="
        }
      ]
    },
    {
      "mode": "managed",
      "type": "aws_iam_role",
      "name": "lambda_exec",
      "provider": "provider[\"registry.terraform.io/hashicorp/aws\"]",
      "instances": [
        {
          "schema_version": 0,
          "attributes": {
            "arn": "arn:aws:iam::833542146404:role/chap-lambda-exec-role",
            "assume_role_policy": "{\"Statement\":[{\"Action\":\"sts:AssumeRole\",\"Effect\":\"Allow\",\"Principal\":{\"Service\":\"lambda.amazonaws.com\"}}],\"Version\":\"2012-10-17\"}",
            "create_date": "2025-10-11T13:03:07Z",
            "description": "",
            "force_detach_policies": false,
            "id": "chap-lambda-exec-role",
            "inline_policy": [],
            "managed_policy_arns": [
              "arn:aws:iam::aws:policy/service-role/AWSLambdaBasicExecutionRole"
            ],
            "max_session_duration": 3600,
            "name": "chap-lambda-exec-role",
            "name_prefix": "",
            "path": "/",
            "permissions_boundary": "",
            "tags": {},
            "tags_all": {},
            "unique_id": "AROA4EEX3ZFSF6DC7WVYX"
          },
          "sensitive_attributes": [],
          "identity_schema_version": 0,
          "private": "bnVsbA=="
        }
      ]
    },
    {
      "mode": "managed",
      "type": "aws_iam_role_policy_attachment",
      "name": "lambda_basic_exec",
      "provider": "provider[\"registry.terraform.io/hashicorp/aws\"]",
      "instances": [
        {
          "schema_version": 0,
          "attributes": {
            "id": "chap-lambda-exec-role-20251011130309049100000002",
            "policy_arn": "arn:aws:iam::aws:policy/service-role/AWSLambdaBasicExecutionRole",
            "role": "chap-lambda-exec-role"
          },
          "sensitive_attributes": [],
          "identity_schema_version": 0,
          "private": "bnVsbA==",
          "dependencies": [
            "aws_iam_role.lambda_exec"
          ]
        }
      ]
    },
    {
      "mode": "managed",
      "type": "aws_iam_role_policy_attachment",
      "name": "ssm",
      "provider": "provider[\"registry.terraform.io/hashicorp/aws\"]",
      "instances": [
        {
          "schema_version": 0,
          "attributes": {
            "id": "ec2-deploy-role-20251011130308760200000001",
            "policy_arn": "arn:aws:iam::aws:policy/AmazonSSMManagedInstanceCore",
            "role": "ec2-deploy-role"
          },
          "sensitive_attributes": [],
          "identity_schema_version": 0,
          "private": "bnVsbA==",
          "dependencies": [
            "aws_iam_role.ec2_role"
          ]
        }
      ]
    },
    {
      "mode": "managed",
      "type": "aws_instance",
      "name": "web",
      "provider": "provider[\"registry.terraform.io/hashicorp/aws\"]",
      "instances": [
        {
          "schema_version": 1,
          "attributes": {
            "ami": "ami-094a7934e53c6d469",
            "arn": "arn:aws:ec2:ap-northeast-1:833542146404:instance/i-0852a3729fc7699a4",
            "associate_public_ip_address": true,
            "availability_zone": "ap-northeast-1a",
            "capacity_reservation_specification": [
              {
                "capacity_reservation_preference": "open",
                "capacity_reservation_target": []
              }
            ],
            "cpu_core_count": 1,
            "cpu_options": [
              {
                "amd_sev_snp": "",
                "core_count": 1,
                "threads_per_core": 1
              }
            ],
            "cpu_threads_per_core": 1,
            "credit_specification": [
              {
                "cpu_credits": "standard"
              }
            ],
            "disable_api_stop": false,
            "disable_api_termination": false,
            "ebs_block_device": [],
            "ebs_optimized": false,
            "enable_primary_ipv6": null,
            "enclave_options": [
              {
                "enabled": false
              }
            ],
            "ephemeral_block_device": [],
            "get_password_data": false,
            "hibernation": false,
            "host_id": "",
            "host_resource_group_arn": null,
            "iam_instance_profile": "ec2-instance-profile",
            "id": "i-0852a3729fc7699a4",
            "instance_initiated_shutdown_behavior": "stop",
            "instance_lifecycle": "",
            "instance_market_options": [],
            "instance_state": "running",
            "instance_type": "t2.micro",
            "ipv6_address_count": 0,
            "ipv6_addresses": [],
            "key_name": "my-key",
            "launch_template": [],
            "maintenance_options": [
              {
                "auto_recovery": "default"
              }
            ],
            "metadata_options": [
              {
                "http_endpoint": "enabled",
                "http_protocol_ipv6": "disabled",
                "http_put_response_hop_limit": 1,
                "http_tokens": "optional",
                "instance_metadata_tags": "disabled"
              }
            ],
            "monitoring": false,
            "network_interface": [],
            "outpost_arn": "",
            "password_data": "",
            "placement_group": "",
            "placement_partition_number": 0,
            "primary_network_interface_id": "eni-08b3f53a719cd2588",
            "private_dns": "ip-10-0-1-250.ap-northeast-1.compute.internal",
            "private_dns_name_options": [
              {
                "enable_resource_name_dns_a_record": false,
                "enable_resource_name_dns_aaaa_record": false,
                "hostname_type": "ip-name"
              }
            ],
            "private_ip": "10.0.1.250",
            "public_dns": "",
            "public_ip": "3.112.126.157",
            "root_block_device": [
              {
                "delete_on_termination": true,
                "device_name": "/dev/xvda",
                "encrypted": false,
                "iops": 100,
                "kms_key_id": "",
                "tags": {},
                "tags_all": {},
                "throughput": 0,
                "volume_id": "vol-03d7f18a5728be155",
                "volume_size": 8,
                "volume_type": "gp2"
              }
            ],
            "secondary_private_ips": [],
            "security_groups": [],
            "source_dest_check": true,
            "spot_instance_request_id": "",
            "subnet_id": "subnet-0f0fb32ec290d0f54",
            "tags": {
              "Name": "API-EC2"
            },
            "tags_all": {
              "Name": "API-EC2"
            },
            "tenancy": "default",
            "timeouts": null,
            "user_data": null,
            "user_data_base64": null,
            "user_data_replace_on_change": false,
            "volume_tags": null,
            "vpc_security_group_ids": [
              "sg-04160b0124ac916d5"
            ]
          },
          "sensitive_attributes": [],
          "identity_schema_version": 0,
          "private": "eyJlMmJmYjczMC1lY2FhLTExZTYtOGY4OC0zNDM2M2JjN2M0YzAiOnsiY3JlYXRlIjo2MDAwMDAwMDAwMDAsImRlbGV0ZSI6MTIwMDAwMDAwMDAwMCwicmVhZCI6OTAwMDAwMDAwMDAwLCJ1cGRhdGUiOjYwMDAwMDAwMDAwMH0sInNjaGVtYV92ZXJzaW9uIjoiMSJ9",
          "dependencies": [
            "aws_iam_instance_profile.ec2_profile",
            "aws_iam_role.ec2_role",
            "aws_key_pair.my_key",
            "aws_security_group.allow_http",
            "aws_subnet.public",
            "aws_vpc.main",
            "data.aws_ami.amazon_linux_2",
            "tls_private_key.generated"
          ]
        }
      ]
    },
    {
      "mode": "managed",
      "type": "aws_internet_gateway",
      "name": "igw",
      "provider": "provider[\"registry.terraform.io/hashicorp/aws\"]",
      "instances": [
        {
          "schema_version": 0,
          "attributes": {
            "arn": "arn:aws:ec2:ap-northeast-1:833542146404:internet-gateway/igw-02c821b4f05cd8b9c",
            "id": "igw-02c821b4f05cd8b9c",
            "owner_id": "833542146404",
            "tags": {},
            "tags_all": {},
            "timeouts": null,
            "vpc_id": "vpc-061e9a9446e6aa60c"
          },
          "sensitive_attributes": [],
          "identity_schema_version": 0,
          "private": "eyJlMmJmYjczMC1lY2FhLTExZTYtOGY4OC0zNDM2M2JjN2M0YzAiOnsiY3JlYXRlIjoxMjAwMDAwMDAwMDAwLCJkZWxldGUiOjEyMDAwMDAwMDAwMDAsInVwZGF0ZSI6MTIwMDAwMDAwMDAwMH19",
          "dependencies": [
            "aws_vpc.main"
          ]
        }
      ]
    },
    {
      "mode": "managed",
      "type": "aws_key_pair",
      "name": "my_key",
      "provider": "provider[\"registry.terraform.io/hashicorp/aws\"]",
      "instances": [
        {
          "schema_version": 1,
          "attributes": {
            "arn": "arn:aws:ec2:ap-northeast-1:833542146404:key-pair/my-key",
            "fingerprint": "cd:be:0d:75:a0:d7:3b:66:6d:e3:bc:d1:75:79:5f:0c",
            "id": "my-key",
            "key_name": "my-key",
            "key_name_prefix": "",
            "key_pair_id": "key-047ef3c8019e45960",
            "key_type": "rsa",
            "public_key": "ssh-rsa AAAAB3NzaC1yc2EAAAADAQABAAACAQDOlMX4h+4cKMOTdANscoxdB4Ev8JctuQWoZM/bL+MXXSzxpc+lDl1pcsFlRU/OxwrYH7qUnxM1VzswG1Xy2vRamm/5sDjBKKJo7LtbpUHhVqdWkFvx2DmofpEJ1lClZUmEwZ7CBIWbSjH+Zzu8L5o61TOJuA4DQYSdSsXRg5Ci83W1VnKjkAuY8n8sNQvaVSUFRpo3cQQhdWlB1k+rdjin46hAVovChCgEhWguEvq/q7RqUnUuPlrY5qLws6ZDIeydH2DM8kLvEm9ar15kPifyBj9z6WWJgTOXJDiVnsCu1EaN/IGLRJxZqcSA6Tq/NUaCEQpsgoPIT2pg7Pch+qvH15TyXkbigmGZgFASosDdoNU4+lQBrI0t8Iim39Cp+phvWhOWayxNvNziJnSH8SZj+XFaYKheX0pGrV5Jy5J3SU/16HZfJ7yb3ldgv0mDSqHgnPiB08RctbGyjVuXYEHZX47x8+ZWZvRjmV9AKuQRZxh/0t9UuOB88aPUP4pC4z1/RlQKcMiK2qc6O12jCNL7fagJy++kEsAv7XBslo1gArMz3a9jhMiouR9xWyKOEnbHT5PW7aCK0oIjcr/yT/U0QUpu0EFb+5jrYlz0IZm/X0zZlSTry5PzUlHQTDDtYd2qsjyEHnrGwlJHpTBD5mH3DZmXBBN/KX3Y4mO6i2dp1Q==",
            "tags": {},
            "tags_all": {}
          },
          "sensitive_attributes": [],
          "identity_schema_version": 0,
          "private": "eyJzY2hlbWFfdmVyc2lvbiI6IjEifQ==",
          "dependencies": [
            "tls_private_key.generated"
          ]
        }
      ]
    },
    {
      "mode": "managed",
      "type": "aws_lambda_function",
      "name": "image_compress",
      "provider": "provider[\"registry.terraform.io/hashicorp/aws\"]",
      "instances": [
        {
          "schema_version": 0,
          "attributes": {
            "architectures": [
              "x86_64"
            ],
            "arn": "arn:aws:lambda:ap-northeast-1:833542146404:function:chap-image-compress",
            "code_sha256": "WQsDw2gIJvWGZT/qp7S8C19Nxe4t89B1nrVP+b+N37M=",
            "code_signing_config_arn": "",
            "dead_letter_config": [],
            "description": "",
            "environment": [],
            "ephemeral_storage": [
              {
                "size": 512
              }
            ],
            "file_system_config": [],
            "filename": "./../lambda/chap_image_lambda.zip",
            "function_name": "chap-image-compress",
            "handler": "bootstrap",
            "id": "chap-image-compress",
            "image_config": [],
            "image_uri": "",
            "invoke_arn": "arn:aws:apigateway:ap-northeast-1:lambda:path/2015-03-31/functions/arn:aws:lambda:ap-northeast-1:833542146404:function:chap-image-compress/invocations",
            "kms_key_arn": "",
            "last_modified": "2025-10-11T12:47:00.399+0000",
            "layers": [],
            "logging_config": [
              {
                "application_log_level": "",
                "log_format": "Text",
                "log_group": "/aws/lambda/chap-image-compress",
                "system_log_level": ""
              }
            ],
            "memory_size": 256,
            "package_type": "Zip",
            "publish": true,
            "qualified_arn": "arn:aws:lambda:ap-northeast-1:833542146404:function:chap-image-compress:2",
            "qualified_invoke_arn": "arn:aws:apigateway:ap-northeast-1:lambda:path/2015-03-31/functions/arn:aws:lambda:ap-northeast-1:833542146404:function:chap-image-compress:2/invocations",
            "replace_security_groups_on_destroy": null,
            "replacement_security_group_ids": null,
            "reserved_concurrent_executions": -1,
            "role": "arn:aws:iam::833542146404:role/chap-lambda-exec-role",
            "runtime": "provided.al2",
            "s3_bucket": null,
            "s3_key": null,
            "s3_object_version": null,
            "signing_job_arn": "",
            "signing_profile_version_arn": "",
            "skip_destroy": false,
            "snap_start": [],
            "source_code_hash": "WQsDw2gIJvWGZT/qp7S8C19Nxe4t89B1nrVP+b+N37M=",
            "source_code_size": 1902612,
            "tags": {},
            "tags_all": {},
            "timeout": 30,
            "timeouts": null,
            "tracing_config": [
              {
                "mode": "PassThrough"
              }
            ],
            "version": "2",
            "vpc_config": []
          },
          "sensitive_attributes": [],
          "identity_schema_version": 0,
          "private": "eyJlMmJmYjczMC1lY2FhLTExZTYtOGY4OC0zNDM2M2JjN2M0YzAiOnsiY3JlYXRlIjo2MDAwMDAwMDAwMDAsImRlbGV0ZSI6NjAwMDAwMDAwMDAwLCJ1cGRhdGUiOjYwMDAwMDAwMDAwMH19",
          "dependencies": [
            "aws_iam_role.lambda_exec"
          ]
        }
      ]
    },
    {
      "mode": "managed",
      "type": "aws_lambda_permission",
      "name": "api_gateway",
      "provider": "provider[\"registry.terraform.io/hashicorp/aws\"]",
      "instances": [
        {
          "schema_version": 0,
          "attributes": {
            "action": "lambda:InvokeFunction",
            "event_source_token": null,
            "function_name": "chap-image-compress",
            "function_url_auth_type": null,
            "id": "AllowAPIGatewayInvoke",
            "principal": "apigateway.amazonaws.com",
            "principal_org_id": null,
            "qualifier": "",
            "source_account": null,
            "source_arn": "arn:aws:execute-api:ap-northeast-1:833542146404:usm9nycqs9/*/*",
            "statement_id": "AllowAPIGatewayInvoke",
            "statement_id_prefix": ""
          },
          "sensitive_attributes": [],
          "identity_schema_version": 0,
          "private": "bnVsbA==",
          "dependencies": [
            "aws_api_gateway_rest_api.api_gateway",
            "aws_iam_role.lambda_exec",
            "aws_lambda_function.image_compress"
          ]
        }
      ]
    },
    {
      "mode": "managed",
      "type": "aws_route_table",
      "name": "public",
      "provider": "provider[\"registry.terraform.io/hashicorp/aws\"]",
      "instances": [
        {
          "schema_version": 0,
          "attributes": {
            "arn": "arn:aws:ec2:ap-northeast-1:833542146404:route-table/rtb-0fc55707e1d76c1dc",
            "id": "rtb-0fc55707e1d76c1dc",
            "owner_id": "833542146404",
            "propagating_vgws": [],
            "route": [
              {
                "carrier_gateway_id": "",
                "cidr_block": "0.0.0.0/0",
                "core_network_arn": "",
                "destination_prefix_list_id": "",
                "egress_only_gateway_id": "",
                "gateway_id": "igw-02c821b4f05cd8b9c",
                "ipv6_cidr_block": "",
                "local_gateway_id": "",
                "nat_gateway_id": "",
                "network_interface_id": "",
                "transit_gateway_id": "",
                "vpc_endpoint_id": "",
                "vpc_peering_connection_id": ""
              }
            ],
            "tags": {},
            "tags_all": {},
            "timeouts": null,
            "vpc_id": "vpc-061e9a9446e6aa60c"
          },
          "sensitive_attributes": [],
          "identity_schema_version": 0,
          "private": "eyJlMmJmYjczMC1lY2FhLTExZTYtOGY4OC0zNDM2M2JjN2M0YzAiOnsiY3JlYXRlIjozMDAwMDAwMDAwMDAsImRlbGV0ZSI6MzAwMDAwMDAwMDAwLCJ1cGRhdGUiOjEyMDAwMDAwMDAwMH19",
          "dependencies": [
            "aws_internet_gateway.igw",
            "aws_vpc.main"
          ]
        }
      ]
    },
    {
      "mode": "managed",
      "type": "aws_route_table_association",
      "name": "public_assoc",
      "provider": "provider[\"registry.terraform.io/hashicorp/aws\"]",
      "instances": [
        {
          "schema_version": 0,
          "attributes": {
            "gateway_id": "",
            "id": "rtbassoc-016617c0e9565afa8",
            "route_table_id": "rtb-0fc55707e1d76c1dc",
            "subnet_id": "subnet-0f0fb32ec290d0f54",
            "timeouts": null
          },
          "sensitive_attributes": [],
          "identity_schema_version": 0,
          "private": "eyJlMmJmYjczMC1lY2FhLTExZTYtOGY4OC0zNDM2M2JjN2M0YzAiOnsiY3JlYXRlIjozMDAwMDAwMDAwMDAsImRlbGV0ZSI6MzAwMDAwMDAwMDAwLCJ1cGRhdGUiOjEyMDAwMDAwMDAwMH19",
          "dependencies": [
            "aws_internet_gateway.igw",
            "aws_route_table.public",
            "aws_subnet.public",
            "aws_vpc.main"
          ]
        }
      ]
    },
    {
      "mode": "managed",
      "type": "aws_security_group",
      "name": "allow_http",
      "provider": "provider[\"registry.terraform.io/hashicorp/aws\"]",
      "instances": [
        {
          "schema_version": 1,
          "attributes": {
            "arn": "arn:aws:ec2:ap-northeast-1:833542146404:security-group/sg-04160b0124ac916d5",
            "description": "Allow SSH and HTTP inbound traffic",
            "egress": [
              {
                "cidr_blocks": [
                  "0.0.0.0/0"
                ],
                "description": "",
                "from_port": 0,
                "ipv6_cidr_blocks": [],
                "prefix_list_ids": [],
                "protocol": "-1",
                "security_groups": [],
                "self": false,
                "to_port": 0
              }
            ],
            "id": "sg-04160b0124ac916d5",
            "ingress": [
              {
                "cidr_blocks": [
                  "0.0.0.0/0"
                ],
                "description": "",
                "from_port": 80,
                "ipv6_cidr_blocks": [],
                "prefix_list_ids": [],
                "protocol": "tcp",
                "security_groups": [],
                "self": false,
                "to_port": 80
              }
            ],
            "name": "allow_ssh_http",
            "name_prefix": "",
            "owner_id": "833542146404",
            "revoke_rules_on_delete": false,
            "tags": {},
            "tags_all": {},
            "timeouts": null,
            "vpc_id": "vpc-061e9a9446e6aa60c"
          },
          "sensitive_attributes": [],
          "identity_schema_version": 0,
          "private": "eyJlMmJmYjczMC1lY2FhLTExZTYtOGY4OC0zNDM2M2JjN2M0YzAiOnsiY3JlYXRlIjo2MDAwMDAwMDAwMDAsImRlbGV0ZSI6OTAwMDAwMDAwMDAwfSwic2NoZW1hX3ZlcnNpb24iOiIxIn0=",
          "dependencies": [
            "aws_vpc.main"
          ]
        }
      ]
    },
    {
      "mode": "managed",
      "type": "aws_security_group",
      "name": "db_sg",
      "provider": "provider[\"registry.terraform.io/hashicorp/aws\"]",
      "instances": [
        {
          "schema_version": 1,
          "attributes": {
            "arn": "arn:aws:ec2:ap-northeast-1:833542146404:security-group/sg-0503d8e4e3d629b2f",
            "description": "Allow EC2 access to RDS",
            "egress": [
              {
                "cidr_blocks": [
                  "0.0.0.0/0"
                ],
                "description": "",
                "from_port": 0,
                "ipv6_cidr_blocks": [],
                "prefix_list_ids": [],
                "protocol": "-1",
                "security_groups": [],
                "self": false,
                "to_port": 0
              }
            ],
            "id": "sg-0503d8e4e3d629b2f",
            "ingress": [
              {
                "cidr_blocks": [],
                "description": "",
                "from_port": 5432,
                "ipv6_cidr_blocks": [],
                "prefix_list_ids": [],
                "protocol": "tcp",
                "security_groups": [
                  "sg-0c69393dcf7962b32"
                ],
                "self": false,
                "to_port": 5432
              }
            ],
            "name": "chap-db-sg",
            "name_prefix": "",
            "owner_id": "833542146404",
            "revoke_rules_on_delete": false,
            "tags": {},
            "tags_all": {},
            "timeouts": null,
            "vpc_id": "vpc-061e9a9446e6aa60c"
          },
          "sensitive_attributes": [],
          "identity_schema_version": 0,
          "private": "eyJlMmJmYjczMC1lY2FhLTExZTYtOGY4OC0zNDM2M2JjN2M0YzAiOnsiY3JlYXRlIjo2MDAwMDAwMDAwMDAsImRlbGV0ZSI6OTAwMDAwMDAwMDAwfSwic2NoZW1hX3ZlcnNpb24iOiIxIn0=",
          "dependencies": [
            "aws_security_group.ec2_sg",
            "aws_vpc.main"
          ]
        }
      ]
    },
    {
      "mode": "managed",
      "type": "aws_security_group",
      "name": "ec2_sg",
      "provider": "provider[\"registry.terraform.io/hashicorp/aws\"]",
      "instances": [
        {
          "schema_version": 1,
          "attributes": {
            "arn": "arn:aws:ec2:ap-northeast-1:833542146404:security-group/sg-0c69393dcf7962b32",
            "description": "SG for API EC2",
            "egress": [
              {
                "cidr_blocks": [
                  "0.0.0.0/0"
                ],
                "description": "",
                "from_port": 0,
                "ipv6_cidr_blocks": [],
                "prefix_list_ids": [],
                "protocol": "-1",
                "security_groups": [],
                "self": false,
                "to_port": 0
              }
            ],
            "id": "sg-0c69393dcf7962b32",
            "ingress": [
              {
                "cidr_blocks": [
                  "0.0.0.0/0"
                ],
                "description": "",
                "from_port": 443,
                "ipv6_cidr_blocks": [],
                "prefix_list_ids": [],
                "protocol": "tcp",
                "security_groups": [],
                "self": false,
                "to_port": 443
              },
              {
                "cidr_blocks": [
                  "0.0.0.0/0"
                ],
                "description": "",
                "from_port": 80,
                "ipv6_cidr_blocks": [],
                "prefix_list_ids": [],
                "protocol": "tcp",
                "security_groups": [],
                "self": false,
                "to_port": 80
              }
            ],
            "name": "ec2-sg",
            "name_prefix": "",
            "owner_id": "833542146404",
            "revoke_rules_on_delete": false,
            "tags": {},
            "tags_all": {},
            "timeouts": null,
            "vpc_id": "vpc-061e9a9446e6aa60c"
          },
          "sensitive_attributes": [],
          "identity_schema_version": 0,
          "private": "eyJlMmJmYjczMC1lY2FhLTExZTYtOGY4OC0zNDM2M2JjN2M0YzAiOnsiY3JlYXRlIjo2MDAwMDAwMDAwMDAsImRlbGV0ZSI6OTAwMDAwMDAwMDAwfSwic2NoZW1hX3ZlcnNpb24iOiIxIn0=",
          "dependencies": [
            "aws_vpc.main"
          ]
        }
      ]
    },
    {
      "mode": "managed",
      "type": "aws_security_group",
      "name": "lambda_sg",
      "provider": "provider[\"registry.terraform.io/hashicorp/aws\"]",
      "instances": [
        {
          "schema_version": 1,
          "attributes": {
            "arn": "arn:aws:ec2:ap-northeast-1:833542146404:security-group/sg-0a07d02c33eb39531",
            "description": "Managed by Terraform",
            "egress": [],
            "id": "sg-0a07d02c33eb39531",
            "ingress": [],
            "name": "chap-lambda-sg",
            "name_prefix": "",
            "owner_id": "833542146404",
            "revoke_rules_on_delete": false,
            "tags": {},
            "tags_all": {},
            "timeouts": null,
            "vpc_id": "vpc-061e9a9446e6aa60c"
          },
          "sensitive_attributes": [],
          "identity_schema_version": 0,
          "private": "eyJlMmJmYjczMC1lY2FhLTExZTYtOGY4OC0zNDM2M2JjN2M0YzAiOnsiY3JlYXRlIjo2MDAwMDAwMDAwMDAsImRlbGV0ZSI6OTAwMDAwMDAwMDAwfSwic2NoZW1hX3ZlcnNpb24iOiIxIn0=",
          "dependencies": [
            "aws_vpc.main"
          ]
        }
      ]
    },
    {
      "mode": "managed",
      "type": "aws_subnet",
      "name": "private",
      "provider": "provider[\"registry.terraform.io/hashicorp/aws\"]",
      "instances": [
        {
          "schema_version": 1,
          "attributes": {
            "arn": "arn:aws:ec2:ap-northeast-1:833542146404:subnet/subnet-0dadb37aedb0d51ad",
            "assign_ipv6_address_on_creation": false,
            "availability_zone": "ap-northeast-1a",
            "availability_zone_id": "apne1-az4",
            "cidr_block": "10.0.2.0/24",
            "customer_owned_ipv4_pool": "",
            "enable_dns64": false,
            "enable_lni_at_device_index": 0,
            "enable_resource_name_dns_a_record_on_launch": false,
            "enable_resource_name_dns_aaaa_record_on_launch": false,
            "id": "subnet-0dadb37aedb0d51ad",
            "ipv6_cidr_block": "",
            "ipv6_cidr_block_association_id": "",
            "ipv6_native": false,
            "map_customer_owned_ip_on_launch": false,
            "map_public_ip_on_launch": false,
            "outpost_arn": "",
            "owner_id": "833542146404",
            "private_dns_hostname_type_on_launch": "ip-name",
            "tags": {},
            "tags_all": {},
            "timeouts": null,
            "vpc_id": "vpc-061e9a9446e6aa60c"
          },
          "sensitive_attributes": [],
          "identity_schema_version": 0,
          "private": "eyJlMmJmYjczMC1lY2FhLTExZTYtOGY4OC0zNDM2M2JjN2M0YzAiOnsiY3JlYXRlIjo2MDAwMDAwMDAwMDAsImRlbGV0ZSI6MTIwMDAwMDAwMDAwMH0sInNjaGVtYV92ZXJzaW9uIjoiMSJ9",
          "dependencies": [
            "aws_vpc.main"
          ]
        }
      ]
    },
    {
      "mode": "managed",
      "type": "aws_subnet",
      "name": "private_b",
      "provider": "provider[\"registry.terraform.io/hashicorp/aws\"]",
      "instances": [
        {
          "schema_version": 1,
          "attributes": {
            "arn": "arn:aws:ec2:ap-northeast-1:833542146404:subnet/subnet-0bcf155a6d997e9e6",
            "assign_ipv6_address_on_creation": false,
            "availability_zone": "ap-northeast-1c",
            "availability_zone_id": "apne1-az1",
            "cidr_block": "10.0.3.0/24",
            "customer_owned_ipv4_pool": "",
            "enable_dns64": false,
            "enable_lni_at_device_index": 0,
            "enable_resource_name_dns_a_record_on_launch": false,
            "enable_resource_name_dns_aaaa_record_on_launch": false,
            "id": "subnet-0bcf155a6d997e9e6",
            "ipv6_cidr_block": "",
            "ipv6_cidr_block_association_id": "",
            "ipv6_native": false,
            "map_customer_owned_ip_on_launch": false,
            "map_public_ip_on_launch": false,
            "outpost_arn": "",
            "owner_id": "833542146404",
            "private_dns_hostname_type_on_launch": "ip-name",
            "tags": {},
            "tags_all": {},
            "timeouts": null,
            "vpc_id": "vpc-061e9a9446e6aa60c"
          },
          "sensitive_attributes": [],
          "identity_schema_version": 0,
          "private": "eyJlMmJmYjczMC1lY2FhLTExZTYtOGY4OC0zNDM2M2JjN2M0YzAiOnsiY3JlYXRlIjo2MDAwMDAwMDAwMDAsImRlbGV0ZSI6MTIwMDAwMDAwMDAwMH0sInNjaGVtYV92ZXJzaW9uIjoiMSJ9",
          "dependencies": [
            "aws_vpc.main"
          ]
        }
      ]
    },
    {
      "mode": "managed",
      "type": "aws_subnet",
      "name": "public",
      "provider": "provider[\"registry.terraform.io/hashicorp/aws\"]",
      "instances": [
        {
          "schema_version": 1,
          "attributes": {
            "arn": "arn:aws:ec2:ap-northeast-1:833542146404:subnet/subnet-0f0fb32ec290d0f54",
            "assign_ipv6_address_on_creation": false,
            "availability_zone": "ap-northeast-1a",
            "availability_zone_id": "apne1-az4",
            "cidr_block": "10.0.1.0/24",
            "customer_owned_ipv4_pool": "",
            "enable_dns64": false,
            "enable_lni_at_device_index": 0,
            "enable_resource_name_dns_a_record_on_launch": false,
            "enable_resource_name_dns_aaaa_record_on_launch": false,
            "id": "subnet-0f0fb32ec290d0f54",
            "ipv6_cidr_block": "",
            "ipv6_cidr_block_association_id": "",
            "ipv6_native": false,
            "map_customer_owned_ip_on_launch": false,
            "map_public_ip_on_launch": true,
            "outpost_arn": "",
            "owner_id": "833542146404",
            "private_dns_hostname_type_on_launch": "ip-name",
            "tags": {},
            "tags_all": {},
            "timeouts": null,
            "vpc_id": "vpc-061e9a9446e6aa60c"
          },
          "sensitive_attributes": [],
          "identity_schema_version": 0,
          "private": "eyJlMmJmYjczMC1lY2FhLTExZTYtOGY4OC0zNDM2M2JjN2M0YzAiOnsiY3JlYXRlIjo2MDAwMDAwMDAwMDAsImRlbGV0ZSI6MTIwMDAwMDAwMDAwMH0sInNjaGVtYV92ZXJzaW9uIjoiMSJ9",
          "dependencies": [
            "aws_vpc.main"
          ]
        }
      ]
    },
    {
      "mode": "managed",
      "type": "aws_vpc",
      "name": "main",
      "provider": "provider[\"registry.terraform.io/hashicorp/aws\"]",
      "instances": [
        {
          "schema_version": 1,
          "attributes": {
            "arn": "arn:aws:ec2:ap-northeast-1:833542146404:vpc/vpc-061e9a9446e6aa60c",
            "assign_generated_ipv6_cidr_block": false,
            "cidr_block": "10.0.0.0/16",
            "default_network_acl_id": "acl-0490a6c88c70464d9",
            "default_route_table_id": "rtb-04dc958d3e4eb236f",
            "default_security_group_id": "sg-002ac22ea94cdabc7",
            "dhcp_options_id": "dopt-0455fbd2c235a5019",
            "enable_dns_hostnames": false,
            "enable_dns_support": true,
            "enable_network_address_usage_metrics": false,
            "id": "vpc-061e9a9446e6aa60c",
            "instance_tenancy": "default",
            "ipv4_ipam_pool_id": null,
            "ipv4_netmask_length": null,
            "ipv6_association_id": "",
            "ipv6_cidr_block": "",
            "ipv6_cidr_block_network_border_group": "",
            "ipv6_ipam_pool_id": "",
            "ipv6_netmask_length": 0,
            "main_route_table_id": "rtb-04dc958d3e4eb236f",
            "owner_id": "833542146404",
            "tags": {},
            "tags_all": {}
          },
          "sensitive_attributes": [],
          "identity_schema_version": 0,
          "private": "eyJzY2hlbWFfdmVyc2lvbiI6IjEifQ=="
        }
      ]
    },
    {
      "mode": "managed",
      "type": "cloudflare_record",
      "name": "cert_validation",
      "provider": "provider[\"registry.terraform.io/cloudflare/cloudflare\"]",
      "instances": [
        {
          "schema_version": 3,
          "attributes": {
            "allow_overwrite": false,
            "comment": "",
            "content": null,
            "created_on": "2025-10-11T12:36:10.543879Z",
            "data": [],
            "hostname": "_f0c896325834847be66829d1b59a6718.api.chap-app.jp",
            "id": "5977a233d762f8152181a8acb92375cc",
            "metadata": {},
            "modified_on": "2025-10-11T12:36:10.543879Z",
            "name": "_f0c896325834847be66829d1b59a6718.api.chap-app.jp.",
            "priority": null,
            "proxiable": false,
            "proxied": false,
            "tags": [],
            "timeouts": null,
            "ttl": 300,
            "type": "CNAME",
            "value": "_a744bcc8654219e1226a2bbaccd45438.xlfgrmvvlj.acm-validations.aws",
            "zone_id": "9b2ce9edf8a533de1ce9a308f62196e2"
          },
          "sensitive_attributes": [],
          "identity_schema_version": 0,
          "private": "eyJlMmJmYjczMC1lY2FhLTExZTYtOGY4OC0zNDM2M2JjN2M0YzAiOnsiY3JlYXRlIjozMDAwMDAwMDAwMCwidXBkYXRlIjozMDAwMDAwMDAwMH0sInNjaGVtYV92ZXJzaW9uIjoiMyJ9",
          "dependencies": [
            "aws_acm_certificate.api_cert",
            "data.cloudflare_zone.chap"
          ]
        }
      ]
    },
    {
      "mode": "managed",
      "type": "local_file",
      "name": "generated_private_key",
      "provider": "provider[\"registry.terraform.io/hashicorp/local\"]",
      "instances": [
        {
          "index_key": 0,
          "schema_version": 0,
          "attributes": {
            "content": "-----BEGIN RSA PRIVATE KEY-----\nMIIJKAIBAAKCAgEAzpTF+IfuHCjDk3QDbHKMXQeBL/CXLbkFqGTP2y/jF10s8aXP\npQ5daXLBZUVPzscK2B+6lJ8TNVc7MBtV8tr0Wppv+bA4wSiiaOy7W6VB4VanVpBb\n8dg5qH6RCdZQpWVJhMGewgSFm0ox/mc7vC+aOtUzibgOA0GEnUrF0YOQovN1tVZy\no5ALmPJ/LDUL2lUlBUaaN3EEIXVpQdZPq3Y4p+OoQFaLwoQoBIVoLhL6v6u0alJ1\nLj5a2Oai8LOmQyHsnR9gzPJC7xJvWq9eZD4n8gY/c+lliYEzlyQ4lZ7ArtRGjfyB\ni0ScWanEgOk6vzVGghEKbIKDyE9qYOz3Ifqrx9eU8l5G4oJhmYBQEqLA3aDVOPpU\nAayNLfCIpt/QqfqYb1oTlmssTbzc4iZ0h/EmY/lxWmCoXl9KRq1eScuSd0lP9eh2\nXye8m95XYL9Jg0qh4Jz4gdPEXLWxso1bl2BB2V+O8fPmVmb0Y5lfQCrkEWcYf9Lf\nVLjgfPGj1D+KQuM9f0ZUCnDIitqnOjtdowjS+32oCcvvpBLAL+1wbJaNYAKzM92v\nY4TIqLkfcVsijhJ2x0+T1u2gitKCI3K/8k/1NEFKbtBBW/uY62Jc9CGZv19M2ZUk\n68uT81JR0Eww7WHdqrI8hB56xsJSR6UwQ+Zh9w2ZlwQTfyl92OJjuotnadUCAwEA\nAQKCAgADUVY5aXeXpT/0L6CIDIu2JwqRtO7wGQyc4RCJy06O5xoNJmgKyHIk8lXM\niTz4OKd3ZesNu7r2tfHNq7gNY4D3jBPy+IA5YFcGEW/HRybWYPc6PPFsBGD74V+x\nWHxVwQQEc/AkQUmJXTKev+Gwpm27agX0Rd8gioazPu7YhcMRcDtFDgajcMapkrUK\n0x0jwIaVSHD+8mqDoj/ltf1Jkc3TZpPNcpZh5VztCNzLvF6QcK6VWtJ3fphXc/iI\nWecR8b4RN++GUpH99XnV88/eaIq+W8vc0glyXLK2FJE9rWH2BnEjG28PlLvXsZqQ\ntmFmnySvR/H7LcCgmVb7O0H5nkMjccVO6MZVqNsyedeUfJ9r5kDseOK1n0Z1UZcl\nsxLYYBR4Hiqp3fXZZA7sg6POSC6zGk1W84nwwfni4r55T6GDctyZvCjK6JN1FR5V\ny5VC4bLiFDZjOfS44f7ZIWria9OXbkqbfmQEYienpdFelbN5puc9Bl8CpWhPVF37\nMOZaGruCtsEXtn1AK/YqLcksRA6mZ+OLb7Ro/jjx8Uw59nIiOT8Iq7ErZldxt7yk\nsF9TkHBie0ODmXYZvKmOh+oOe4sFF5dNOMLfesGLbaMvuPo6ioT55tEhngdGT+6i\nqGPQkcNO1jHE9E6FNOidx9zJ5gsdS67iSUlL0LlVpPIfLGMLgQKCAQEA2JNRLXvq\nqfwmD5OXLKmJQyO1Hb+fHxajj/57qdy9zTvNvvcGmOHmkmzqo7dxUQy7bOIQ/ium\nGqoAWP3rmRF9fECJF0MvtmlklQ3Xx05eMgSFhuIa/cMU63FrDtsIuViM+hKZVJ3r\ncWms7uLwhkvvpvKSkjhFUmdrefpa0hNrmeQ3RdSfJyrOJINeNcQwFKcGhFzO0S0s\n1qLasku1k+rZYLZrCLJcxZTkj9BUV/MAcjGejI4Q97QA5er5JRUxUQEyfGgQAq7B\nJo6uYNh+Spon0aNLUf2M7wNfa0bKK44u5vmFKz8pL9LVOLGVGdpX3rlkWHCZ88PC\n5LYWez3Zfxx67QKCAQEA9C+1gPsV4J6f8MmZ5VjntVAU905gH8QpmFXOLlyLiefF\newsKpKJALOPtB0xZbvUfMVMd2FB6ejSX1ZHoOZmWNyiCnqS4rTLWPw0n3JSWI7r8\nWiQonfqfd6+H9vFB2QMZN+mncWqjLs2p/AafhC6yt29ddPxMIwN+VNaHg8orBAKq\nnv8LyVlxDM7DIL0TorZqmE8G0hC2BumZkPGXSu39N4G76RnqQ0cUdj3jCmGj3XHq\nUqedUOW6nDT4Q2fzEURoY+N4RwgBsS7fGAlJLT2mWpsN9LbtsRYrisbws5bmoik0\nqc0tWZtyW4X4SAkGQfrpIiUjB6gx833DNdjMEm8FiQKCAQBsVDu9oYb+YbZ0AiIS\n3/Zdk+XLLIceGMfVhbg7fcOefbRrOcqd/BjF0x8GpwJSRSkWzHkteY3LNo+X8+K9\nnMcEuI8aCKw79Lmv6M2uzp9FK4fSsRRJLCQxpHilZKAXfZh+mYEClz8manJqxy8C\nLceA3UK9StI55qsWx0hYXghrYIDZOAInqDyWfPNJt4lJO0aCPJ3ieVM9RRZZKo93\nnnf+7R/aqMTIu7Ib0Vvu5giqFfG1YnZQQERWvNLEXrZdS1kCa1be0KSican9nSyG\nilcygBhzuXyeLTS0RyNm5+bD97lJqX0jg7TNd94ZoWJkcJ0ls6T+DkRU/FOAb65z\n6z39AoIBAQDSAxpapRhKyIKMiAcpHo6h/Q8bJ7g6ee7ASsP6UbPdVo4c5gEwWS9S\nrHEWfs7IRF+gf3jCq2y7H/KaR1Pv/i0YoWm94bPHmlpzffAToWODtXUGXeTlAkEW\nocwRUautZiHRWc6eF/Xi8hVJYbTd7X/djhVV4QvmbUHA24VPjpfyagyulHJhqOA3\nALkHtjZmEfeZqRYXozG6vjxKUc4qLodCrvybXaOCW2a4zz8ulY1mjmvWzLvbcMlP\nQatn5cZCyo/xoRi4FqXF6qcLOClMlKI3ePXGy3GghY3LXJB2FMmlHEVj6MghMjVn\ni9BevAw6wP6zVDdNhZX4cehrrlrNW9jpAoIBAEVjz0VZzsiK5AifaU3r2aueGWR8\n5wjkaKd8m8Yrjxn4Qq1zRRRWJRmcDka/CHsRtU1yQZAw6m+DqYkGAhil+0PKTzWu\ndZHSROstbJ135olfbSsDDAo/8AenIe8C5eCL+ZcusxIUDgiMbMZ7liDtF2D0Um6o\nfoTrzgJ8Ofa/Wy1hE+ISYvTp14QMcUA+J9+C7kSxRoti9RhkrPgciczW+UHWweWx\ng/WSmRJKfwf+cd/BIWZdpzoZT6P0eS8MbW4QIWWS4DwyQS+EoxubkJ8wkxm/dyd5\nrQkYkM3IHPPEbkI1EDEcAW9kVm2Wd80ILr5RLIsiShTLi5w/j2LfnjixKfY=\n-----END RSA PRIVATE KEY-----\n",
            "content_base64": null,
            "content_base64sha256": "WsT8oOSRqpk80cr9KMvL94vruomGo/dVZv/ahe4vxN8=",
            "content_base64sha512": "YzZwvwyhH6XRZIPrYFvOo1vtxWxPh5gMaG4UnlAn6lOEwPB7Zz7LjdoHuWY4ZreDaIpXYW7ueKvj9+rFcL4BkA==",
            "content_md5": "61be6517ac36280319aa253d2b3af94c",
            "content_sha1": "5ec67dda11740a4d19c53f7b829bbeded3729c92",
            "content_sha256": "5ac4fca0e491aa993cd1cafd28cbcbf78bebba8986a3f75566ffda85ee2fc4df",
            "content_sha512": "633670bf0ca11fa5d16483eb605bcea35bedc56c4f87980c686e149e5027ea5384c0f07b673ecb8dda07b9663866b783688a57616eee78abe3f7eac570be0190",
            "directory_permission": "0777",
            "file_permission": "0600",
            "filename": "./generated_chap_key.pem",
            "id": "5ec67dda11740a4d19c53f7b829bbeded3729c92",
            "sensitive_content": null,
            "source": null
          },
          "sensitive_attributes": [
            [
              {
                "type": "get_attr",
                "value": "content"
              }
            ],
            [
              {
                "type": "get_attr",
                "value": "sensitive_content"
              }
            ]
          ],
          "identity_schema_version": 0,
          "dependencies": [
            "tls_private_key.generated"
          ]
        }
      ]
    },
    {
      "mode": "managed",
      "type": "tls_private_key",
      "name": "generated",
      "provider": "provider[\"registry.terraform.io/hashicorp/tls\"]",
      "instances": [
        {
          "index_key": 0,
          "schema_version": 1,
          "attributes": {
            "algorithm": "RSA",
            "ecdsa_curve": "P224",
            "id": "0e955dcae535a19ee12ef553c5df7418afe92510",
            "private_key_openssh": "-----BEGIN OPENSSH PRIVATE KEY-----\nb3BlbnNzaC1rZXktdjEAAAAABG5vbmUAAAAEbm9uZQAAAAAAAAABAAACFwAAAAdz\nc2gtcnNhAAAAAwEAAQAAAgEAzpTF+IfuHCjDk3QDbHKMXQeBL/CXLbkFqGTP2y/j\nF10s8aXPpQ5daXLBZUVPzscK2B+6lJ8TNVc7MBtV8tr0Wppv+bA4wSiiaOy7W6VB\n4VanVpBb8dg5qH6RCdZQpWVJhMGewgSFm0ox/mc7vC+aOtUzibgOA0GEnUrF0YOQ\novN1tVZyo5ALmPJ/LDUL2lUlBUaaN3EEIXVpQdZPq3Y4p+OoQFaLwoQoBIVoLhL6\nv6u0alJ1Lj5a2Oai8LOmQyHsnR9gzPJC7xJvWq9eZD4n8gY/c+lliYEzlyQ4lZ7A\nrtRGjfyBi0ScWanEgOk6vzVGghEKbIKDyE9qYOz3Ifqrx9eU8l5G4oJhmYBQEqLA\n3aDVOPpUAayNLfCIpt/QqfqYb1oTlmssTbzc4iZ0h/EmY/lxWmCoXl9KRq1eScuS\nd0lP9eh2Xye8m95XYL9Jg0qh4Jz4gdPEXLWxso1bl2BB2V+O8fPmVmb0Y5lfQCrk\nEWcYf9LfVLjgfPGj1D+KQuM9f0ZUCnDIitqnOjtdowjS+32oCcvvpBLAL+1wbJaN\nYAKzM92vY4TIqLkfcVsijhJ2x0+T1u2gitKCI3K/8k/1NEFKbtBBW/uY62Jc9CGZ\nv19M2ZUk68uT81JR0Eww7WHdqrI8hB56xsJSR6UwQ+Zh9w2ZlwQTfyl92OJjuotn\nadUAAAc4v5id9b+YnfUAAAAHc3NoLXJzYQAAAgEAzpTF+IfuHCjDk3QDbHKMXQeB\nL/CXLbkFqGTP2y/jF10s8aXPpQ5daXLBZUVPzscK2B+6lJ8TNVc7MBtV8tr0Wppv\n+bA4wSiiaOy7W6VB4VanVpBb8dg5qH6RCdZQpWVJhMGewgSFm0ox/mc7vC+aOtUz\nibgOA0GEnUrF0YOQovN1tVZyo5ALmPJ/LDUL2lUlBUaaN3EEIXVpQdZPq3Y4p+Oo\nQFaLwoQoBIVoLhL6v6u0alJ1Lj5a2Oai8LOmQyHsnR9gzPJC7xJvWq9eZD4n8gY/\nc+lliYEzlyQ4lZ7ArtRGjfyBi0ScWanEgOk6vzVGghEKbIKDyE9qYOz3Ifqrx9eU\n8l5G4oJhmYBQEqLA3aDVOPpUAayNLfCIpt/QqfqYb1oTlmssTbzc4iZ0h/EmY/lx\nWmCoXl9KRq1eScuSd0lP9eh2Xye8m95XYL9Jg0qh4Jz4gdPEXLWxso1bl2BB2V+O\n8fPmVmb0Y5lfQCrkEWcYf9LfVLjgfPGj1D+KQuM9f0ZUCnDIitqnOjtdowjS+32o\nCcvvpBLAL+1wbJaNYAKzM92vY4TIqLkfcVsijhJ2x0+T1u2gitKCI3K/8k/1NEFK\nbtBBW/uY62Jc9CGZv19M2ZUk68uT81JR0Eww7WHdqrI8hB56xsJSR6UwQ+Zh9w2Z\nlwQTfyl92OJjuotnadUAAAADAQABAAACAANRVjlpd5elP/QvoIgMi7YnCpG07vAZ\nDJzhEInLTo7nGg0maArIciTyVcyJPPg4p3dl6w27uva18c2ruA1jgPeME/L4gDlg\nVwYRb8dHJtZg9zo88WwEYPvhX7FYfFXBBARz8CRBSYldMp6/4bCmbbtqBfRF3yCK\nhrM+7tiFwxFwO0UOBqNwxqmStQrTHSPAhpVIcP7yaoOiP+W1/UmRzdNmk81ylmHl\nXO0I3Mu8XpBwrpVa0nd+mFdz+IhZ5xHxvhE374ZSkf31edXzz95oir5by9zSCXJc\nsrYUkT2tYfYGcSMbbw+Uu9exmpC2YWafJK9H8fstwKCZVvs7QfmeQyNxxU7oxlWo\n2zJ515R8n2vmQOx44rWfRnVRlyWzEthgFHgeKqnd9dlkDuyDo85ILrMaTVbzifDB\n+eLivnlPoYNy3Jm8KMrok3UVHlXLlULhsuIUNmM59Ljh/tkhauJr05duSpt+ZARi\nJ6el0V6Vs3mm5z0GXwKlaE9UXfsw5loau4K2wRe2fUAr9iotySxEDqZn44tvtGj+\nOPHxTDn2ciI5PwirsStmV3G3vKSwX1OQcGJ7Q4OZdhm8qY6H6g57iwUXl004wt96\nwYttoy+4+jqKhPnm0SGeB0ZP7qKoY9CRw07WMcT0ToU06J3H3MnmCx1LruJJSUvQ\nuVWk8h8sYwuBAAABAEVjz0VZzsiK5AifaU3r2aueGWR85wjkaKd8m8Yrjxn4Qq1z\nRRRWJRmcDka/CHsRtU1yQZAw6m+DqYkGAhil+0PKTzWudZHSROstbJ135olfbSsD\nDAo/8AenIe8C5eCL+ZcusxIUDgiMbMZ7liDtF2D0Um6ofoTrzgJ8Ofa/Wy1hE+IS\nYvTp14QMcUA+J9+C7kSxRoti9RhkrPgciczW+UHWweWxg/WSmRJKfwf+cd/BIWZd\npzoZT6P0eS8MbW4QIWWS4DwyQS+EoxubkJ8wkxm/dyd5rQkYkM3IHPPEbkI1EDEc\nAW9kVm2Wd80ILr5RLIsiShTLi5w/j2LfnjixKfYAAAEBANiTUS176qn8Jg+Tlyyp\niUMjtR2/nx8Wo4/+e6ncvc07zb73Bpjh5pJs6qO3cVEMu2ziEP4rphqqAFj965kR\nfXxAiRdDL7ZpZJUN18dOXjIEhYbiGv3DFOtxaw7bCLlYjPoSmVSd63FprO7i8IZL\n76bykpI4RVJna3n6WtITa5nkN0XUnycqziSDXjXEMBSnBoRcztEtLNai2rJLtZPq\n2WC2awiyXMWU5I/QVFfzAHIxnoyOEPe0AOXq+SUVMVEBMnxoEAKuwSaOrmDYfkqa\nJ9GjS1H9jO8DX2tGyiuOLub5hSs/KS/S1TixlRnaV965ZFhwmfPDwuS2Fns92X8c\neu0AAAEBAPQvtYD7FeCen/DJmeVY57VQFPdOYB/EKZhVzi5ci4nnxXsLCqSiQCzj\n7QdMWW71HzFTHdhQeno0l9WR6DmZljcogp6kuK0y1j8NJ9yUliO6/FokKJ36n3ev\nh/bxQdkDGTfpp3Fqoy7NqfwGn4QusrdvXXT8TCMDflTWh4PKKwQCqp7/C8lZcQzO\nwyC9E6K2aphPBtIQtgbpmZDxl0rt/TeBu+kZ6kNHFHY94wpho91x6lKnnVDlupw0\n+ENn8xFEaGPjeEcIAbEu3xgJSS09plqbDfS27bEWK4rG8LOW5qIpNKnNLVmbcluF\n+EgJBkH66SIlIweoMfN9wzXYzBJvBYkAAAAAAQID\n-----END OPENSSH PRIVATE KEY-----\n",
            "private_key_pem": "-----BEGIN RSA PRIVATE KEY-----\nMIIJKAIBAAKCAgEAzpTF+IfuHCjDk3QDbHKMXQeBL/CXLbkFqGTP2y/jF10s8aXP\npQ5daXLBZUVPzscK2B+6lJ8TNVc7MBtV8tr0Wppv+bA4wSiiaOy7W6VB4VanVpBb\n8dg5qH6RCdZQpWVJhMGewgSFm0ox/mc7vC+aOtUzibgOA0GEnUrF0YOQovN1tVZy\no5ALmPJ/LDUL2lUlBUaaN3EEIXVpQdZPq3Y4p+OoQFaLwoQoBIVoLhL6v6u0alJ1\nLj5a2Oai8LOmQyHsnR9gzPJC7xJvWq9eZD4n8gY/c+lliYEzlyQ4lZ7ArtRGjfyB\ni0ScWanEgOk6vzVGghEKbIKDyE9qYOz3Ifqrx9eU8l5G4oJhmYBQEqLA3aDVOPpU\nAayNLfCIpt/QqfqYb1oTlmssTbzc4iZ0h/EmY/lxWmCoXl9KRq1eScuSd0lP9eh2\nXye8m95XYL9Jg0qh4Jz4gdPEXLWxso1bl2BB2V+O8fPmVmb0Y5lfQCrkEWcYf9Lf\nVLjgfPGj1D+KQuM9f0ZUCnDIitqnOjtdowjS+32oCcvvpBLAL+1wbJaNYAKzM92v\nY4TIqLkfcVsijhJ2x0+T1u2gitKCI3K/8k/1NEFKbtBBW/uY62Jc9CGZv19M2ZUk\n68uT81JR0Eww7WHdqrI8hB56xsJSR6UwQ+Zh9w2ZlwQTfyl92OJjuotnadUCAwEA\nAQKCAgADUVY5aXeXpT/0L6CIDIu2JwqRtO7wGQyc4RCJy06O5xoNJmgKyHIk8lXM\niTz4OKd3ZesNu7r2tfHNq7gNY4D3jBPy+IA5YFcGEW/HRybWYPc6PPFsBGD74V+x\nWHxVwQQEc/AkQUmJXTKev+Gwpm27agX0Rd8gioazPu7YhcMRcDtFDgajcMapkrUK\n0x0jwIaVSHD+8mqDoj/ltf1Jkc3TZpPNcpZh5VztCNzLvF6QcK6VWtJ3fphXc/iI\nWecR8b4RN++GUpH99XnV88/eaIq+W8vc0glyXLK2FJE9rWH2BnEjG28PlLvXsZqQ\ntmFmnySvR/H7LcCgmVb7O0H5nkMjccVO6MZVqNsyedeUfJ9r5kDseOK1n0Z1UZcl\nsxLYYBR4Hiqp3fXZZA7sg6POSC6zGk1W84nwwfni4r55T6GDctyZvCjK6JN1FR5V\ny5VC4bLiFDZjOfS44f7ZIWria9OXbkqbfmQEYienpdFelbN5puc9Bl8CpWhPVF37\nMOZaGruCtsEXtn1AK/YqLcksRA6mZ+OLb7Ro/jjx8Uw59nIiOT8Iq7ErZldxt7yk\nsF9TkHBie0ODmXYZvKmOh+oOe4sFF5dNOMLfesGLbaMvuPo6ioT55tEhngdGT+6i\nqGPQkcNO1jHE9E6FNOidx9zJ5gsdS67iSUlL0LlVpPIfLGMLgQKCAQEA2JNRLXvq\nqfwmD5OXLKmJQyO1Hb+fHxajj/57qdy9zTvNvvcGmOHmkmzqo7dxUQy7bOIQ/ium\nGqoAWP3rmRF9fECJF0MvtmlklQ3Xx05eMgSFhuIa/cMU63FrDtsIuViM+hKZVJ3r\ncWms7uLwhkvvpvKSkjhFUmdrefpa0hNrmeQ3RdSfJyrOJINeNcQwFKcGhFzO0S0s\n1qLasku1k+rZYLZrCLJcxZTkj9BUV/MAcjGejI4Q97QA5er5JRUxUQEyfGgQAq7B\nJo6uYNh+Spon0aNLUf2M7wNfa0bKK44u5vmFKz8pL9LVOLGVGdpX3rlkWHCZ88PC\n5LYWez3Zfxx67QKCAQEA9C+1gPsV4J6f8MmZ5VjntVAU905gH8QpmFXOLlyLiefF\newsKpKJALOPtB0xZbvUfMVMd2FB6ejSX1ZHoOZmWNyiCnqS4rTLWPw0n3JSWI7r8\nWiQonfqfd6+H9vFB2QMZN+mncWqjLs2p/AafhC6yt29ddPxMIwN+VNaHg8orBAKq\nnv8LyVlxDM7DIL0TorZqmE8G0hC2BumZkPGXSu39N4G76RnqQ0cUdj3jCmGj3XHq\nUqedUOW6nDT4Q2fzEURoY+N4RwgBsS7fGAlJLT2mWpsN9LbtsRYrisbws5bmoik0\nqc0tWZtyW4X4SAkGQfrpIiUjB6gx833DNdjMEm8FiQKCAQBsVDu9oYb+YbZ0AiIS\n3/Zdk+XLLIceGMfVhbg7fcOefbRrOcqd/BjF0x8GpwJSRSkWzHkteY3LNo+X8+K9\nnMcEuI8aCKw79Lmv6M2uzp9FK4fSsRRJLCQxpHilZKAXfZh+mYEClz8manJqxy8C\nLceA3UK9StI55qsWx0hYXghrYIDZOAInqDyWfPNJt4lJO0aCPJ3ieVM9RRZZKo93\nnnf+7R/aqMTIu7Ib0Vvu5giqFfG1YnZQQERWvNLEXrZdS1kCa1be0KSican9nSyG\nilcygBhzuXyeLTS0RyNm5+bD97lJqX0jg7TNd94ZoWJkcJ0ls6T+DkRU/FOAb65z\n6z39AoIBAQDSAxpapRhKyIKMiAcpHo6h/Q8bJ7g6ee7ASsP6UbPdVo4c5gEwWS9S\nrHEWfs7IRF+gf3jCq2y7H/KaR1Pv/i0YoWm94bPHmlpzffAToWODtXUGXeTlAkEW\nocwRUautZiHRWc6eF/Xi8hVJYbTd7X/djhVV4QvmbUHA24VPjpfyagyulHJhqOA3\nALkHtjZmEfeZqRYXozG6vjxKUc4qLodCrvybXaOCW2a4zz8ulY1mjmvWzLvbcMlP\nQatn5cZCyo/xoRi4FqXF6qcLOClMlKI3ePXGy3GghY3LXJB2FMmlHEVj6MghMjVn\ni9BevAw6wP6zVDdNhZX4cehrrlrNW9jpAoIBAEVjz0VZzsiK5AifaU3r2aueGWR8\n5wjkaKd8m8Yrjxn4Qq1zRRRWJRmcDka/CHsRtU1yQZAw6m+DqYkGAhil+0PKTzWu\ndZHSROstbJ135olfbSsDDAo/8AenIe8C5eCL+ZcusxIUDgiMbMZ7liDtF2D0Um6o\nfoTrzgJ8Ofa/Wy1hE+ISYvTp14QMcUA+J9+C7kSxRoti9RhkrPgciczW+UHWweWx\ng/WSmRJKfwf+cd/BIWZdpzoZT6P0eS8MbW4QIWWS4DwyQS+EoxubkJ8wkxm/dyd5\nrQkYkM3IHPPEbkI1EDEcAW9kVm2Wd80ILr5RLIsiShTLi5w/j2LfnjixKfY=\n-----END RSA PRIVATE KEY-----\n",
            "private_key_pem_pkcs8": "-----BEGIN PRIVATE KEY-----\nMIIJQgIBADANBgkqhkiG9w0BAQEFAASCCSwwggkoAgEAAoICAQDOlMX4h+4cKMOT\ndANscoxdB4Ev8JctuQWoZM/bL+MXXSzxpc+lDl1pcsFlRU/OxwrYH7qUnxM1Vzsw\nG1Xy2vRamm/5sDjBKKJo7LtbpUHhVqdWkFvx2DmofpEJ1lClZUmEwZ7CBIWbSjH+\nZzu8L5o61TOJuA4DQYSdSsXRg5Ci83W1VnKjkAuY8n8sNQvaVSUFRpo3cQQhdWlB\n1k+rdjin46hAVovChCgEhWguEvq/q7RqUnUuPlrY5qLws6ZDIeydH2DM8kLvEm9a\nr15kPifyBj9z6WWJgTOXJDiVnsCu1EaN/IGLRJxZqcSA6Tq/NUaCEQpsgoPIT2pg\n7Pch+qvH15TyXkbigmGZgFASosDdoNU4+lQBrI0t8Iim39Cp+phvWhOWayxNvNzi\nJnSH8SZj+XFaYKheX0pGrV5Jy5J3SU/16HZfJ7yb3ldgv0mDSqHgnPiB08RctbGy\njVuXYEHZX47x8+ZWZvRjmV9AKuQRZxh/0t9UuOB88aPUP4pC4z1/RlQKcMiK2qc6\nO12jCNL7fagJy++kEsAv7XBslo1gArMz3a9jhMiouR9xWyKOEnbHT5PW7aCK0oIj\ncr/yT/U0QUpu0EFb+5jrYlz0IZm/X0zZlSTry5PzUlHQTDDtYd2qsjyEHnrGwlJH\npTBD5mH3DZmXBBN/KX3Y4mO6i2dp1QIDAQABAoICAANRVjlpd5elP/QvoIgMi7Yn\nCpG07vAZDJzhEInLTo7nGg0maArIciTyVcyJPPg4p3dl6w27uva18c2ruA1jgPeM\nE/L4gDlgVwYRb8dHJtZg9zo88WwEYPvhX7FYfFXBBARz8CRBSYldMp6/4bCmbbtq\nBfRF3yCKhrM+7tiFwxFwO0UOBqNwxqmStQrTHSPAhpVIcP7yaoOiP+W1/UmRzdNm\nk81ylmHlXO0I3Mu8XpBwrpVa0nd+mFdz+IhZ5xHxvhE374ZSkf31edXzz95oir5b\ny9zSCXJcsrYUkT2tYfYGcSMbbw+Uu9exmpC2YWafJK9H8fstwKCZVvs7QfmeQyNx\nxU7oxlWo2zJ515R8n2vmQOx44rWfRnVRlyWzEthgFHgeKqnd9dlkDuyDo85ILrMa\nTVbzifDB+eLivnlPoYNy3Jm8KMrok3UVHlXLlULhsuIUNmM59Ljh/tkhauJr05du\nSpt+ZARiJ6el0V6Vs3mm5z0GXwKlaE9UXfsw5loau4K2wRe2fUAr9iotySxEDqZn\n44tvtGj+OPHxTDn2ciI5PwirsStmV3G3vKSwX1OQcGJ7Q4OZdhm8qY6H6g57iwUX\nl004wt96wYttoy+4+jqKhPnm0SGeB0ZP7qKoY9CRw07WMcT0ToU06J3H3MnmCx1L\nruJJSUvQuVWk8h8sYwuBAoIBAQDYk1Ete+qp/CYPk5csqYlDI7Udv58fFqOP/nup\n3L3NO82+9waY4eaSbOqjt3FRDLts4hD+K6YaqgBY/euZEX18QIkXQy+2aWSVDdfH\nTl4yBIWG4hr9wxTrcWsO2wi5WIz6EplUnetxaazu4vCGS++m8pKSOEVSZ2t5+lrS\nE2uZ5DdF1J8nKs4kg141xDAUpwaEXM7RLSzWotqyS7WT6tlgtmsIslzFlOSP0FRX\n8wByMZ6MjhD3tADl6vklFTFRATJ8aBACrsEmjq5g2H5KmifRo0tR/YzvA19rRsor\nji7m+YUrPykv0tU4sZUZ2lfeuWRYcJnzw8LkthZ7Pdl/HHrtAoIBAQD0L7WA+xXg\nnp/wyZnlWOe1UBT3TmAfxCmYVc4uXIuJ58V7CwqkokAs4+0HTFlu9R8xUx3YUHp6\nNJfVkeg5mZY3KIKepLitMtY/DSfclJYjuvxaJCid+p93r4f28UHZAxk36adxaqMu\nzan8Bp+ELrK3b110/EwjA35U1oeDyisEAqqe/wvJWXEMzsMgvROitmqYTwbSELYG\n6ZmQ8ZdK7f03gbvpGepDRxR2PeMKYaPdcepSp51Q5bqcNPhDZ/MRRGhj43hHCAGx\nLt8YCUktPaZamw30tu2xFiuKxvCzluaiKTSpzS1Zm3JbhfhICQZB+ukiJSMHqDHz\nfcM12MwSbwWJAoIBAGxUO72hhv5htnQCIhLf9l2T5csshx4Yx9WFuDt9w559tGs5\nyp38GMXTHwanAlJFKRbMeS15jcs2j5fz4r2cxwS4jxoIrDv0ua/oza7On0Urh9Kx\nFEksJDGkeKVkoBd9mH6ZgQKXPyZqcmrHLwItx4DdQr1K0jnmqxbHSFheCGtggNk4\nAieoPJZ880m3iUk7RoI8neJ5Uz1FFlkqj3eed/7tH9qoxMi7shvRW+7mCKoV8bVi\ndlBARFa80sRetl1LWQJrVt7QpKJxqf2dLIaKVzKAGHO5fJ4tNLRHI2bn5sP3uUmp\nfSODtM133hmhYmRwnSWzpP4ORFT8U4BvrnPrPf0CggEBANIDGlqlGErIgoyIByke\njqH9DxsnuDp57sBKw/pRs91WjhzmATBZL1KscRZ+zshEX6B/eMKrbLsf8ppHU+/+\nLRihab3hs8eaWnN98BOhY4O1dQZd5OUCQRahzBFRq61mIdFZzp4X9eLyFUlhtN3t\nf92OFVXhC+ZtQcDbhU+Ol/JqDK6UcmGo4DcAuQe2NmYR95mpFhejMbq+PEpRziou\nh0Ku/Jtdo4JbZrjPPy6VjWaOa9bMu9twyU9Bq2flxkLKj/GhGLgWpcXqpws4KUyU\nojd49cbLcaCFjctckHYUyaUcRWPoyCEyNWeL0F68DDrA/rNUN02Flfhx6GuuWs1b\n2OkCggEARWPPRVnOyIrkCJ9pTevZq54ZZHznCORop3ybxiuPGfhCrXNFFFYlGZwO\nRr8IexG1TXJBkDDqb4OpiQYCGKX7Q8pPNa51kdJE6y1snXfmiV9tKwMMCj/wB6ch\n7wLl4Iv5ly6zEhQOCIxsxnuWIO0XYPRSbqh+hOvOAnw59r9bLWET4hJi9OnXhAxx\nQD4n34LuRLFGi2L1GGSs+ByJzNb5QdbB5bGD9ZKZEkp/B/5x38EhZl2nOhlPo/R5\nLwxtbhAhZZLgPDJBL4SjG5uQnzCTGb93J3mtCRiQzcgc88RuQjUQMRwBb2RWbZZ3\nzQguvlEsiyJKFMuLnD+PYt+eOLEp9g==\n-----END PRIVATE KEY-----\n",
            "public_key_fingerprint_md5": "1c:24:a3:ec:ab:c3:75:2f:6b:08:ac:9d:4d:18:de:27",
            "public_key_fingerprint_sha256": "SHA256:Ft5KZqWnC5Tq6oVmaXYNJdVZylZ8Nmoxa+x6x+1T+WY",
            "public_key_openssh": "ssh-rsa AAAAB3NzaC1yc2EAAAADAQABAAACAQDOlMX4h+4cKMOTdANscoxdB4Ev8JctuQWoZM/bL+MXXSzxpc+lDl1pcsFlRU/OxwrYH7qUnxM1VzswG1Xy2vRamm/5sDjBKKJo7LtbpUHhVqdWkFvx2DmofpEJ1lClZUmEwZ7CBIWbSjH+Zzu8L5o61TOJuA4DQYSdSsXRg5Ci83W1VnKjkAuY8n8sNQvaVSUFRpo3cQQhdWlB1k+rdjin46hAVovChCgEhWguEvq/q7RqUnUuPlrY5qLws6ZDIeydH2DM8kLvEm9ar15kPifyBj9z6WWJgTOXJDiVnsCu1EaN/IGLRJxZqcSA6Tq/NUaCEQpsgoPIT2pg7Pch+qvH15TyXkbigmGZgFASosDdoNU4+lQBrI0t8Iim39Cp+phvWhOWayxNvNziJnSH8SZj+XFaYKheX0pGrV5Jy5J3SU/16HZfJ7yb3ldgv0mDSqHgnPiB08RctbGyjVuXYEHZX47x8+ZWZvRjmV9AKuQRZxh/0t9UuOB88aPUP4pC4z1/RlQKcMiK2qc6O12jCNL7fagJy++kEsAv7XBslo1gArMz3a9jhMiouR9xWyKOEnbHT5PW7aCK0oIjcr/yT/U0QUpu0EFb+5jrYlz0IZm/X0zZlSTry5PzUlHQTDDtYd2qsjyEHnrGwlJHpTBD5mH3DZmXBBN/KX3Y4mO6i2dp1Q==\n",
            "public_key_pem": "-----BEGIN PUBLIC KEY-----\nMIICIjANBgkqhkiG9w0BAQEFAAOCAg8AMIICCgKCAgEAzpTF+IfuHCjDk3QDbHKM\nXQeBL/CXLbkFqGTP2y/jF10s8aXPpQ5daXLBZUVPzscK2B+6lJ8TNVc7MBtV8tr0\nWppv+bA4wSiiaOy7W6VB4VanVpBb8dg5qH6RCdZQpWVJhMGewgSFm0ox/mc7vC+a\nOtUzibgOA0GEnUrF0YOQovN1tVZyo5ALmPJ/LDUL2lUlBUaaN3EEIXVpQdZPq3Y4\np+OoQFaLwoQoBIVoLhL6v6u0alJ1Lj5a2Oai8LOmQyHsnR9gzPJC7xJvWq9eZD4n\n8gY/c+lliYEzlyQ4lZ7ArtRGjfyBi0ScWanEgOk6vzVGghEKbIKDyE9qYOz3Ifqr\nx9eU8l5G4oJhmYBQEqLA3aDVOPpUAayNLfCIpt/QqfqYb1oTlmssTbzc4iZ0h/Em\nY/lxWmCoXl9KRq1eScuSd0lP9eh2Xye8m95XYL9Jg0qh4Jz4gdPEXLWxso1bl2BB\n2V+O8fPmVmb0Y5lfQCrkEWcYf9LfVLjgfPGj1D+KQuM9f0ZUCnDIitqnOjtdowjS\n+32oCcvvpBLAL+1wbJaNYAKzM92vY4TIqLkfcVsijhJ2x0+T1u2gitKCI3K/8k/1\nNEFKbtBBW/uY62Jc9CGZv19M2ZUk68uT81JR0Eww7WHdqrI8hB56xsJSR6UwQ+Zh\n9w2ZlwQTfyl92OJjuotnadUCAwEAAQ==\n-----END PUBLIC KEY-----\n",
            "rsa_bits": 4096
          },
          "sensitive_attributes": [
            [
              {
                "type": "get_attr",
                "value": "private_key_openssh"
              }
            ],
            [
              {
                "type": "get_attr",
                "value": "private_key_pem"
              }
            ],
            [
              {
                "type": "get_attr",
                "value": "private_key_pem_pkcs8"
              }
            ]
          ],
          "identity_schema_version": 0
        }
      ]
    }
  ],
  "check_results": null
}
